// !$*UTF8*$!
{
	archiveVersion = 1;
	classes = {
	};
	objectVersion = 46;
	objects = {

/* Begin PBXBuildFile section */
		EA2A8F8F201B9FD8003721F0 /* FailableDecodable.swift in Sources */ = {isa = PBXBuildFile; fileRef = EA2A8F8E201B9FD8003721F0 /* FailableDecodable.swift */; };
		EA695B8820209D1D004662B1 /* ResourcePath.swift in Sources */ = {isa = PBXBuildFile; fileRef = EA695B8720209D1D004662B1 /* ResourcePath.swift */; };
		EA695B8B2020B48A004662B1 /* DefaultCoderProvider.swift in Sources */ = {isa = PBXBuildFile; fileRef = EA695B8A2020B48A004662B1 /* DefaultCoderProvider.swift */; };
		EA695B8C2020B48A004662B1 /* DefaultCoderProvider.swift in Sources */ = {isa = PBXBuildFile; fileRef = EA695B8A2020B48A004662B1 /* DefaultCoderProvider.swift */; };
		EA695B8D2020B48A004662B1 /* DefaultCoderProvider.swift in Sources */ = {isa = PBXBuildFile; fileRef = EA695B8A2020B48A004662B1 /* DefaultCoderProvider.swift */; };
		EA695B8E2020B48A004662B1 /* DefaultCoderProvider.swift in Sources */ = {isa = PBXBuildFile; fileRef = EA695B8A2020B48A004662B1 /* DefaultCoderProvider.swift */; };
		EA8A7F351FB18ACB00088163 /* ApiHeader.swift in Sources */ = {isa = PBXBuildFile; fileRef = EA8A7EFC1FB18ACB00088163 /* ApiHeader.swift */; };
		EA8A7F361FB18ACB00088163 /* ApiHeader.swift in Sources */ = {isa = PBXBuildFile; fileRef = EA8A7EFC1FB18ACB00088163 /* ApiHeader.swift */; };
		EA8A7F371FB18ACB00088163 /* ApiHeader.swift in Sources */ = {isa = PBXBuildFile; fileRef = EA8A7EFC1FB18ACB00088163 /* ApiHeader.swift */; };
		EA8A7F381FB18ACB00088163 /* ApiHeader.swift in Sources */ = {isa = PBXBuildFile; fileRef = EA8A7EFC1FB18ACB00088163 /* ApiHeader.swift */; };
		EA8A7F391FB18ACB00088163 /* ApiRequest.swift in Sources */ = {isa = PBXBuildFile; fileRef = EA8A7EFD1FB18ACB00088163 /* ApiRequest.swift */; };
		EA8A7F3A1FB18ACB00088163 /* ApiRequest.swift in Sources */ = {isa = PBXBuildFile; fileRef = EA8A7EFD1FB18ACB00088163 /* ApiRequest.swift */; };
		EA8A7F3B1FB18ACB00088163 /* ApiRequest.swift in Sources */ = {isa = PBXBuildFile; fileRef = EA8A7EFD1FB18ACB00088163 /* ApiRequest.swift */; };
		EA8A7F3C1FB18ACB00088163 /* ApiRequest.swift in Sources */ = {isa = PBXBuildFile; fileRef = EA8A7EFD1FB18ACB00088163 /* ApiRequest.swift */; };
		EA8A7F3D1FB18ACB00088163 /* ApiError.swift in Sources */ = {isa = PBXBuildFile; fileRef = EA8A7EFF1FB18ACB00088163 /* ApiError.swift */; };
		EA8A7F3E1FB18ACB00088163 /* ApiError.swift in Sources */ = {isa = PBXBuildFile; fileRef = EA8A7EFF1FB18ACB00088163 /* ApiError.swift */; };
		EA8A7F3F1FB18ACB00088163 /* ApiError.swift in Sources */ = {isa = PBXBuildFile; fileRef = EA8A7EFF1FB18ACB00088163 /* ApiError.swift */; };
		EA8A7F401FB18ACB00088163 /* ApiError.swift in Sources */ = {isa = PBXBuildFile; fileRef = EA8A7EFF1FB18ACB00088163 /* ApiError.swift */; };
		EA8A7F411FB18ACB00088163 /* ApiResponse.swift in Sources */ = {isa = PBXBuildFile; fileRef = EA8A7F001FB18ACB00088163 /* ApiResponse.swift */; };
		EA8A7F421FB18ACB00088163 /* ApiResponse.swift in Sources */ = {isa = PBXBuildFile; fileRef = EA8A7F001FB18ACB00088163 /* ApiResponse.swift */; };
		EA8A7F431FB18ACB00088163 /* ApiResponse.swift in Sources */ = {isa = PBXBuildFile; fileRef = EA8A7F001FB18ACB00088163 /* ApiResponse.swift */; };
		EA8A7F441FB18ACB00088163 /* ApiResponse.swift in Sources */ = {isa = PBXBuildFile; fileRef = EA8A7F001FB18ACB00088163 /* ApiResponse.swift */; };
		EA8A7F451FB18ACB00088163 /* ApiResponseCompletionHandler.swift in Sources */ = {isa = PBXBuildFile; fileRef = EA8A7F011FB18ACB00088163 /* ApiResponseCompletionHandler.swift */; };
		EA8A7F461FB18ACB00088163 /* ApiResponseCompletionHandler.swift in Sources */ = {isa = PBXBuildFile; fileRef = EA8A7F011FB18ACB00088163 /* ApiResponseCompletionHandler.swift */; };
		EA8A7F471FB18ACB00088163 /* ApiResponseCompletionHandler.swift in Sources */ = {isa = PBXBuildFile; fileRef = EA8A7F011FB18ACB00088163 /* ApiResponseCompletionHandler.swift */; };
		EA8A7F481FB18ACB00088163 /* ApiResponseCompletionHandler.swift in Sources */ = {isa = PBXBuildFile; fileRef = EA8A7F011FB18ACB00088163 /* ApiResponseCompletionHandler.swift */; };
		EA8A7F491FB18ACB00088163 /* ApiMethod.swift in Sources */ = {isa = PBXBuildFile; fileRef = EA8A7F031FB18ACB00088163 /* ApiMethod.swift */; };
		EA8A7F4A1FB18ACB00088163 /* ApiMethod.swift in Sources */ = {isa = PBXBuildFile; fileRef = EA8A7F031FB18ACB00088163 /* ApiMethod.swift */; };
		EA8A7F4B1FB18ACB00088163 /* ApiMethod.swift in Sources */ = {isa = PBXBuildFile; fileRef = EA8A7F031FB18ACB00088163 /* ApiMethod.swift */; };
		EA8A7F4C1FB18ACB00088163 /* ApiMethod.swift in Sources */ = {isa = PBXBuildFile; fileRef = EA8A7F031FB18ACB00088163 /* ApiMethod.swift */; };
		EA8A7F4D1FB18ACB00088163 /* ApiService+BackgroundEvents.swift in Sources */ = {isa = PBXBuildFile; fileRef = EA8A7F041FB18ACB00088163 /* ApiService+BackgroundEvents.swift */; };
		EA8A7F4E1FB18ACB00088163 /* ApiService+BackgroundEvents.swift in Sources */ = {isa = PBXBuildFile; fileRef = EA8A7F041FB18ACB00088163 /* ApiService+BackgroundEvents.swift */; };
		EA8A7F501FB18ACB00088163 /* ApiService+BackgroundEvents.swift in Sources */ = {isa = PBXBuildFile; fileRef = EA8A7F041FB18ACB00088163 /* ApiService+BackgroundEvents.swift */; };
		EA8A7F511FB18ACB00088163 /* ApiService.swift in Sources */ = {isa = PBXBuildFile; fileRef = EA8A7F051FB18ACB00088163 /* ApiService.swift */; };
		EA8A7F521FB18ACB00088163 /* ApiService.swift in Sources */ = {isa = PBXBuildFile; fileRef = EA8A7F051FB18ACB00088163 /* ApiService.swift */; };
		EA8A7F531FB18ACB00088163 /* ApiService.swift in Sources */ = {isa = PBXBuildFile; fileRef = EA8A7F051FB18ACB00088163 /* ApiService.swift */; };
		EA8A7F541FB18ACB00088163 /* ApiService.swift in Sources */ = {isa = PBXBuildFile; fileRef = EA8A7F051FB18ACB00088163 /* ApiService.swift */; };
		EA8A7F551FB18ACB00088163 /* ClientErrorStatusCodeType.swift in Sources */ = {isa = PBXBuildFile; fileRef = EA8A7F071FB18ACB00088163 /* ClientErrorStatusCodeType.swift */; };
		EA8A7F561FB18ACB00088163 /* ClientErrorStatusCodeType.swift in Sources */ = {isa = PBXBuildFile; fileRef = EA8A7F071FB18ACB00088163 /* ClientErrorStatusCodeType.swift */; };
		EA8A7F571FB18ACB00088163 /* ClientErrorStatusCodeType.swift in Sources */ = {isa = PBXBuildFile; fileRef = EA8A7F071FB18ACB00088163 /* ClientErrorStatusCodeType.swift */; };
		EA8A7F581FB18ACB00088163 /* ClientErrorStatusCodeType.swift in Sources */ = {isa = PBXBuildFile; fileRef = EA8A7F071FB18ACB00088163 /* ClientErrorStatusCodeType.swift */; };
		EA8A7F591FB18ACB00088163 /* InfoStatusCodeType.swift in Sources */ = {isa = PBXBuildFile; fileRef = EA8A7F081FB18ACB00088163 /* InfoStatusCodeType.swift */; };
		EA8A7F5A1FB18ACB00088163 /* InfoStatusCodeType.swift in Sources */ = {isa = PBXBuildFile; fileRef = EA8A7F081FB18ACB00088163 /* InfoStatusCodeType.swift */; };
		EA8A7F5B1FB18ACB00088163 /* InfoStatusCodeType.swift in Sources */ = {isa = PBXBuildFile; fileRef = EA8A7F081FB18ACB00088163 /* InfoStatusCodeType.swift */; };
		EA8A7F5C1FB18ACB00088163 /* InfoStatusCodeType.swift in Sources */ = {isa = PBXBuildFile; fileRef = EA8A7F081FB18ACB00088163 /* InfoStatusCodeType.swift */; };
		EA8A7F5D1FB18ACB00088163 /* RedirectionStatusCodeType.swift in Sources */ = {isa = PBXBuildFile; fileRef = EA8A7F091FB18ACB00088163 /* RedirectionStatusCodeType.swift */; };
		EA8A7F5E1FB18ACB00088163 /* RedirectionStatusCodeType.swift in Sources */ = {isa = PBXBuildFile; fileRef = EA8A7F091FB18ACB00088163 /* RedirectionStatusCodeType.swift */; };
		EA8A7F5F1FB18ACB00088163 /* RedirectionStatusCodeType.swift in Sources */ = {isa = PBXBuildFile; fileRef = EA8A7F091FB18ACB00088163 /* RedirectionStatusCodeType.swift */; };
		EA8A7F601FB18ACB00088163 /* RedirectionStatusCodeType.swift in Sources */ = {isa = PBXBuildFile; fileRef = EA8A7F091FB18ACB00088163 /* RedirectionStatusCodeType.swift */; };
		EA8A7F611FB18ACB00088163 /* ServerErrorStatusCodeType.swift in Sources */ = {isa = PBXBuildFile; fileRef = EA8A7F0A1FB18ACB00088163 /* ServerErrorStatusCodeType.swift */; };
		EA8A7F621FB18ACB00088163 /* ServerErrorStatusCodeType.swift in Sources */ = {isa = PBXBuildFile; fileRef = EA8A7F0A1FB18ACB00088163 /* ServerErrorStatusCodeType.swift */; };
		EA8A7F631FB18ACB00088163 /* ServerErrorStatusCodeType.swift in Sources */ = {isa = PBXBuildFile; fileRef = EA8A7F0A1FB18ACB00088163 /* ServerErrorStatusCodeType.swift */; };
		EA8A7F641FB18ACB00088163 /* ServerErrorStatusCodeType.swift in Sources */ = {isa = PBXBuildFile; fileRef = EA8A7F0A1FB18ACB00088163 /* ServerErrorStatusCodeType.swift */; };
		EA8A7F651FB18ACB00088163 /* StatusCode.swift in Sources */ = {isa = PBXBuildFile; fileRef = EA8A7F0B1FB18ACB00088163 /* StatusCode.swift */; };
		EA8A7F661FB18ACB00088163 /* StatusCode.swift in Sources */ = {isa = PBXBuildFile; fileRef = EA8A7F0B1FB18ACB00088163 /* StatusCode.swift */; };
		EA8A7F671FB18ACB00088163 /* StatusCode.swift in Sources */ = {isa = PBXBuildFile; fileRef = EA8A7F0B1FB18ACB00088163 /* StatusCode.swift */; };
		EA8A7F681FB18ACB00088163 /* StatusCode.swift in Sources */ = {isa = PBXBuildFile; fileRef = EA8A7F0B1FB18ACB00088163 /* StatusCode.swift */; };
		EA8A7F691FB18ACB00088163 /* StatusCodeType.swift in Sources */ = {isa = PBXBuildFile; fileRef = EA8A7F0C1FB18ACB00088163 /* StatusCodeType.swift */; };
		EA8A7F6A1FB18ACB00088163 /* StatusCodeType.swift in Sources */ = {isa = PBXBuildFile; fileRef = EA8A7F0C1FB18ACB00088163 /* StatusCodeType.swift */; };
		EA8A7F6B1FB18ACB00088163 /* StatusCodeType.swift in Sources */ = {isa = PBXBuildFile; fileRef = EA8A7F0C1FB18ACB00088163 /* StatusCodeType.swift */; };
		EA8A7F6C1FB18ACB00088163 /* StatusCodeType.swift in Sources */ = {isa = PBXBuildFile; fileRef = EA8A7F0C1FB18ACB00088163 /* StatusCodeType.swift */; };
		EA8A7F6D1FB18ACB00088163 /* SuccessStatusCodeType.swift in Sources */ = {isa = PBXBuildFile; fileRef = EA8A7F0D1FB18ACB00088163 /* SuccessStatusCodeType.swift */; };
		EA8A7F6E1FB18ACB00088163 /* SuccessStatusCodeType.swift in Sources */ = {isa = PBXBuildFile; fileRef = EA8A7F0D1FB18ACB00088163 /* SuccessStatusCodeType.swift */; };
		EA8A7F6F1FB18ACB00088163 /* SuccessStatusCodeType.swift in Sources */ = {isa = PBXBuildFile; fileRef = EA8A7F0D1FB18ACB00088163 /* SuccessStatusCodeType.swift */; };
		EA8A7F701FB18ACB00088163 /* SuccessStatusCodeType.swift in Sources */ = {isa = PBXBuildFile; fileRef = EA8A7F0D1FB18ACB00088163 /* SuccessStatusCodeType.swift */; };
		EA8A7F711FB18ACB00088163 /* UnknownStatusCodeType.swift in Sources */ = {isa = PBXBuildFile; fileRef = EA8A7F0E1FB18ACB00088163 /* UnknownStatusCodeType.swift */; };
		EA8A7F721FB18ACB00088163 /* UnknownStatusCodeType.swift in Sources */ = {isa = PBXBuildFile; fileRef = EA8A7F0E1FB18ACB00088163 /* UnknownStatusCodeType.swift */; };
		EA8A7F731FB18ACB00088163 /* UnknownStatusCodeType.swift in Sources */ = {isa = PBXBuildFile; fileRef = EA8A7F0E1FB18ACB00088163 /* UnknownStatusCodeType.swift */; };
		EA8A7F741FB18ACB00088163 /* UnknownStatusCodeType.swift in Sources */ = {isa = PBXBuildFile; fileRef = EA8A7F0E1FB18ACB00088163 /* UnknownStatusCodeType.swift */; };
		EA8A7F751FB18ACB00088163 /* DefaultFileManager.swift in Sources */ = {isa = PBXBuildFile; fileRef = EA8A7F111FB18ACB00088163 /* DefaultFileManager.swift */; };
		EA8A7F761FB18ACB00088163 /* DefaultFileManager.swift in Sources */ = {isa = PBXBuildFile; fileRef = EA8A7F111FB18ACB00088163 /* DefaultFileManager.swift */; };
		EA8A7F771FB18ACB00088163 /* DefaultFileManager.swift in Sources */ = {isa = PBXBuildFile; fileRef = EA8A7F111FB18ACB00088163 /* DefaultFileManager.swift */; };
		EA8A7F781FB18ACB00088163 /* DefaultFileManager.swift in Sources */ = {isa = PBXBuildFile; fileRef = EA8A7F111FB18ACB00088163 /* DefaultFileManager.swift */; };
		EA8A7F791FB18ACB00088163 /* FileManager.swift in Sources */ = {isa = PBXBuildFile; fileRef = EA8A7F121FB18ACB00088163 /* FileManager.swift */; };
		EA8A7F7A1FB18ACB00088163 /* FileManager.swift in Sources */ = {isa = PBXBuildFile; fileRef = EA8A7F121FB18ACB00088163 /* FileManager.swift */; };
		EA8A7F7B1FB18ACB00088163 /* FileManager.swift in Sources */ = {isa = PBXBuildFile; fileRef = EA8A7F121FB18ACB00088163 /* FileManager.swift */; };
		EA8A7F7C1FB18ACB00088163 /* FileManager.swift in Sources */ = {isa = PBXBuildFile; fileRef = EA8A7F121FB18ACB00088163 /* FileManager.swift */; };
		EA8A7F7D1FB18ACB00088163 /* HttpDataRequest.swift in Sources */ = {isa = PBXBuildFile; fileRef = EA8A7F151FB18ACB00088163 /* HttpDataRequest.swift */; };
		EA8A7F7E1FB18ACB00088163 /* HttpDataRequest.swift in Sources */ = {isa = PBXBuildFile; fileRef = EA8A7F151FB18ACB00088163 /* HttpDataRequest.swift */; };
		EA8A7F7F1FB18ACB00088163 /* HttpDataRequest.swift in Sources */ = {isa = PBXBuildFile; fileRef = EA8A7F151FB18ACB00088163 /* HttpDataRequest.swift */; };
		EA8A7F801FB18ACB00088163 /* HttpDataRequest.swift in Sources */ = {isa = PBXBuildFile; fileRef = EA8A7F151FB18ACB00088163 /* HttpDataRequest.swift */; };
		EA8A7F811FB18ACB00088163 /* HttpDownloadRequest.swift in Sources */ = {isa = PBXBuildFile; fileRef = EA8A7F161FB18ACB00088163 /* HttpDownloadRequest.swift */; };
		EA8A7F821FB18ACB00088163 /* HttpDownloadRequest.swift in Sources */ = {isa = PBXBuildFile; fileRef = EA8A7F161FB18ACB00088163 /* HttpDownloadRequest.swift */; };
		EA8A7F831FB18ACB00088163 /* HttpDownloadRequest.swift in Sources */ = {isa = PBXBuildFile; fileRef = EA8A7F161FB18ACB00088163 /* HttpDownloadRequest.swift */; };
		EA8A7F841FB18ACB00088163 /* HttpDownloadRequest.swift in Sources */ = {isa = PBXBuildFile; fileRef = EA8A7F161FB18ACB00088163 /* HttpDownloadRequest.swift */; };
		EA8A7F851FB18ACB00088163 /* HttpHeader.swift in Sources */ = {isa = PBXBuildFile; fileRef = EA8A7F171FB18ACB00088163 /* HttpHeader.swift */; };
		EA8A7F861FB18ACB00088163 /* HttpHeader.swift in Sources */ = {isa = PBXBuildFile; fileRef = EA8A7F171FB18ACB00088163 /* HttpHeader.swift */; };
		EA8A7F871FB18ACB00088163 /* HttpHeader.swift in Sources */ = {isa = PBXBuildFile; fileRef = EA8A7F171FB18ACB00088163 /* HttpHeader.swift */; };
		EA8A7F881FB18ACB00088163 /* HttpHeader.swift in Sources */ = {isa = PBXBuildFile; fileRef = EA8A7F171FB18ACB00088163 /* HttpHeader.swift */; };
		EA8A7F891FB18ACB00088163 /* HttpRequest.swift in Sources */ = {isa = PBXBuildFile; fileRef = EA8A7F181FB18ACB00088163 /* HttpRequest.swift */; };
		EA8A7F8A1FB18ACB00088163 /* HttpRequest.swift in Sources */ = {isa = PBXBuildFile; fileRef = EA8A7F181FB18ACB00088163 /* HttpRequest.swift */; };
		EA8A7F8B1FB18ACB00088163 /* HttpRequest.swift in Sources */ = {isa = PBXBuildFile; fileRef = EA8A7F181FB18ACB00088163 /* HttpRequest.swift */; };
		EA8A7F8C1FB18ACB00088163 /* HttpRequest.swift in Sources */ = {isa = PBXBuildFile; fileRef = EA8A7F181FB18ACB00088163 /* HttpRequest.swift */; };
		EA8A7F8D1FB18ACB00088163 /* HttpUploadRequest.swift in Sources */ = {isa = PBXBuildFile; fileRef = EA8A7F191FB18ACB00088163 /* HttpUploadRequest.swift */; };
		EA8A7F8E1FB18ACB00088163 /* HttpUploadRequest.swift in Sources */ = {isa = PBXBuildFile; fileRef = EA8A7F191FB18ACB00088163 /* HttpUploadRequest.swift */; };
		EA8A7F8F1FB18ACB00088163 /* HttpUploadRequest.swift in Sources */ = {isa = PBXBuildFile; fileRef = EA8A7F191FB18ACB00088163 /* HttpUploadRequest.swift */; };
		EA8A7F901FB18ACB00088163 /* HttpUploadRequest.swift in Sources */ = {isa = PBXBuildFile; fileRef = EA8A7F191FB18ACB00088163 /* HttpUploadRequest.swift */; };
		EA8A7F911FB18ACB00088163 /* HttpFailureResponse.swift in Sources */ = {isa = PBXBuildFile; fileRef = EA8A7F1B1FB18ACB00088163 /* HttpFailureResponse.swift */; };
		EA8A7F921FB18ACB00088163 /* HttpFailureResponse.swift in Sources */ = {isa = PBXBuildFile; fileRef = EA8A7F1B1FB18ACB00088163 /* HttpFailureResponse.swift */; };
		EA8A7F931FB18ACB00088163 /* HttpFailureResponse.swift in Sources */ = {isa = PBXBuildFile; fileRef = EA8A7F1B1FB18ACB00088163 /* HttpFailureResponse.swift */; };
		EA8A7F941FB18ACB00088163 /* HttpFailureResponse.swift in Sources */ = {isa = PBXBuildFile; fileRef = EA8A7F1B1FB18ACB00088163 /* HttpFailureResponse.swift */; };
		EA8A7F951FB18ACB00088163 /* HttpResponse.swift in Sources */ = {isa = PBXBuildFile; fileRef = EA8A7F1C1FB18ACB00088163 /* HttpResponse.swift */; };
		EA8A7F961FB18ACB00088163 /* HttpResponse.swift in Sources */ = {isa = PBXBuildFile; fileRef = EA8A7F1C1FB18ACB00088163 /* HttpResponse.swift */; };
		EA8A7F971FB18ACB00088163 /* HttpResponse.swift in Sources */ = {isa = PBXBuildFile; fileRef = EA8A7F1C1FB18ACB00088163 /* HttpResponse.swift */; };
		EA8A7F981FB18ACB00088163 /* HttpResponse.swift in Sources */ = {isa = PBXBuildFile; fileRef = EA8A7F1C1FB18ACB00088163 /* HttpResponse.swift */; };
		EA8A7F991FB18ACB00088163 /* ResponseAction.swift in Sources */ = {isa = PBXBuildFile; fileRef = EA8A7F1D1FB18ACB00088163 /* ResponseAction.swift */; };
		EA8A7F9A1FB18ACB00088163 /* ResponseAction.swift in Sources */ = {isa = PBXBuildFile; fileRef = EA8A7F1D1FB18ACB00088163 /* ResponseAction.swift */; };
		EA8A7F9B1FB18ACB00088163 /* ResponseAction.swift in Sources */ = {isa = PBXBuildFile; fileRef = EA8A7F1D1FB18ACB00088163 /* ResponseAction.swift */; };
		EA8A7F9C1FB18ACB00088163 /* ResponseAction.swift in Sources */ = {isa = PBXBuildFile; fileRef = EA8A7F1D1FB18ACB00088163 /* ResponseAction.swift */; };
		EA8A7F9D1FB18ACB00088163 /* HttpMethod.swift in Sources */ = {isa = PBXBuildFile; fileRef = EA8A7F1F1FB18ACB00088163 /* HttpMethod.swift */; };
		EA8A7F9E1FB18ACB00088163 /* HttpMethod.swift in Sources */ = {isa = PBXBuildFile; fileRef = EA8A7F1F1FB18ACB00088163 /* HttpMethod.swift */; };
		EA8A7F9F1FB18ACB00088163 /* HttpMethod.swift in Sources */ = {isa = PBXBuildFile; fileRef = EA8A7F1F1FB18ACB00088163 /* HttpMethod.swift */; };
		EA8A7FA01FB18ACB00088163 /* HttpMethod.swift in Sources */ = {isa = PBXBuildFile; fileRef = EA8A7F1F1FB18ACB00088163 /* HttpMethod.swift */; };
		EA8A7FA11FB18ACB00088163 /* RequestService+BackgroundEvents.swift in Sources */ = {isa = PBXBuildFile; fileRef = EA8A7F201FB18ACB00088163 /* RequestService+BackgroundEvents.swift */; };
		EA8A7FA21FB18ACB00088163 /* RequestService+BackgroundEvents.swift in Sources */ = {isa = PBXBuildFile; fileRef = EA8A7F201FB18ACB00088163 /* RequestService+BackgroundEvents.swift */; };
		EA8A7FA41FB18ACB00088163 /* RequestService+BackgroundEvents.swift in Sources */ = {isa = PBXBuildFile; fileRef = EA8A7F201FB18ACB00088163 /* RequestService+BackgroundEvents.swift */; };
		EA8A7FA51FB18ACB00088163 /* RequestService.swift in Sources */ = {isa = PBXBuildFile; fileRef = EA8A7F211FB18ACB00088163 /* RequestService.swift */; };
		EA8A7FA61FB18ACB00088163 /* RequestService.swift in Sources */ = {isa = PBXBuildFile; fileRef = EA8A7F211FB18ACB00088163 /* RequestService.swift */; };
		EA8A7FA71FB18ACB00088163 /* RequestService.swift in Sources */ = {isa = PBXBuildFile; fileRef = EA8A7F211FB18ACB00088163 /* RequestService.swift */; };
		EA8A7FA81FB18ACB00088163 /* RequestService.swift in Sources */ = {isa = PBXBuildFile; fileRef = EA8A7F211FB18ACB00088163 /* RequestService.swift */; };
		EA8A7FA91FB18ACB00088163 /* RequestServiceConfiguration.swift in Sources */ = {isa = PBXBuildFile; fileRef = EA8A7F221FB18ACB00088163 /* RequestServiceConfiguration.swift */; };
		EA8A7FAA1FB18ACB00088163 /* RequestServiceConfiguration.swift in Sources */ = {isa = PBXBuildFile; fileRef = EA8A7F221FB18ACB00088163 /* RequestServiceConfiguration.swift */; };
		EA8A7FAB1FB18ACB00088163 /* RequestServiceConfiguration.swift in Sources */ = {isa = PBXBuildFile; fileRef = EA8A7F221FB18ACB00088163 /* RequestServiceConfiguration.swift */; };
		EA8A7FAC1FB18ACB00088163 /* RequestServiceConfiguration.swift in Sources */ = {isa = PBXBuildFile; fileRef = EA8A7F221FB18ACB00088163 /* RequestServiceConfiguration.swift */; };
		EA8A7FB11FB18ACB00088163 /* RestResponseCompletion.swift in Sources */ = {isa = PBXBuildFile; fileRef = EA8A7F261FB18ACB00088163 /* RestResponseCompletion.swift */; };
		EA8A7FB21FB18ACB00088163 /* RestResponseCompletion.swift in Sources */ = {isa = PBXBuildFile; fileRef = EA8A7F261FB18ACB00088163 /* RestResponseCompletion.swift */; };
		EA8A7FB31FB18ACB00088163 /* RestResponseCompletion.swift in Sources */ = {isa = PBXBuildFile; fileRef = EA8A7F261FB18ACB00088163 /* RestResponseCompletion.swift */; };
		EA8A7FB41FB18ACB00088163 /* RestResponseCompletion.swift in Sources */ = {isa = PBXBuildFile; fileRef = EA8A7F261FB18ACB00088163 /* RestResponseCompletion.swift */; };
		EA8A7FC51FB18ACB00088163 /* RestService+BackgroundEvents.swift in Sources */ = {isa = PBXBuildFile; fileRef = EA8A7F2D1FB18ACB00088163 /* RestService+BackgroundEvents.swift */; };
		EA8A7FC61FB18ACB00088163 /* RestService+BackgroundEvents.swift in Sources */ = {isa = PBXBuildFile; fileRef = EA8A7F2D1FB18ACB00088163 /* RestService+BackgroundEvents.swift */; };
		EA8A7FC81FB18ACB00088163 /* RestService+BackgroundEvents.swift in Sources */ = {isa = PBXBuildFile; fileRef = EA8A7F2D1FB18ACB00088163 /* RestService+BackgroundEvents.swift */; };
		EA8A7FC91FB18ACB00088163 /* RestService.swift in Sources */ = {isa = PBXBuildFile; fileRef = EA8A7F2E1FB18ACB00088163 /* RestService.swift */; };
		EA8A7FCA1FB18ACB00088163 /* RestService.swift in Sources */ = {isa = PBXBuildFile; fileRef = EA8A7F2E1FB18ACB00088163 /* RestService.swift */; };
		EA8A7FCB1FB18ACB00088163 /* RestService.swift in Sources */ = {isa = PBXBuildFile; fileRef = EA8A7F2E1FB18ACB00088163 /* RestService.swift */; };
		EA8A7FCC1FB18ACB00088163 /* RestService.swift in Sources */ = {isa = PBXBuildFile; fileRef = EA8A7F2E1FB18ACB00088163 /* RestService.swift */; };
		EA8A7FDD1FB18ACB00088163 /* SwiftAPI.h in Headers */ = {isa = PBXBuildFile; fileRef = EA8A7F341FB18ACB00088163 /* SwiftAPI.h */; settings = {ATTRIBUTES = (Public, ); }; };
		EA8A7FDE1FB18ACB00088163 /* SwiftAPI.h in Headers */ = {isa = PBXBuildFile; fileRef = EA8A7F341FB18ACB00088163 /* SwiftAPI.h */; settings = {ATTRIBUTES = (Public, ); }; };
		EA8A7FDF1FB18ACB00088163 /* SwiftAPI.h in Headers */ = {isa = PBXBuildFile; fileRef = EA8A7F341FB18ACB00088163 /* SwiftAPI.h */; settings = {ATTRIBUTES = (Public, ); }; };
		EA8A7FE01FB18ACB00088163 /* SwiftAPI.h in Headers */ = {isa = PBXBuildFile; fileRef = EA8A7F341FB18ACB00088163 /* SwiftAPI.h */; settings = {ATTRIBUTES = (Public, ); }; };
		EA9125781E5ED3B1006A2801 /* DefaultFileManagerTests.swift in Sources */ = {isa = PBXBuildFile; fileRef = EA9125761E5ED391006A2801 /* DefaultFileManagerTests.swift */; };
		EA93FE341E5EC42A00A82381 /* SwiftAPI.framework in Frameworks */ = {isa = PBXBuildFile; fileRef = EAA0E1B51E5D9B8900A7AA3A /* SwiftAPI.framework */; };
		EA93FE851E5EC64800A82381 /* RestServiceTests.swift in Sources */ = {isa = PBXBuildFile; fileRef = EA93FE621E5EC4C700A82381 /* RestServiceTests.swift */; };
		EA93FE861E5EC64C00A82381 /* InfoStatusCodeTypeTests.swift in Sources */ = {isa = PBXBuildFile; fileRef = EA93FE451E5EC4C700A82381 /* InfoStatusCodeTypeTests.swift */; };
		EA93FE871E5EC65000A82381 /* SuccessStatusCodeTypeTests.swift in Sources */ = {isa = PBXBuildFile; fileRef = EA93FE491E5EC4C700A82381 /* SuccessStatusCodeTypeTests.swift */; };
		EA93FE881E5EC65800A82381 /* RedirectionStatusCodeTypeTests.swift in Sources */ = {isa = PBXBuildFile; fileRef = EA93FE461E5EC4C700A82381 /* RedirectionStatusCodeTypeTests.swift */; };
		EA93FE891E5EC65D00A82381 /* ClientErrorStatusCodeTypeTests.swift in Sources */ = {isa = PBXBuildFile; fileRef = EA93FE441E5EC4C700A82381 /* ClientErrorStatusCodeTypeTests.swift */; };
		EA93FE8A1E5EC66000A82381 /* ServerErrorStatusCodeTypeTests.swift in Sources */ = {isa = PBXBuildFile; fileRef = EA93FE471E5EC4C700A82381 /* ServerErrorStatusCodeTypeTests.swift */; };
		EA93FE8B1E5EC66300A82381 /* UnknownStatusCodeTypeTests.swift in Sources */ = {isa = PBXBuildFile; fileRef = EA93FE4A1E5EC4C700A82381 /* UnknownStatusCodeTypeTests.swift */; };
		EA93FE8C1E5EC66700A82381 /* StatusCodeTests.swift in Sources */ = {isa = PBXBuildFile; fileRef = EA93FE481E5EC4C700A82381 /* StatusCodeTests.swift */; };
		EA93FE8D1E5EC66B00A82381 /* ApiHeaderTests.swift in Sources */ = {isa = PBXBuildFile; fileRef = EA93FE3D1E5EC4C700A82381 /* ApiHeaderTests.swift */; };
		EA93FE8E1E5EC66F00A82381 /* ApiErrorTests.swift in Sources */ = {isa = PBXBuildFile; fileRef = EA93FE3F1E5EC4C700A82381 /* ApiErrorTests.swift */; };
		EA93FE8F1E5EC67200A82381 /* ApiResponseTests.swift in Sources */ = {isa = PBXBuildFile; fileRef = EA93FE401E5EC4C700A82381 /* ApiResponseTests.swift */; };
		EA93FE901E5EC67700A82381 /* ApiServiceTests.swift in Sources */ = {isa = PBXBuildFile; fileRef = EA93FE421E5EC4C700A82381 /* ApiServiceTests.swift */; };
		EA93FE911E5EC67B00A82381 /* HttpHeaderTests.swift in Sources */ = {isa = PBXBuildFile; fileRef = EA93FE521E5EC4C700A82381 /* HttpHeaderTests.swift */; };
		EA93FE921E5EC67F00A82381 /* HttpRequestTests.swift in Sources */ = {isa = PBXBuildFile; fileRef = EA93FE531E5EC4C700A82381 /* HttpRequestTests.swift */; };
		EA93FE931E5EC68200A82381 /* HttpDataRequestTests.swift in Sources */ = {isa = PBXBuildFile; fileRef = EA93FE501E5EC4C700A82381 /* HttpDataRequestTests.swift */; };
		EA93FE941E5EC68500A82381 /* HttpUploadRequestTests.swift in Sources */ = {isa = PBXBuildFile; fileRef = EA93FE541E5EC4C700A82381 /* HttpUploadRequestTests.swift */; };
		EA93FE951E5EC68900A82381 /* HttpDownloadRequestTests.swift in Sources */ = {isa = PBXBuildFile; fileRef = EA93FE511E5EC4C700A82381 /* HttpDownloadRequestTests.swift */; };
		EA93FE961E5EC68C00A82381 /* HttpResponseTests.swift in Sources */ = {isa = PBXBuildFile; fileRef = EA93FE571E5EC4C700A82381 /* HttpResponseTests.swift */; };
		EA93FE971E5EC68F00A82381 /* HttpFailureResponseTests.swift in Sources */ = {isa = PBXBuildFile; fileRef = EA93FE561E5EC4C700A82381 /* HttpFailureResponseTests.swift */; };
		EA93FE981E5EC69300A82381 /* ResponseActionTests.swift in Sources */ = {isa = PBXBuildFile; fileRef = EA93FE581E5EC4C700A82381 /* ResponseActionTests.swift */; };
		EA93FE991E5EC69700A82381 /* RequestServiceConfigurationTests.swift in Sources */ = {isa = PBXBuildFile; fileRef = EA93FE5A1E5EC4C700A82381 /* RequestServiceConfigurationTests.swift */; };
		EA93FE9A1E5EC69B00A82381 /* RequestServiceTests.swift in Sources */ = {isa = PBXBuildFile; fileRef = EA93FE5B1E5EC4C700A82381 /* RequestServiceTests.swift */; };
		EA93FEA81E5EC87500A82381 /* SwiftAPI.framework in Frameworks */ = {isa = PBXBuildFile; fileRef = EAA0E1B51E5D9B8900A7AA3A /* SwiftAPI.framework */; };
		EA93FEC01E5ECAEB00A82381 /* ApiServiceTests.swift in Sources */ = {isa = PBXBuildFile; fileRef = EA93FEAF1E5ECAB400A82381 /* ApiServiceTests.swift */; };
		EA93FEC21E5ECAF400A82381 /* RequestServiceTests.swift in Sources */ = {isa = PBXBuildFile; fileRef = EA93FEB21E5ECAB400A82381 /* RequestServiceTests.swift */; };
		EA93FEC31E5ECAF800A82381 /* RestServiceTests.swift in Sources */ = {isa = PBXBuildFile; fileRef = EA93FEB51E5ECAB400A82381 /* RestServiceTests.swift */; };
		EA93FEC41E5ECAFC00A82381 /* Resources.xcassets in Resources */ = {isa = PBXBuildFile; fileRef = EA93FEBC1E5ECAE200A82381 /* Resources.xcassets */; };
		EA93FEC51E5ECB0000A82381 /* testImage.png in Resources */ = {isa = PBXBuildFile; fileRef = EA93FEBD1E5ECAE200A82381 /* testImage.png */; };
		EA9C72B21F31A720005DC978 /* ApiMethodTests.swift in Sources */ = {isa = PBXBuildFile; fileRef = EA9C72B11F31A720005DC978 /* ApiMethodTests.swift */; };
		EA9F374B20218FED008DEFF3 /* FailableDecodableTests.swift in Sources */ = {isa = PBXBuildFile; fileRef = EA695B9120211B04004662B1 /* FailableDecodableTests.swift */; };
		EAC18313201B6E5500767037 /* CoderProvider.swift in Sources */ = {isa = PBXBuildFile; fileRef = EAC18312201B6E5500767037 /* CoderProvider.swift */; };
		EAC18314201B6E5500767037 /* CoderProvider.swift in Sources */ = {isa = PBXBuildFile; fileRef = EAC18312201B6E5500767037 /* CoderProvider.swift */; };
		EAC18315201B6E5500767037 /* CoderProvider.swift in Sources */ = {isa = PBXBuildFile; fileRef = EAC18312201B6E5500767037 /* CoderProvider.swift */; };
		EAC18316201B6E5500767037 /* CoderProvider.swift in Sources */ = {isa = PBXBuildFile; fileRef = EAC18312201B6E5500767037 /* CoderProvider.swift */; };
/* End PBXBuildFile section */

/* Begin PBXContainerItemProxy section */
		EA93FE351E5EC42A00A82381 /* PBXContainerItemProxy */ = {
			isa = PBXContainerItemProxy;
			containerPortal = EA0658081E03EBF000B46CEA /* Project object */;
			proxyType = 1;
			remoteGlobalIDString = EAA0E1B41E5D9B8900A7AA3A;
			remoteInfo = "SwiftAPI iOS";
		};
		EA93FEA91E5EC87500A82381 /* PBXContainerItemProxy */ = {
			isa = PBXContainerItemProxy;
			containerPortal = EA0658081E03EBF000B46CEA /* Project object */;
			proxyType = 1;
			remoteGlobalIDString = EAA0E1B41E5D9B8900A7AA3A;
			remoteInfo = "SwiftAPI iOS";
		};
/* End PBXContainerItemProxy section */

/* Begin PBXFileReference section */
		17F31C7E5B0185FA7DC540E1 /* Pods-SwiftAPITests.debug.xcconfig */ = {isa = PBXFileReference; includeInIndex = 1; lastKnownFileType = text.xcconfig; name = "Pods-SwiftAPITests.debug.xcconfig"; path = "Pods/Target Support Files/Pods-SwiftAPITests/Pods-SwiftAPITests.debug.xcconfig"; sourceTree = "<group>"; };
		522C7B30532EDABC0A225123 /* Pods_SwiftAPI.framework */ = {isa = PBXFileReference; explicitFileType = wrapper.framework; includeInIndex = 0; path = Pods_SwiftAPI.framework; sourceTree = BUILT_PRODUCTS_DIR; };
		67A68FE868B6B6DEA0948996 /* Pods_SwiftAPITests.framework */ = {isa = PBXFileReference; explicitFileType = wrapper.framework; includeInIndex = 0; path = Pods_SwiftAPITests.framework; sourceTree = BUILT_PRODUCTS_DIR; };
		91F758214662673A40D981E2 /* Pods-SwiftAPITests.release.xcconfig */ = {isa = PBXFileReference; includeInIndex = 1; lastKnownFileType = text.xcconfig; name = "Pods-SwiftAPITests.release.xcconfig"; path = "Pods/Target Support Files/Pods-SwiftAPITests/Pods-SwiftAPITests.release.xcconfig"; sourceTree = "<group>"; };
		9E7D820679C817FD6EF3F97F /* Pods-SwiftAPI.release.xcconfig */ = {isa = PBXFileReference; includeInIndex = 1; lastKnownFileType = text.xcconfig; name = "Pods-SwiftAPI.release.xcconfig"; path = "Pods/Target Support Files/Pods-SwiftAPI/Pods-SwiftAPI.release.xcconfig"; sourceTree = "<group>"; };
		EA01F3FE1F0E511E001EC5B6 /* Info.plist */ = {isa = PBXFileReference; fileEncoding = 4; lastKnownFileType = text.plist.xml; name = Info.plist; path = Tests/Unit/Info.plist; sourceTree = SOURCE_ROOT; };
		EA2A8F8E201B9FD8003721F0 /* FailableDecodable.swift */ = {isa = PBXFileReference; lastKnownFileType = sourcecode.swift; path = FailableDecodable.swift; sourceTree = "<group>"; };
		EA695B8720209D1D004662B1 /* ResourcePath.swift */ = {isa = PBXFileReference; lastKnownFileType = sourcecode.swift; path = ResourcePath.swift; sourceTree = "<group>"; };
		EA695B8A2020B48A004662B1 /* DefaultCoderProvider.swift */ = {isa = PBXFileReference; lastKnownFileType = sourcecode.swift; path = DefaultCoderProvider.swift; sourceTree = "<group>"; };
		EA695B9120211B04004662B1 /* FailableDecodableTests.swift */ = {isa = PBXFileReference; lastKnownFileType = sourcecode.swift; path = FailableDecodableTests.swift; sourceTree = "<group>"; };
		EA8A7EFC1FB18ACB00088163 /* ApiHeader.swift */ = {isa = PBXFileReference; fileEncoding = 4; lastKnownFileType = sourcecode.swift; path = ApiHeader.swift; sourceTree = "<group>"; };
		EA8A7EFD1FB18ACB00088163 /* ApiRequest.swift */ = {isa = PBXFileReference; fileEncoding = 4; lastKnownFileType = sourcecode.swift; path = ApiRequest.swift; sourceTree = "<group>"; };
		EA8A7EFF1FB18ACB00088163 /* ApiError.swift */ = {isa = PBXFileReference; fileEncoding = 4; lastKnownFileType = sourcecode.swift; path = ApiError.swift; sourceTree = "<group>"; };
		EA8A7F001FB18ACB00088163 /* ApiResponse.swift */ = {isa = PBXFileReference; fileEncoding = 4; lastKnownFileType = sourcecode.swift; path = ApiResponse.swift; sourceTree = "<group>"; };
		EA8A7F011FB18ACB00088163 /* ApiResponseCompletionHandler.swift */ = {isa = PBXFileReference; fileEncoding = 4; lastKnownFileType = sourcecode.swift; path = ApiResponseCompletionHandler.swift; sourceTree = "<group>"; };
		EA8A7F031FB18ACB00088163 /* ApiMethod.swift */ = {isa = PBXFileReference; fileEncoding = 4; lastKnownFileType = sourcecode.swift; path = ApiMethod.swift; sourceTree = "<group>"; };
		EA8A7F041FB18ACB00088163 /* ApiService+BackgroundEvents.swift */ = {isa = PBXFileReference; fileEncoding = 4; lastKnownFileType = sourcecode.swift; path = "ApiService+BackgroundEvents.swift"; sourceTree = "<group>"; };
		EA8A7F051FB18ACB00088163 /* ApiService.swift */ = {isa = PBXFileReference; fileEncoding = 4; lastKnownFileType = sourcecode.swift; path = ApiService.swift; sourceTree = "<group>"; };
		EA8A7F071FB18ACB00088163 /* ClientErrorStatusCodeType.swift */ = {isa = PBXFileReference; fileEncoding = 4; lastKnownFileType = sourcecode.swift; path = ClientErrorStatusCodeType.swift; sourceTree = "<group>"; };
		EA8A7F081FB18ACB00088163 /* InfoStatusCodeType.swift */ = {isa = PBXFileReference; fileEncoding = 4; lastKnownFileType = sourcecode.swift; path = InfoStatusCodeType.swift; sourceTree = "<group>"; };
		EA8A7F091FB18ACB00088163 /* RedirectionStatusCodeType.swift */ = {isa = PBXFileReference; fileEncoding = 4; lastKnownFileType = sourcecode.swift; path = RedirectionStatusCodeType.swift; sourceTree = "<group>"; };
		EA8A7F0A1FB18ACB00088163 /* ServerErrorStatusCodeType.swift */ = {isa = PBXFileReference; fileEncoding = 4; lastKnownFileType = sourcecode.swift; path = ServerErrorStatusCodeType.swift; sourceTree = "<group>"; };
		EA8A7F0B1FB18ACB00088163 /* StatusCode.swift */ = {isa = PBXFileReference; fileEncoding = 4; lastKnownFileType = sourcecode.swift; path = StatusCode.swift; sourceTree = "<group>"; };
		EA8A7F0C1FB18ACB00088163 /* StatusCodeType.swift */ = {isa = PBXFileReference; fileEncoding = 4; lastKnownFileType = sourcecode.swift; path = StatusCodeType.swift; sourceTree = "<group>"; };
		EA8A7F0D1FB18ACB00088163 /* SuccessStatusCodeType.swift */ = {isa = PBXFileReference; fileEncoding = 4; lastKnownFileType = sourcecode.swift; path = SuccessStatusCodeType.swift; sourceTree = "<group>"; };
		EA8A7F0E1FB18ACB00088163 /* UnknownStatusCodeType.swift */ = {isa = PBXFileReference; fileEncoding = 4; lastKnownFileType = sourcecode.swift; path = UnknownStatusCodeType.swift; sourceTree = "<group>"; };
		EA8A7F111FB18ACB00088163 /* DefaultFileManager.swift */ = {isa = PBXFileReference; fileEncoding = 4; lastKnownFileType = sourcecode.swift; path = DefaultFileManager.swift; sourceTree = "<group>"; };
		EA8A7F121FB18ACB00088163 /* FileManager.swift */ = {isa = PBXFileReference; fileEncoding = 4; lastKnownFileType = sourcecode.swift; path = FileManager.swift; sourceTree = "<group>"; };
		EA8A7F151FB18ACB00088163 /* HttpDataRequest.swift */ = {isa = PBXFileReference; fileEncoding = 4; lastKnownFileType = sourcecode.swift; path = HttpDataRequest.swift; sourceTree = "<group>"; };
		EA8A7F161FB18ACB00088163 /* HttpDownloadRequest.swift */ = {isa = PBXFileReference; fileEncoding = 4; lastKnownFileType = sourcecode.swift; path = HttpDownloadRequest.swift; sourceTree = "<group>"; };
		EA8A7F171FB18ACB00088163 /* HttpHeader.swift */ = {isa = PBXFileReference; fileEncoding = 4; lastKnownFileType = sourcecode.swift; path = HttpHeader.swift; sourceTree = "<group>"; };
		EA8A7F181FB18ACB00088163 /* HttpRequest.swift */ = {isa = PBXFileReference; fileEncoding = 4; lastKnownFileType = sourcecode.swift; path = HttpRequest.swift; sourceTree = "<group>"; };
		EA8A7F191FB18ACB00088163 /* HttpUploadRequest.swift */ = {isa = PBXFileReference; fileEncoding = 4; lastKnownFileType = sourcecode.swift; path = HttpUploadRequest.swift; sourceTree = "<group>"; };
		EA8A7F1B1FB18ACB00088163 /* HttpFailureResponse.swift */ = {isa = PBXFileReference; fileEncoding = 4; lastKnownFileType = sourcecode.swift; path = HttpFailureResponse.swift; sourceTree = "<group>"; };
		EA8A7F1C1FB18ACB00088163 /* HttpResponse.swift */ = {isa = PBXFileReference; fileEncoding = 4; lastKnownFileType = sourcecode.swift; path = HttpResponse.swift; sourceTree = "<group>"; };
		EA8A7F1D1FB18ACB00088163 /* ResponseAction.swift */ = {isa = PBXFileReference; fileEncoding = 4; lastKnownFileType = sourcecode.swift; path = ResponseAction.swift; sourceTree = "<group>"; };
		EA8A7F1F1FB18ACB00088163 /* HttpMethod.swift */ = {isa = PBXFileReference; fileEncoding = 4; lastKnownFileType = sourcecode.swift; path = HttpMethod.swift; sourceTree = "<group>"; };
		EA8A7F201FB18ACB00088163 /* RequestService+BackgroundEvents.swift */ = {isa = PBXFileReference; fileEncoding = 4; lastKnownFileType = sourcecode.swift; path = "RequestService+BackgroundEvents.swift"; sourceTree = "<group>"; };
		EA8A7F211FB18ACB00088163 /* RequestService.swift */ = {isa = PBXFileReference; fileEncoding = 4; lastKnownFileType = sourcecode.swift; path = RequestService.swift; sourceTree = "<group>"; };
		EA8A7F221FB18ACB00088163 /* RequestServiceConfiguration.swift */ = {isa = PBXFileReference; fileEncoding = 4; lastKnownFileType = sourcecode.swift; path = RequestServiceConfiguration.swift; sourceTree = "<group>"; };
		EA8A7F261FB18ACB00088163 /* RestResponseCompletion.swift */ = {isa = PBXFileReference; fileEncoding = 4; lastKnownFileType = sourcecode.swift; path = RestResponseCompletion.swift; sourceTree = "<group>"; };
		EA8A7F2D1FB18ACB00088163 /* RestService+BackgroundEvents.swift */ = {isa = PBXFileReference; fileEncoding = 4; lastKnownFileType = sourcecode.swift; path = "RestService+BackgroundEvents.swift"; sourceTree = "<group>"; };
		EA8A7F2E1FB18ACB00088163 /* RestService.swift */ = {isa = PBXFileReference; fileEncoding = 4; lastKnownFileType = sourcecode.swift; path = RestService.swift; sourceTree = "<group>"; };
		EA8A7F301FB18ACB00088163 /* Info-iOS.plist */ = {isa = PBXFileReference; fileEncoding = 4; lastKnownFileType = text.plist.xml; path = "Info-iOS.plist"; sourceTree = "<group>"; };
		EA8A7F311FB18ACB00088163 /* Info-macOS.plist */ = {isa = PBXFileReference; fileEncoding = 4; lastKnownFileType = text.plist.xml; path = "Info-macOS.plist"; sourceTree = "<group>"; };
		EA8A7F321FB18ACB00088163 /* Info-tvOS.plist */ = {isa = PBXFileReference; fileEncoding = 4; lastKnownFileType = text.plist.xml; path = "Info-tvOS.plist"; sourceTree = "<group>"; };
		EA8A7F331FB18ACB00088163 /* Info-watchOS.plist */ = {isa = PBXFileReference; fileEncoding = 4; lastKnownFileType = text.plist.xml; path = "Info-watchOS.plist"; sourceTree = "<group>"; };
		EA8A7F341FB18ACB00088163 /* SwiftAPI.h */ = {isa = PBXFileReference; fileEncoding = 4; lastKnownFileType = sourcecode.c.h; path = SwiftAPI.h; sourceTree = "<group>"; };
		EA9125761E5ED391006A2801 /* DefaultFileManagerTests.swift */ = {isa = PBXFileReference; fileEncoding = 4; lastKnownFileType = sourcecode.swift; path = DefaultFileManagerTests.swift; sourceTree = "<group>"; };
		EA93FE2F1E5EC42A00A82381 /* UnitTests iOS.xctest */ = {isa = PBXFileReference; explicitFileType = wrapper.cfbundle; includeInIndex = 0; path = "UnitTests iOS.xctest"; sourceTree = BUILT_PRODUCTS_DIR; };
		EA93FE3D1E5EC4C700A82381 /* ApiHeaderTests.swift */ = {isa = PBXFileReference; fileEncoding = 4; lastKnownFileType = sourcecode.swift; path = ApiHeaderTests.swift; sourceTree = "<group>"; };
		EA93FE3F1E5EC4C700A82381 /* ApiErrorTests.swift */ = {isa = PBXFileReference; fileEncoding = 4; lastKnownFileType = sourcecode.swift; path = ApiErrorTests.swift; sourceTree = "<group>"; };
		EA93FE401E5EC4C700A82381 /* ApiResponseTests.swift */ = {isa = PBXFileReference; fileEncoding = 4; lastKnownFileType = sourcecode.swift; path = ApiResponseTests.swift; sourceTree = "<group>"; };
		EA93FE421E5EC4C700A82381 /* ApiServiceTests.swift */ = {isa = PBXFileReference; fileEncoding = 4; lastKnownFileType = sourcecode.swift; path = ApiServiceTests.swift; sourceTree = "<group>"; };
		EA93FE441E5EC4C700A82381 /* ClientErrorStatusCodeTypeTests.swift */ = {isa = PBXFileReference; fileEncoding = 4; lastKnownFileType = sourcecode.swift; path = ClientErrorStatusCodeTypeTests.swift; sourceTree = "<group>"; };
		EA93FE451E5EC4C700A82381 /* InfoStatusCodeTypeTests.swift */ = {isa = PBXFileReference; fileEncoding = 4; lastKnownFileType = sourcecode.swift; path = InfoStatusCodeTypeTests.swift; sourceTree = "<group>"; };
		EA93FE461E5EC4C700A82381 /* RedirectionStatusCodeTypeTests.swift */ = {isa = PBXFileReference; fileEncoding = 4; lastKnownFileType = sourcecode.swift; path = RedirectionStatusCodeTypeTests.swift; sourceTree = "<group>"; };
		EA93FE471E5EC4C700A82381 /* ServerErrorStatusCodeTypeTests.swift */ = {isa = PBXFileReference; fileEncoding = 4; lastKnownFileType = sourcecode.swift; path = ServerErrorStatusCodeTypeTests.swift; sourceTree = "<group>"; };
		EA93FE481E5EC4C700A82381 /* StatusCodeTests.swift */ = {isa = PBXFileReference; fileEncoding = 4; lastKnownFileType = sourcecode.swift; path = StatusCodeTests.swift; sourceTree = "<group>"; };
		EA93FE491E5EC4C700A82381 /* SuccessStatusCodeTypeTests.swift */ = {isa = PBXFileReference; fileEncoding = 4; lastKnownFileType = sourcecode.swift; path = SuccessStatusCodeTypeTests.swift; sourceTree = "<group>"; };
		EA93FE4A1E5EC4C700A82381 /* UnknownStatusCodeTypeTests.swift */ = {isa = PBXFileReference; fileEncoding = 4; lastKnownFileType = sourcecode.swift; path = UnknownStatusCodeTypeTests.swift; sourceTree = "<group>"; };
		EA93FE501E5EC4C700A82381 /* HttpDataRequestTests.swift */ = {isa = PBXFileReference; fileEncoding = 4; lastKnownFileType = sourcecode.swift; path = HttpDataRequestTests.swift; sourceTree = "<group>"; };
		EA93FE511E5EC4C700A82381 /* HttpDownloadRequestTests.swift */ = {isa = PBXFileReference; fileEncoding = 4; lastKnownFileType = sourcecode.swift; path = HttpDownloadRequestTests.swift; sourceTree = "<group>"; };
		EA93FE521E5EC4C700A82381 /* HttpHeaderTests.swift */ = {isa = PBXFileReference; fileEncoding = 4; lastKnownFileType = sourcecode.swift; path = HttpHeaderTests.swift; sourceTree = "<group>"; };
		EA93FE531E5EC4C700A82381 /* HttpRequestTests.swift */ = {isa = PBXFileReference; fileEncoding = 4; lastKnownFileType = sourcecode.swift; path = HttpRequestTests.swift; sourceTree = "<group>"; };
		EA93FE541E5EC4C700A82381 /* HttpUploadRequestTests.swift */ = {isa = PBXFileReference; fileEncoding = 4; lastKnownFileType = sourcecode.swift; path = HttpUploadRequestTests.swift; sourceTree = "<group>"; };
		EA93FE561E5EC4C700A82381 /* HttpFailureResponseTests.swift */ = {isa = PBXFileReference; fileEncoding = 4; lastKnownFileType = sourcecode.swift; path = HttpFailureResponseTests.swift; sourceTree = "<group>"; };
		EA93FE571E5EC4C700A82381 /* HttpResponseTests.swift */ = {isa = PBXFileReference; fileEncoding = 4; lastKnownFileType = sourcecode.swift; path = HttpResponseTests.swift; sourceTree = "<group>"; };
		EA93FE581E5EC4C700A82381 /* ResponseActionTests.swift */ = {isa = PBXFileReference; fileEncoding = 4; lastKnownFileType = sourcecode.swift; path = ResponseActionTests.swift; sourceTree = "<group>"; };
		EA93FE5A1E5EC4C700A82381 /* RequestServiceConfigurationTests.swift */ = {isa = PBXFileReference; fileEncoding = 4; lastKnownFileType = sourcecode.swift; path = RequestServiceConfigurationTests.swift; sourceTree = "<group>"; };
		EA93FE5B1E5EC4C700A82381 /* RequestServiceTests.swift */ = {isa = PBXFileReference; fileEncoding = 4; lastKnownFileType = sourcecode.swift; path = RequestServiceTests.swift; sourceTree = "<group>"; };
		EA93FE621E5EC4C700A82381 /* RestServiceTests.swift */ = {isa = PBXFileReference; fileEncoding = 4; lastKnownFileType = sourcecode.swift; path = RestServiceTests.swift; sourceTree = "<group>"; };
		EA93FEA31E5EC87500A82381 /* FunctionalTests iOS.xctest */ = {isa = PBXFileReference; explicitFileType = wrapper.cfbundle; includeInIndex = 0; path = "FunctionalTests iOS.xctest"; sourceTree = BUILT_PRODUCTS_DIR; };
		EA93FEAF1E5ECAB400A82381 /* ApiServiceTests.swift */ = {isa = PBXFileReference; fileEncoding = 4; lastKnownFileType = sourcecode.swift; path = ApiServiceTests.swift; sourceTree = "<group>"; };
		EA93FEB21E5ECAB400A82381 /* RequestServiceTests.swift */ = {isa = PBXFileReference; fileEncoding = 4; lastKnownFileType = sourcecode.swift; path = RequestServiceTests.swift; sourceTree = "<group>"; };
		EA93FEB31E5ECAB400A82381 /* Info.plist */ = {isa = PBXFileReference; fileEncoding = 4; lastKnownFileType = text.plist.xml; path = Info.plist; sourceTree = "<group>"; };
		EA93FEB51E5ECAB400A82381 /* RestServiceTests.swift */ = {isa = PBXFileReference; fileEncoding = 4; lastKnownFileType = sourcecode.swift; path = RestServiceTests.swift; sourceTree = "<group>"; };
		EA93FEBC1E5ECAE200A82381 /* Resources.xcassets */ = {isa = PBXFileReference; lastKnownFileType = folder.assetcatalog; name = Resources.xcassets; path = SupportingFiles/Resources.xcassets; sourceTree = "<group>"; };
		EA93FEBD1E5ECAE200A82381 /* testImage.png */ = {isa = PBXFileReference; lastKnownFileType = image.png; name = testImage.png; path = SupportingFiles/testImage.png; sourceTree = "<group>"; };
		EA992AA31E56FA2F007E7222 /* CHANGELOG.md */ = {isa = PBXFileReference; fileEncoding = 4; lastKnownFileType = net.daringfireball.markdown; path = CHANGELOG.md; sourceTree = SOURCE_ROOT; };
		EA992AA71E56FB4D007E7222 /* README.md */ = {isa = PBXFileReference; fileEncoding = 4; lastKnownFileType = net.daringfireball.markdown; path = README.md; sourceTree = SOURCE_ROOT; };
		EA992AA81E56FB4D007E7222 /* script.sh */ = {isa = PBXFileReference; fileEncoding = 4; lastKnownFileType = text.script.sh; path = script.sh; sourceTree = SOURCE_ROOT; };
		EA9C72B11F31A720005DC978 /* ApiMethodTests.swift */ = {isa = PBXFileReference; fileEncoding = 4; lastKnownFileType = sourcecode.swift; path = ApiMethodTests.swift; sourceTree = "<group>"; };
		EAA0E18E1E5D9A7400A7AA3A /* SwiftAPI.framework */ = {isa = PBXFileReference; explicitFileType = wrapper.framework; includeInIndex = 0; path = SwiftAPI.framework; sourceTree = BUILT_PRODUCTS_DIR; };
		EAA0E19B1E5D9B0700A7AA3A /* SwiftAPI.framework */ = {isa = PBXFileReference; explicitFileType = wrapper.framework; includeInIndex = 0; path = SwiftAPI.framework; sourceTree = BUILT_PRODUCTS_DIR; };
		EAA0E1A81E5D9B6B00A7AA3A /* SwiftAPI.framework */ = {isa = PBXFileReference; explicitFileType = wrapper.framework; includeInIndex = 0; path = SwiftAPI.framework; sourceTree = BUILT_PRODUCTS_DIR; };
		EAA0E1B51E5D9B8900A7AA3A /* SwiftAPI.framework */ = {isa = PBXFileReference; explicitFileType = wrapper.framework; includeInIndex = 0; path = SwiftAPI.framework; sourceTree = BUILT_PRODUCTS_DIR; };
		EAA0E2A91E5DC4AA00A7AA3A /* LICENSE */ = {isa = PBXFileReference; fileEncoding = 4; lastKnownFileType = text; path = LICENSE; sourceTree = "<group>"; };
		EAA0E2AA1E5DC4AA00A7AA3A /* SwiftAPI-beta.podspec */ = {isa = PBXFileReference; fileEncoding = 4; lastKnownFileType = text; path = "SwiftAPI-beta.podspec"; sourceTree = "<group>"; };
		EAA0E2AB1E5DC4AA00A7AA3A /* SwiftAPI.podspec */ = {isa = PBXFileReference; fileEncoding = 4; lastKnownFileType = text; path = SwiftAPI.podspec; sourceTree = "<group>"; };
		EAC18312201B6E5500767037 /* CoderProvider.swift */ = {isa = PBXFileReference; lastKnownFileType = sourcecode.swift; path = CoderProvider.swift; sourceTree = "<group>"; };
		FBAA4505EBDB06395103B642 /* Pods-SwiftAPI.debug.xcconfig */ = {isa = PBXFileReference; includeInIndex = 1; lastKnownFileType = text.xcconfig; name = "Pods-SwiftAPI.debug.xcconfig"; path = "Pods/Target Support Files/Pods-SwiftAPI/Pods-SwiftAPI.debug.xcconfig"; sourceTree = "<group>"; };
/* End PBXFileReference section */

/* Begin PBXFrameworksBuildPhase section */
		EA93FE2C1E5EC42A00A82381 /* Frameworks */ = {
			isa = PBXFrameworksBuildPhase;
			buildActionMask = 2147483647;
			files = (
				EA93FE341E5EC42A00A82381 /* SwiftAPI.framework in Frameworks */,
			);
			runOnlyForDeploymentPostprocessing = 0;
		};
		EA93FEA01E5EC87500A82381 /* Frameworks */ = {
			isa = PBXFrameworksBuildPhase;
			buildActionMask = 2147483647;
			files = (
				EA93FEA81E5EC87500A82381 /* SwiftAPI.framework in Frameworks */,
			);
			runOnlyForDeploymentPostprocessing = 0;
		};
		EAA0E18A1E5D9A7400A7AA3A /* Frameworks */ = {
			isa = PBXFrameworksBuildPhase;
			buildActionMask = 2147483647;
			files = (
			);
			runOnlyForDeploymentPostprocessing = 0;
		};
		EAA0E1971E5D9B0700A7AA3A /* Frameworks */ = {
			isa = PBXFrameworksBuildPhase;
			buildActionMask = 2147483647;
			files = (
			);
			runOnlyForDeploymentPostprocessing = 0;
		};
		EAA0E1A41E5D9B6B00A7AA3A /* Frameworks */ = {
			isa = PBXFrameworksBuildPhase;
			buildActionMask = 2147483647;
			files = (
			);
			runOnlyForDeploymentPostprocessing = 0;
		};
		EAA0E1B11E5D9B8900A7AA3A /* Frameworks */ = {
			isa = PBXFrameworksBuildPhase;
			buildActionMask = 2147483647;
			files = (
			);
			runOnlyForDeploymentPostprocessing = 0;
		};
/* End PBXFrameworksBuildPhase section */

/* Begin PBXGroup section */
		5B3BBE1B5574504503C6F539 /* Frameworks */ = {
			isa = PBXGroup;
			children = (
				522C7B30532EDABC0A225123 /* Pods_SwiftAPI.framework */,
				67A68FE868B6B6DEA0948996 /* Pods_SwiftAPITests.framework */,
			);
			name = Frameworks;
			sourceTree = "<group>";
		};
		C283B9D8C8F9E1CFFD6672D8 /* Pods */ = {
			isa = PBXGroup;
			children = (
				FBAA4505EBDB06395103B642 /* Pods-SwiftAPI.debug.xcconfig */,
				9E7D820679C817FD6EF3F97F /* Pods-SwiftAPI.release.xcconfig */,
				17F31C7E5B0185FA7DC540E1 /* Pods-SwiftAPITests.debug.xcconfig */,
				91F758214662673A40D981E2 /* Pods-SwiftAPITests.release.xcconfig */,
			);
			name = Pods;
			sourceTree = "<group>";
		};
		EA0658071E03EBF000B46CEA = {
			isa = PBXGroup;
			children = (
				EA8A7EF91FB18ACB00088163 /* Sources */,
				EAA0E2A81E5DC43F00A7AA3A /* Metadata */,
				EA06581E1E03EBF000B46CEA /* Tests */,
				EA0658121E03EBF000B46CEA /* Products */,
				C283B9D8C8F9E1CFFD6672D8 /* Pods */,
				5B3BBE1B5574504503C6F539 /* Frameworks */,
			);
			sourceTree = "<group>";
		};
		EA0658121E03EBF000B46CEA /* Products */ = {
			isa = PBXGroup;
			children = (
				EAA0E18E1E5D9A7400A7AA3A /* SwiftAPI.framework */,
				EAA0E19B1E5D9B0700A7AA3A /* SwiftAPI.framework */,
				EAA0E1A81E5D9B6B00A7AA3A /* SwiftAPI.framework */,
				EAA0E1B51E5D9B8900A7AA3A /* SwiftAPI.framework */,
				EA93FE2F1E5EC42A00A82381 /* UnitTests iOS.xctest */,
				EA93FEA31E5EC87500A82381 /* FunctionalTests iOS.xctest */,
			);
			name = Products;
			sourceTree = "<group>";
		};
		EA06581E1E03EBF000B46CEA /* Tests */ = {
			isa = PBXGroup;
			children = (
				EA93FE3A1E5EC4C700A82381 /* Unit */,
				EA93FE821E5EC5C300A82381 /* Functional */,
			);
			path = Tests;
			sourceTree = "<group>";
		};
		EA695B892020B461004662B1 /* CoderProvider */ = {
			isa = PBXGroup;
			children = (
				EAC18312201B6E5500767037 /* CoderProvider.swift */,
				EA695B8A2020B48A004662B1 /* DefaultCoderProvider.swift */,
			);
			path = CoderProvider;
			sourceTree = "<group>";
		};
		EA695B8F2020E806004662B1 /* Request */ = {
			isa = PBXGroup;
			children = (
				EA695B8720209D1D004662B1 /* ResourcePath.swift */,
				EA2A8F8E201B9FD8003721F0 /* FailableDecodable.swift */,
			);
			path = Request;
			sourceTree = "<group>";
		};
		EA8A7EF91FB18ACB00088163 /* Sources */ = {
			isa = PBXGroup;
			children = (
				EA8A7F231FB18ACB00088163 /* RESTLayer */,
				EA8A7EFA1FB18ACB00088163 /* APILayer */,
				EA8A7F131FB18ACB00088163 /* HTTPLayer */,
				EA8A7F0F1FB18ACB00088163 /* Dependencies */,
				EA8A7F2F1FB18ACB00088163 /* SupportingFiles */,
			);
			path = Sources;
			sourceTree = "<group>";
		};
		EA8A7EFA1FB18ACB00088163 /* APILayer */ = {
			isa = PBXGroup;
			children = (
				EA8A7F061FB18ACB00088163 /* StatusCode */,
				EA8A7EFB1FB18ACB00088163 /* Request */,
				EA8A7EFE1FB18ACB00088163 /* Response */,
				EA8A7F021FB18ACB00088163 /* Service */,
			);
			path = APILayer;
			sourceTree = "<group>";
		};
		EA8A7EFB1FB18ACB00088163 /* Request */ = {
			isa = PBXGroup;
			children = (
				EA8A7EFC1FB18ACB00088163 /* ApiHeader.swift */,
				EA8A7EFD1FB18ACB00088163 /* ApiRequest.swift */,
			);
			path = Request;
			sourceTree = "<group>";
		};
		EA8A7EFE1FB18ACB00088163 /* Response */ = {
			isa = PBXGroup;
			children = (
				EA8A7EFF1FB18ACB00088163 /* ApiError.swift */,
				EA8A7F011FB18ACB00088163 /* ApiResponseCompletionHandler.swift */,
				EA8A7F001FB18ACB00088163 /* ApiResponse.swift */,
			);
			path = Response;
			sourceTree = "<group>";
		};
		EA8A7F021FB18ACB00088163 /* Service */ = {
			isa = PBXGroup;
			children = (
				EA8A7F031FB18ACB00088163 /* ApiMethod.swift */,
				EA8A7F051FB18ACB00088163 /* ApiService.swift */,
				EA8A7F041FB18ACB00088163 /* ApiService+BackgroundEvents.swift */,
			);
			path = Service;
			sourceTree = "<group>";
		};
		EA8A7F061FB18ACB00088163 /* StatusCode */ = {
			isa = PBXGroup;
			children = (
				EA8A7F0C1FB18ACB00088163 /* StatusCodeType.swift */,
				EA8A7F081FB18ACB00088163 /* InfoStatusCodeType.swift */,
				EA8A7F0D1FB18ACB00088163 /* SuccessStatusCodeType.swift */,
				EA8A7F091FB18ACB00088163 /* RedirectionStatusCodeType.swift */,
				EA8A7F071FB18ACB00088163 /* ClientErrorStatusCodeType.swift */,
				EA8A7F0A1FB18ACB00088163 /* ServerErrorStatusCodeType.swift */,
				EA8A7F0E1FB18ACB00088163 /* UnknownStatusCodeType.swift */,
				EA8A7F0B1FB18ACB00088163 /* StatusCode.swift */,
			);
			path = StatusCode;
			sourceTree = "<group>";
		};
		EA8A7F0F1FB18ACB00088163 /* Dependencies */ = {
			isa = PBXGroup;
			children = (
				EA695B892020B461004662B1 /* CoderProvider */,
				EA8A7F101FB18ACB00088163 /* FileManager */,
			);
			path = Dependencies;
			sourceTree = "<group>";
		};
		EA8A7F101FB18ACB00088163 /* FileManager */ = {
			isa = PBXGroup;
			children = (
				EA8A7F121FB18ACB00088163 /* FileManager.swift */,
				EA8A7F111FB18ACB00088163 /* DefaultFileManager.swift */,
			);
			path = FileManager;
			sourceTree = "<group>";
		};
		EA8A7F131FB18ACB00088163 /* HTTPLayer */ = {
			isa = PBXGroup;
			children = (
				EA8A7F141FB18ACB00088163 /* Request */,
				EA8A7F1A1FB18ACB00088163 /* Response */,
				EA8A7F1E1FB18ACB00088163 /* Service */,
			);
			path = HTTPLayer;
			sourceTree = "<group>";
		};
		EA8A7F141FB18ACB00088163 /* Request */ = {
			isa = PBXGroup;
			children = (
				EA8A7F171FB18ACB00088163 /* HttpHeader.swift */,
				EA8A7F181FB18ACB00088163 /* HttpRequest.swift */,
				EA8A7F151FB18ACB00088163 /* HttpDataRequest.swift */,
				EA8A7F191FB18ACB00088163 /* HttpUploadRequest.swift */,
				EA8A7F161FB18ACB00088163 /* HttpDownloadRequest.swift */,
			);
			path = Request;
			sourceTree = "<group>";
		};
		EA8A7F1A1FB18ACB00088163 /* Response */ = {
			isa = PBXGroup;
			children = (
				EA8A7F1D1FB18ACB00088163 /* ResponseAction.swift */,
				EA8A7F1C1FB18ACB00088163 /* HttpResponse.swift */,
				EA8A7F1B1FB18ACB00088163 /* HttpFailureResponse.swift */,
			);
			path = Response;
			sourceTree = "<group>";
		};
		EA8A7F1E1FB18ACB00088163 /* Service */ = {
			isa = PBXGroup;
			children = (
				EA8A7F1F1FB18ACB00088163 /* HttpMethod.swift */,
				EA8A7F221FB18ACB00088163 /* RequestServiceConfiguration.swift */,
				EA8A7F211FB18ACB00088163 /* RequestService.swift */,
				EA8A7F201FB18ACB00088163 /* RequestService+BackgroundEvents.swift */,
			);
			path = Service;
			sourceTree = "<group>";
		};
		EA8A7F231FB18ACB00088163 /* RESTLayer */ = {
			isa = PBXGroup;
			children = (
				EA695B8F2020E806004662B1 /* Request */,
				EA8A7F241FB18ACB00088163 /* Response */,
				EA8A7F281FB18ACB00088163 /* Service */,
			);
			path = RESTLayer;
			sourceTree = "<group>";
		};
		EA8A7F241FB18ACB00088163 /* Response */ = {
			isa = PBXGroup;
			children = (
				EA8A7F261FB18ACB00088163 /* RestResponseCompletion.swift */,
			);
			path = Response;
			sourceTree = "<group>";
		};
		EA8A7F281FB18ACB00088163 /* Service */ = {
			isa = PBXGroup;
			children = (
				EA8A7F2E1FB18ACB00088163 /* RestService.swift */,
				EA8A7F2D1FB18ACB00088163 /* RestService+BackgroundEvents.swift */,
			);
			path = Service;
			sourceTree = "<group>";
		};
		EA8A7F2F1FB18ACB00088163 /* SupportingFiles */ = {
			isa = PBXGroup;
			children = (
				EA8A7F341FB18ACB00088163 /* SwiftAPI.h */,
				EA8A7F301FB18ACB00088163 /* Info-iOS.plist */,
				EA8A7F321FB18ACB00088163 /* Info-tvOS.plist */,
				EA8A7F311FB18ACB00088163 /* Info-macOS.plist */,
				EA8A7F331FB18ACB00088163 /* Info-watchOS.plist */,
			);
			path = SupportingFiles;
			sourceTree = "<group>";
		};
		EA9125741E5ED391006A2801 /* Dependencies */ = {
			isa = PBXGroup;
			children = (
				EA9125751E5ED391006A2801 /* FileManager */,
			);
			path = Dependencies;
			sourceTree = "<group>";
		};
		EA9125751E5ED391006A2801 /* FileManager */ = {
			isa = PBXGroup;
			children = (
				EA9125761E5ED391006A2801 /* DefaultFileManagerTests.swift */,
			);
			path = FileManager;
			sourceTree = "<group>";
		};
		EA93FE3A1E5EC4C700A82381 /* Unit */ = {
			isa = PBXGroup;
			children = (
				EA93FE5D1E5EC4C700A82381 /* RESTLayer */,
				EA93FE3B1E5EC4C700A82381 /* APILayer */,
				EA93FE4E1E5EC4C700A82381 /* HTTPLayer */,
				EA93FE631E5EC4C700A82381 /* SupportingFiles */,
			);
			name = Unit;
			path = Tests/Unit;
			sourceTree = SOURCE_ROOT;
		};
		EA93FE3B1E5EC4C700A82381 /* APILayer */ = {
			isa = PBXGroup;
			children = (
				EA93FE431E5EC4C700A82381 /* StatusCode */,
				EA93FE3C1E5EC4C700A82381 /* Request */,
				EA93FE3E1E5EC4C700A82381 /* Response */,
				EA93FE411E5EC4C700A82381 /* Service */,
			);
			path = APILayer;
			sourceTree = "<group>";
		};
		EA93FE3C1E5EC4C700A82381 /* Request */ = {
			isa = PBXGroup;
			children = (
				EA93FE3D1E5EC4C700A82381 /* ApiHeaderTests.swift */,
			);
			path = Request;
			sourceTree = "<group>";
		};
		EA93FE3E1E5EC4C700A82381 /* Response */ = {
			isa = PBXGroup;
			children = (
				EA93FE3F1E5EC4C700A82381 /* ApiErrorTests.swift */,
				EA93FE401E5EC4C700A82381 /* ApiResponseTests.swift */,
			);
			path = Response;
			sourceTree = "<group>";
		};
		EA93FE411E5EC4C700A82381 /* Service */ = {
			isa = PBXGroup;
			children = (
				EA9C72B11F31A720005DC978 /* ApiMethodTests.swift */,
				EA93FE421E5EC4C700A82381 /* ApiServiceTests.swift */,
			);
			path = Service;
			sourceTree = "<group>";
		};
		EA93FE431E5EC4C700A82381 /* StatusCode */ = {
			isa = PBXGroup;
			children = (
				EA93FE451E5EC4C700A82381 /* InfoStatusCodeTypeTests.swift */,
				EA93FE491E5EC4C700A82381 /* SuccessStatusCodeTypeTests.swift */,
				EA93FE461E5EC4C700A82381 /* RedirectionStatusCodeTypeTests.swift */,
				EA93FE441E5EC4C700A82381 /* ClientErrorStatusCodeTypeTests.swift */,
				EA93FE471E5EC4C700A82381 /* ServerErrorStatusCodeTypeTests.swift */,
				EA93FE4A1E5EC4C700A82381 /* UnknownStatusCodeTypeTests.swift */,
				EA93FE481E5EC4C700A82381 /* StatusCodeTests.swift */,
			);
			path = StatusCode;
			sourceTree = "<group>";
		};
		EA93FE4E1E5EC4C700A82381 /* HTTPLayer */ = {
			isa = PBXGroup;
			children = (
				EA93FE4F1E5EC4C700A82381 /* Request */,
				EA93FE551E5EC4C700A82381 /* Response */,
				EA93FE591E5EC4C700A82381 /* Service */,
			);
			path = HTTPLayer;
			sourceTree = "<group>";
		};
		EA93FE4F1E5EC4C700A82381 /* Request */ = {
			isa = PBXGroup;
			children = (
				EA93FE521E5EC4C700A82381 /* HttpHeaderTests.swift */,
				EA93FE531E5EC4C700A82381 /* HttpRequestTests.swift */,
				EA93FE501E5EC4C700A82381 /* HttpDataRequestTests.swift */,
				EA93FE541E5EC4C700A82381 /* HttpUploadRequestTests.swift */,
				EA93FE511E5EC4C700A82381 /* HttpDownloadRequestTests.swift */,
			);
			path = Request;
			sourceTree = "<group>";
		};
		EA93FE551E5EC4C700A82381 /* Response */ = {
			isa = PBXGroup;
			children = (
				EA93FE571E5EC4C700A82381 /* HttpResponseTests.swift */,
				EA93FE561E5EC4C700A82381 /* HttpFailureResponseTests.swift */,
				EA93FE581E5EC4C700A82381 /* ResponseActionTests.swift */,
			);
			path = Response;
			sourceTree = "<group>";
		};
		EA93FE591E5EC4C700A82381 /* Service */ = {
			isa = PBXGroup;
			children = (
				EA93FE5A1E5EC4C700A82381 /* RequestServiceConfigurationTests.swift */,
				EA93FE5B1E5EC4C700A82381 /* RequestServiceTests.swift */,
			);
			path = Service;
			sourceTree = "<group>";
		};
		EA93FE5D1E5EC4C700A82381 /* RESTLayer */ = {
			isa = PBXGroup;
			children = (
				EA93FE611E5EC4C700A82381 /* Service */,
			);
			path = RESTLayer;
			sourceTree = "<group>";
		};
		EA93FE611E5EC4C700A82381 /* Service */ = {
			isa = PBXGroup;
			children = (
				EA93FE621E5EC4C700A82381 /* RestServiceTests.swift */,
			);
			path = Service;
			sourceTree = "<group>";
		};
		EA93FE631E5EC4C700A82381 /* SupportingFiles */ = {
			isa = PBXGroup;
			children = (
				EA01F3FE1F0E511E001EC5B6 /* Info.plist */,
			);
			name = SupportingFiles;
			sourceTree = "<group>";
		};
		EA93FE821E5EC5C300A82381 /* Functional */ = {
			isa = PBXGroup;
			children = (
				EA93FEB41E5ECAB400A82381 /* RESTLayer */,
				EA93FEAE1E5ECAB400A82381 /* APILayer */,
				EA93FEB01E5ECAB400A82381 /* HTTPLayer */,
				EA9125741E5ED391006A2801 /* Dependencies */,
				EA93FEBB1E5ECAB900A82381 /* SupportingFIles */,
			);
			name = Functional;
			path = Tests/Functional;
			sourceTree = SOURCE_ROOT;
		};
		EA93FEAE1E5ECAB400A82381 /* APILayer */ = {
			isa = PBXGroup;
			children = (
				EA93FEAF1E5ECAB400A82381 /* ApiServiceTests.swift */,
			);
			path = APILayer;
			sourceTree = "<group>";
		};
		EA93FEB01E5ECAB400A82381 /* HTTPLayer */ = {
			isa = PBXGroup;
			children = (
				EA93FEB21E5ECAB400A82381 /* RequestServiceTests.swift */,
			);
			path = HTTPLayer;
			sourceTree = "<group>";
		};
		EA93FEB41E5ECAB400A82381 /* RESTLayer */ = {
			isa = PBXGroup;
			children = (
				EA695B9120211B04004662B1 /* FailableDecodableTests.swift */,
				EA93FEB51E5ECAB400A82381 /* RestServiceTests.swift */,
			);
			path = RESTLayer;
			sourceTree = "<group>";
		};
		EA93FEBB1E5ECAB900A82381 /* SupportingFIles */ = {
			isa = PBXGroup;
			children = (
				EA93FEBC1E5ECAE200A82381 /* Resources.xcassets */,
				EA93FEBD1E5ECAE200A82381 /* testImage.png */,
				EA93FEB31E5ECAB400A82381 /* Info.plist */,
			);
			name = SupportingFIles;
			sourceTree = "<group>";
		};
		EAA0E2A81E5DC43F00A7AA3A /* Metadata */ = {
			isa = PBXGroup;
			children = (
				EA992AA71E56FB4D007E7222 /* README.md */,
				EA992AA31E56FA2F007E7222 /* CHANGELOG.md */,
				EAA0E2A91E5DC4AA00A7AA3A /* LICENSE */,
				EAA0E2AA1E5DC4AA00A7AA3A /* SwiftAPI-beta.podspec */,
				EAA0E2AB1E5DC4AA00A7AA3A /* SwiftAPI.podspec */,
				EA992AA81E56FB4D007E7222 /* script.sh */,
			);
			name = Metadata;
			sourceTree = "<group>";
		};
/* End PBXGroup section */

/* Begin PBXHeadersBuildPhase section */
		EAA0E18B1E5D9A7400A7AA3A /* Headers */ = {
			isa = PBXHeadersBuildPhase;
			buildActionMask = 2147483647;
			files = (
				EA8A7FDF1FB18ACB00088163 /* SwiftAPI.h in Headers */,
			);
			runOnlyForDeploymentPostprocessing = 0;
		};
		EAA0E1981E5D9B0700A7AA3A /* Headers */ = {
			isa = PBXHeadersBuildPhase;
			buildActionMask = 2147483647;
			files = (
				EA8A7FDE1FB18ACB00088163 /* SwiftAPI.h in Headers */,
			);
			runOnlyForDeploymentPostprocessing = 0;
		};
		EAA0E1A51E5D9B6B00A7AA3A /* Headers */ = {
			isa = PBXHeadersBuildPhase;
			buildActionMask = 2147483647;
			files = (
				EA8A7FE01FB18ACB00088163 /* SwiftAPI.h in Headers */,
			);
			runOnlyForDeploymentPostprocessing = 0;
		};
		EAA0E1B21E5D9B8900A7AA3A /* Headers */ = {
			isa = PBXHeadersBuildPhase;
			buildActionMask = 2147483647;
			files = (
				EA8A7FDD1FB18ACB00088163 /* SwiftAPI.h in Headers */,
			);
			runOnlyForDeploymentPostprocessing = 0;
		};
/* End PBXHeadersBuildPhase section */

/* Begin PBXNativeTarget section */
		EA93FE2E1E5EC42A00A82381 /* UnitTests iOS */ = {
			isa = PBXNativeTarget;
			buildConfigurationList = EA93FE371E5EC42A00A82381 /* Build configuration list for PBXNativeTarget "UnitTests iOS" */;
			buildPhases = (
				EA93FE2B1E5EC42A00A82381 /* Sources */,
				EA93FE2C1E5EC42A00A82381 /* Frameworks */,
				EA93FE2D1E5EC42A00A82381 /* Resources */,
			);
			buildRules = (
			);
			dependencies = (
				EA93FE361E5EC42A00A82381 /* PBXTargetDependency */,
			);
			name = "UnitTests iOS";
			productName = "UnitTests iOS";
			productReference = EA93FE2F1E5EC42A00A82381 /* UnitTests iOS.xctest */;
			productType = "com.apple.product-type.bundle.unit-test";
		};
		EA93FEA21E5EC87500A82381 /* FunctionalTests iOS */ = {
			isa = PBXNativeTarget;
			buildConfigurationList = EA93FEAB1E5EC87500A82381 /* Build configuration list for PBXNativeTarget "FunctionalTests iOS" */;
			buildPhases = (
				EA93FE9F1E5EC87500A82381 /* Sources */,
				EA93FEA01E5EC87500A82381 /* Frameworks */,
				EA93FEA11E5EC87500A82381 /* Resources */,
			);
			buildRules = (
			);
			dependencies = (
				EA93FEAA1E5EC87500A82381 /* PBXTargetDependency */,
			);
			name = "FunctionalTests iOS";
			productName = "FunctionalTests iOS";
			productReference = EA93FEA31E5EC87500A82381 /* FunctionalTests iOS.xctest */;
			productType = "com.apple.product-type.bundle.unit-test";
		};
		EAA0E18D1E5D9A7400A7AA3A /* SwiftAPI macOS */ = {
			isa = PBXNativeTarget;
			buildConfigurationList = EAA0E1931E5D9A7400A7AA3A /* Build configuration list for PBXNativeTarget "SwiftAPI macOS" */;
			buildPhases = (
				EAA0E1891E5D9A7400A7AA3A /* Sources */,
				EAA0E18A1E5D9A7400A7AA3A /* Frameworks */,
				EAA0E18B1E5D9A7400A7AA3A /* Headers */,
				EAA0E18C1E5D9A7400A7AA3A /* Resources */,
			);
			buildRules = (
			);
			dependencies = (
			);
			name = "SwiftAPI macOS";
			productName = "SwiftAPI macOS";
			productReference = EAA0E18E1E5D9A7400A7AA3A /* SwiftAPI.framework */;
			productType = "com.apple.product-type.framework";
		};
		EAA0E19A1E5D9B0700A7AA3A /* SwiftAPI tvOS */ = {
			isa = PBXNativeTarget;
			buildConfigurationList = EAA0E1A01E5D9B0700A7AA3A /* Build configuration list for PBXNativeTarget "SwiftAPI tvOS" */;
			buildPhases = (
				EAA0E1961E5D9B0700A7AA3A /* Sources */,
				EAA0E1971E5D9B0700A7AA3A /* Frameworks */,
				EAA0E1981E5D9B0700A7AA3A /* Headers */,
				EAA0E1991E5D9B0700A7AA3A /* Resources */,
			);
			buildRules = (
			);
			dependencies = (
			);
			name = "SwiftAPI tvOS";
			productName = "SwiftAPI tvOS";
			productReference = EAA0E19B1E5D9B0700A7AA3A /* SwiftAPI.framework */;
			productType = "com.apple.product-type.framework";
		};
		EAA0E1A71E5D9B6B00A7AA3A /* SwiftAPI watchOS */ = {
			isa = PBXNativeTarget;
			buildConfigurationList = EAA0E1AD1E5D9B6B00A7AA3A /* Build configuration list for PBXNativeTarget "SwiftAPI watchOS" */;
			buildPhases = (
				EAA0E1A31E5D9B6B00A7AA3A /* Sources */,
				EAA0E1A41E5D9B6B00A7AA3A /* Frameworks */,
				EAA0E1A51E5D9B6B00A7AA3A /* Headers */,
				EAA0E1A61E5D9B6B00A7AA3A /* Resources */,
			);
			buildRules = (
			);
			dependencies = (
			);
			name = "SwiftAPI watchOS";
			productName = "SwiftAPI watchOS";
			productReference = EAA0E1A81E5D9B6B00A7AA3A /* SwiftAPI.framework */;
			productType = "com.apple.product-type.framework";
		};
		EAA0E1B41E5D9B8900A7AA3A /* SwiftAPI iOS */ = {
			isa = PBXNativeTarget;
			buildConfigurationList = EAA0E1BA1E5D9B8900A7AA3A /* Build configuration list for PBXNativeTarget "SwiftAPI iOS" */;
			buildPhases = (
				EAA0E1B01E5D9B8900A7AA3A /* Sources */,
				EAA0E1B11E5D9B8900A7AA3A /* Frameworks */,
				EAA0E1B21E5D9B8900A7AA3A /* Headers */,
				EAA0E1B31E5D9B8900A7AA3A /* Resources */,
			);
			buildRules = (
			);
			dependencies = (
			);
			name = "SwiftAPI iOS";
			productName = "SwiftAPI iOS";
			productReference = EAA0E1B51E5D9B8900A7AA3A /* SwiftAPI.framework */;
			productType = "com.apple.product-type.framework";
		};
/* End PBXNativeTarget section */

/* Begin PBXProject section */
		EA0658081E03EBF000B46CEA /* Project object */ = {
			isa = PBXProject;
			attributes = {
				LastSwiftUpdateCheck = 0820;
				LastUpgradeCheck = 0920;
				ORGANIZATIONNAME = XSolve;
				TargetAttributes = {
					EA93FE2E1E5EC42A00A82381 = {
						CreatedOnToolsVersion = 8.2.1;
						DevelopmentTeam = MHNNR8L946;
						LastSwiftMigration = 0900;
						ProvisioningStyle = Automatic;
					};
					EA93FEA21E5EC87500A82381 = {
						CreatedOnToolsVersion = 8.2.1;
						DevelopmentTeam = MHNNR8L946;
						LastSwiftMigration = 0900;
						ProvisioningStyle = Automatic;
					};
					EAA0E18D1E5D9A7400A7AA3A = {
						CreatedOnToolsVersion = 8.2.1;
						DevelopmentTeam = MHNNR8L946;
						ProvisioningStyle = Automatic;
					};
					EAA0E19A1E5D9B0700A7AA3A = {
						CreatedOnToolsVersion = 8.2.1;
						DevelopmentTeam = MHNNR8L946;
						ProvisioningStyle = Automatic;
					};
					EAA0E1A71E5D9B6B00A7AA3A = {
						CreatedOnToolsVersion = 8.2.1;
						DevelopmentTeam = MHNNR8L946;
						ProvisioningStyle = Automatic;
					};
					EAA0E1B41E5D9B8900A7AA3A = {
						CreatedOnToolsVersion = 8.2.1;
						DevelopmentTeam = MHNNR8L946;
						LastSwiftMigration = 0900;
						ProvisioningStyle = Automatic;
					};
				};
			};
			buildConfigurationList = EA06580B1E03EBF000B46CEA /* Build configuration list for PBXProject "SwiftAPI" */;
			compatibilityVersion = "Xcode 3.2";
			developmentRegion = English;
			hasScannedForEncodings = 0;
			knownRegions = (
				en,
			);
			mainGroup = EA0658071E03EBF000B46CEA;
			productRefGroup = EA0658121E03EBF000B46CEA /* Products */;
			projectDirPath = "";
			projectRoot = "";
			targets = (
				EAA0E1B41E5D9B8900A7AA3A /* SwiftAPI iOS */,
				EAA0E19A1E5D9B0700A7AA3A /* SwiftAPI tvOS */,
				EAA0E18D1E5D9A7400A7AA3A /* SwiftAPI macOS */,
				EAA0E1A71E5D9B6B00A7AA3A /* SwiftAPI watchOS */,
				EA93FE2E1E5EC42A00A82381 /* UnitTests iOS */,
				EA93FEA21E5EC87500A82381 /* FunctionalTests iOS */,
			);
		};
/* End PBXProject section */

/* Begin PBXResourcesBuildPhase section */
		EA93FE2D1E5EC42A00A82381 /* Resources */ = {
			isa = PBXResourcesBuildPhase;
			buildActionMask = 2147483647;
			files = (
			);
			runOnlyForDeploymentPostprocessing = 0;
		};
		EA93FEA11E5EC87500A82381 /* Resources */ = {
			isa = PBXResourcesBuildPhase;
			buildActionMask = 2147483647;
			files = (
				EA93FEC41E5ECAFC00A82381 /* Resources.xcassets in Resources */,
				EA93FEC51E5ECB0000A82381 /* testImage.png in Resources */,
			);
			runOnlyForDeploymentPostprocessing = 0;
		};
		EAA0E18C1E5D9A7400A7AA3A /* Resources */ = {
			isa = PBXResourcesBuildPhase;
			buildActionMask = 2147483647;
			files = (
			);
			runOnlyForDeploymentPostprocessing = 0;
		};
		EAA0E1991E5D9B0700A7AA3A /* Resources */ = {
			isa = PBXResourcesBuildPhase;
			buildActionMask = 2147483647;
			files = (
			);
			runOnlyForDeploymentPostprocessing = 0;
		};
		EAA0E1A61E5D9B6B00A7AA3A /* Resources */ = {
			isa = PBXResourcesBuildPhase;
			buildActionMask = 2147483647;
			files = (
			);
			runOnlyForDeploymentPostprocessing = 0;
		};
		EAA0E1B31E5D9B8900A7AA3A /* Resources */ = {
			isa = PBXResourcesBuildPhase;
			buildActionMask = 2147483647;
			files = (
			);
			runOnlyForDeploymentPostprocessing = 0;
		};
/* End PBXResourcesBuildPhase section */

/* Begin PBXSourcesBuildPhase section */
		EA93FE2B1E5EC42A00A82381 /* Sources */ = {
			isa = PBXSourcesBuildPhase;
			buildActionMask = 2147483647;
			files = (
				EA93FE8A1E5EC66000A82381 /* ServerErrorStatusCodeTypeTests.swift in Sources */,
				EA93FE951E5EC68900A82381 /* HttpDownloadRequestTests.swift in Sources */,
				EA93FE871E5EC65000A82381 /* SuccessStatusCodeTypeTests.swift in Sources */,
				EA93FE881E5EC65800A82381 /* RedirectionStatusCodeTypeTests.swift in Sources */,
				EA93FE9A1E5EC69B00A82381 /* RequestServiceTests.swift in Sources */,
				EA93FE971E5EC68F00A82381 /* HttpFailureResponseTests.swift in Sources */,
				EA93FE8E1E5EC66F00A82381 /* ApiErrorTests.swift in Sources */,
				EA93FE961E5EC68C00A82381 /* HttpResponseTests.swift in Sources */,
				EA93FE861E5EC64C00A82381 /* InfoStatusCodeTypeTests.swift in Sources */,
				EA93FE8D1E5EC66B00A82381 /* ApiHeaderTests.swift in Sources */,
				EA93FE891E5EC65D00A82381 /* ClientErrorStatusCodeTypeTests.swift in Sources */,
				EA93FE981E5EC69300A82381 /* ResponseActionTests.swift in Sources */,
				EA93FE8C1E5EC66700A82381 /* StatusCodeTests.swift in Sources */,
				EA93FE941E5EC68500A82381 /* HttpUploadRequestTests.swift in Sources */,
				EA93FE991E5EC69700A82381 /* RequestServiceConfigurationTests.swift in Sources */,
				EA93FE931E5EC68200A82381 /* HttpDataRequestTests.swift in Sources */,
				EA9C72B21F31A720005DC978 /* ApiMethodTests.swift in Sources */,
				EA93FE921E5EC67F00A82381 /* HttpRequestTests.swift in Sources */,
				EA93FE8F1E5EC67200A82381 /* ApiResponseTests.swift in Sources */,
				EA93FE911E5EC67B00A82381 /* HttpHeaderTests.swift in Sources */,
				EA93FE8B1E5EC66300A82381 /* UnknownStatusCodeTypeTests.swift in Sources */,
				EA93FE851E5EC64800A82381 /* RestServiceTests.swift in Sources */,
				EA93FE901E5EC67700A82381 /* ApiServiceTests.swift in Sources */,
			);
			runOnlyForDeploymentPostprocessing = 0;
		};
		EA93FE9F1E5EC87500A82381 /* Sources */ = {
			isa = PBXSourcesBuildPhase;
			buildActionMask = 2147483647;
			files = (
				EA9125781E5ED3B1006A2801 /* DefaultFileManagerTests.swift in Sources */,
				EA93FEC01E5ECAEB00A82381 /* ApiServiceTests.swift in Sources */,
				EA9F374B20218FED008DEFF3 /* FailableDecodableTests.swift in Sources */,
				EA93FEC21E5ECAF400A82381 /* RequestServiceTests.swift in Sources */,
				EA93FEC31E5ECAF800A82381 /* RestServiceTests.swift in Sources */,
			);
			runOnlyForDeploymentPostprocessing = 0;
		};
		EAA0E1891E5D9A7400A7AA3A /* Sources */ = {
			isa = PBXSourcesBuildPhase;
			buildActionMask = 2147483647;
			files = (
				EA8A7F5B1FB18ACB00088163 /* InfoStatusCodeType.swift in Sources */,
				EA8A7F7F1FB18ACB00088163 /* HttpDataRequest.swift in Sources */,
				EA8A7F3F1FB18ACB00088163 /* ApiError.swift in Sources */,
				EA8A7F431FB18ACB00088163 /* ApiResponse.swift in Sources */,
				EA8A7F571FB18ACB00088163 /* ClientErrorStatusCodeType.swift in Sources */,
				EA8A7F871FB18ACB00088163 /* HttpHeader.swift in Sources */,
				EA8A7F5F1FB18ACB00088163 /* RedirectionStatusCodeType.swift in Sources */,
				EA8A7F971FB18ACB00088163 /* HttpResponse.swift in Sources */,
				EA8A7FA71FB18ACB00088163 /* RequestService.swift in Sources */,
				EA8A7F9F1FB18ACB00088163 /* HttpMethod.swift in Sources */,
				EA8A7F931FB18ACB00088163 /* HttpFailureResponse.swift in Sources */,
				EA8A7F631FB18ACB00088163 /* ServerErrorStatusCodeType.swift in Sources */,
				EA8A7F371FB18ACB00088163 /* ApiHeader.swift in Sources */,
				EA8A7FAB1FB18ACB00088163 /* RequestServiceConfiguration.swift in Sources */,
				EA8A7F4B1FB18ACB00088163 /* ApiMethod.swift in Sources */,
				EA8A7F731FB18ACB00088163 /* UnknownStatusCodeType.swift in Sources */,
				EA8A7F531FB18ACB00088163 /* ApiService.swift in Sources */,
				EA8A7F7B1FB18ACB00088163 /* FileManager.swift in Sources */,
				EA695B8D2020B48A004662B1 /* DefaultCoderProvider.swift in Sources */,
				EA8A7F831FB18ACB00088163 /* HttpDownloadRequest.swift in Sources */,
				EA8A7FB31FB18ACB00088163 /* RestResponseCompletion.swift in Sources */,
				EA8A7F8F1FB18ACB00088163 /* HttpUploadRequest.swift in Sources */,
				EA8A7F6F1FB18ACB00088163 /* SuccessStatusCodeType.swift in Sources */,
				EAC18315201B6E5500767037 /* CoderProvider.swift in Sources */,
				EA8A7F3B1FB18ACB00088163 /* ApiRequest.swift in Sources */,
				EA8A7F771FB18ACB00088163 /* DefaultFileManager.swift in Sources */,
				EA8A7F671FB18ACB00088163 /* StatusCode.swift in Sources */,
				EA8A7F6B1FB18ACB00088163 /* StatusCodeType.swift in Sources */,
				EA8A7F9B1FB18ACB00088163 /* ResponseAction.swift in Sources */,
				EA8A7F8B1FB18ACB00088163 /* HttpRequest.swift in Sources */,
				EA8A7F471FB18ACB00088163 /* ApiResponseCompletionHandler.swift in Sources */,
				EA8A7FCB1FB18ACB00088163 /* RestService.swift in Sources */,
			);
			runOnlyForDeploymentPostprocessing = 0;
		};
		EAA0E1961E5D9B0700A7AA3A /* Sources */ = {
			isa = PBXSourcesBuildPhase;
			buildActionMask = 2147483647;
			files = (
				EA8A7F761FB18ACB00088163 /* DefaultFileManager.swift in Sources */,
				EA8A7F7A1FB18ACB00088163 /* FileManager.swift in Sources */,
				EA8A7F961FB18ACB00088163 /* HttpResponse.swift in Sources */,
				EA8A7F8A1FB18ACB00088163 /* HttpRequest.swift in Sources */,
				EA8A7F5E1FB18ACB00088163 /* RedirectionStatusCodeType.swift in Sources */,
				EA8A7F5A1FB18ACB00088163 /* InfoStatusCodeType.swift in Sources */,
				EAC18314201B6E5500767037 /* CoderProvider.swift in Sources */,
				EA8A7FCA1FB18ACB00088163 /* RestService.swift in Sources */,
				EA8A7F721FB18ACB00088163 /* UnknownStatusCodeType.swift in Sources */,
				EA8A7FC61FB18ACB00088163 /* RestService+BackgroundEvents.swift in Sources */,
				EA8A7F921FB18ACB00088163 /* HttpFailureResponse.swift in Sources */,
				EA8A7F7E1FB18ACB00088163 /* HttpDataRequest.swift in Sources */,
				EA8A7FA21FB18ACB00088163 /* RequestService+BackgroundEvents.swift in Sources */,
				EA8A7F3E1FB18ACB00088163 /* ApiError.swift in Sources */,
				EA8A7F6A1FB18ACB00088163 /* StatusCodeType.swift in Sources */,
				EA8A7F3A1FB18ACB00088163 /* ApiRequest.swift in Sources */,
				EA8A7FA61FB18ACB00088163 /* RequestService.swift in Sources */,
				EA8A7F8E1FB18ACB00088163 /* HttpUploadRequest.swift in Sources */,
				EA8A7F9A1FB18ACB00088163 /* ResponseAction.swift in Sources */,
				EA8A7F661FB18ACB00088163 /* StatusCode.swift in Sources */,
				EA8A7F6E1FB18ACB00088163 /* SuccessStatusCodeType.swift in Sources */,
				EA8A7F861FB18ACB00088163 /* HttpHeader.swift in Sources */,
				EA8A7F9E1FB18ACB00088163 /* HttpMethod.swift in Sources */,
				EA8A7FAA1FB18ACB00088163 /* RequestServiceConfiguration.swift in Sources */,
				EA8A7F361FB18ACB00088163 /* ApiHeader.swift in Sources */,
				EA8A7F521FB18ACB00088163 /* ApiService.swift in Sources */,
				EA8A7F4E1FB18ACB00088163 /* ApiService+BackgroundEvents.swift in Sources */,
				EA695B8C2020B48A004662B1 /* DefaultCoderProvider.swift in Sources */,
				EA8A7F621FB18ACB00088163 /* ServerErrorStatusCodeType.swift in Sources */,
				EA8A7F421FB18ACB00088163 /* ApiResponse.swift in Sources */,
				EA8A7F561FB18ACB00088163 /* ClientErrorStatusCodeType.swift in Sources */,
				EA8A7FB21FB18ACB00088163 /* RestResponseCompletion.swift in Sources */,
				EA8A7F4A1FB18ACB00088163 /* ApiMethod.swift in Sources */,
				EA8A7F461FB18ACB00088163 /* ApiResponseCompletionHandler.swift in Sources */,
				EA8A7F821FB18ACB00088163 /* HttpDownloadRequest.swift in Sources */,
			);
			runOnlyForDeploymentPostprocessing = 0;
		};
		EAA0E1A31E5D9B6B00A7AA3A /* Sources */ = {
			isa = PBXSourcesBuildPhase;
			buildActionMask = 2147483647;
			files = (
				EA8A7F781FB18ACB00088163 /* DefaultFileManager.swift in Sources */,
				EA8A7F7C1FB18ACB00088163 /* FileManager.swift in Sources */,
				EA8A7F981FB18ACB00088163 /* HttpResponse.swift in Sources */,
				EA8A7F8C1FB18ACB00088163 /* HttpRequest.swift in Sources */,
				EA8A7F601FB18ACB00088163 /* RedirectionStatusCodeType.swift in Sources */,
				EA8A7F5C1FB18ACB00088163 /* InfoStatusCodeType.swift in Sources */,
				EAC18316201B6E5500767037 /* CoderProvider.swift in Sources */,
				EA8A7FCC1FB18ACB00088163 /* RestService.swift in Sources */,
				EA8A7F741FB18ACB00088163 /* UnknownStatusCodeType.swift in Sources */,
				EA8A7FC81FB18ACB00088163 /* RestService+BackgroundEvents.swift in Sources */,
				EA8A7F941FB18ACB00088163 /* HttpFailureResponse.swift in Sources */,
				EA8A7F801FB18ACB00088163 /* HttpDataRequest.swift in Sources */,
				EA8A7FA41FB18ACB00088163 /* RequestService+BackgroundEvents.swift in Sources */,
				EA8A7F401FB18ACB00088163 /* ApiError.swift in Sources */,
				EA8A7F6C1FB18ACB00088163 /* StatusCodeType.swift in Sources */,
				EA8A7F3C1FB18ACB00088163 /* ApiRequest.swift in Sources */,
				EA8A7FA81FB18ACB00088163 /* RequestService.swift in Sources */,
				EA8A7F901FB18ACB00088163 /* HttpUploadRequest.swift in Sources */,
				EA8A7F9C1FB18ACB00088163 /* ResponseAction.swift in Sources */,
				EA8A7F681FB18ACB00088163 /* StatusCode.swift in Sources */,
				EA8A7F701FB18ACB00088163 /* SuccessStatusCodeType.swift in Sources */,
				EA8A7F881FB18ACB00088163 /* HttpHeader.swift in Sources */,
				EA8A7FA01FB18ACB00088163 /* HttpMethod.swift in Sources */,
				EA8A7FAC1FB18ACB00088163 /* RequestServiceConfiguration.swift in Sources */,
				EA8A7F381FB18ACB00088163 /* ApiHeader.swift in Sources */,
				EA8A7F541FB18ACB00088163 /* ApiService.swift in Sources */,
				EA8A7F501FB18ACB00088163 /* ApiService+BackgroundEvents.swift in Sources */,
				EA695B8E2020B48A004662B1 /* DefaultCoderProvider.swift in Sources */,
				EA8A7F641FB18ACB00088163 /* ServerErrorStatusCodeType.swift in Sources */,
				EA8A7F441FB18ACB00088163 /* ApiResponse.swift in Sources */,
				EA8A7F581FB18ACB00088163 /* ClientErrorStatusCodeType.swift in Sources */,
				EA8A7FB41FB18ACB00088163 /* RestResponseCompletion.swift in Sources */,
				EA8A7F4C1FB18ACB00088163 /* ApiMethod.swift in Sources */,
				EA8A7F481FB18ACB00088163 /* ApiResponseCompletionHandler.swift in Sources */,
				EA8A7F841FB18ACB00088163 /* HttpDownloadRequest.swift in Sources */,
			);
			runOnlyForDeploymentPostprocessing = 0;
		};
		EAA0E1B01E5D9B8900A7AA3A /* Sources */ = {
			isa = PBXSourcesBuildPhase;
			buildActionMask = 2147483647;
			files = (
				EA8A7F4D1FB18ACB00088163 /* ApiService+BackgroundEvents.swift in Sources */,
				EA8A7F391FB18ACB00088163 /* ApiRequest.swift in Sources */,
				EA8A7FB11FB18ACB00088163 /* RestResponseCompletion.swift in Sources */,
				EA8A7F551FB18ACB00088163 /* ClientErrorStatusCodeType.swift in Sources */,
				EA695B8B2020B48A004662B1 /* DefaultCoderProvider.swift in Sources */,
				EA8A7F511FB18ACB00088163 /* ApiService.swift in Sources */,
				EA8A7F851FB18ACB00088163 /* HttpHeader.swift in Sources */,
				EAC18313201B6E5500767037 /* CoderProvider.swift in Sources */,
				EA8A7F751FB18ACB00088163 /* DefaultFileManager.swift in Sources */,
				EA8A7F5D1FB18ACB00088163 /* RedirectionStatusCodeType.swift in Sources */,
				EA8A7FC91FB18ACB00088163 /* RestService.swift in Sources */,
				EA8A7F451FB18ACB00088163 /* ApiResponseCompletionHandler.swift in Sources */,
				EA8A7F791FB18ACB00088163 /* FileManager.swift in Sources */,
				EA8A7F3D1FB18ACB00088163 /* ApiError.swift in Sources */,
				EA8A7F411FB18ACB00088163 /* ApiResponse.swift in Sources */,
				EA2A8F8F201B9FD8003721F0 /* FailableDecodable.swift in Sources */,
				EA8A7F811FB18ACB00088163 /* HttpDownloadRequest.swift in Sources */,
				EA8A7FA51FB18ACB00088163 /* RequestService.swift in Sources */,
				EA8A7F691FB18ACB00088163 /* StatusCodeType.swift in Sources */,
				EA8A7FA11FB18ACB00088163 /* RequestService+BackgroundEvents.swift in Sources */,
				EA8A7F9D1FB18ACB00088163 /* HttpMethod.swift in Sources */,
				EA8A7F991FB18ACB00088163 /* ResponseAction.swift in Sources */,
				EA8A7F7D1FB18ACB00088163 /* HttpDataRequest.swift in Sources */,
				EA8A7F591FB18ACB00088163 /* InfoStatusCodeType.swift in Sources */,
				EA8A7F491FB18ACB00088163 /* ApiMethod.swift in Sources */,
				EA8A7F651FB18ACB00088163 /* StatusCode.swift in Sources */,
				EA8A7F911FB18ACB00088163 /* HttpFailureResponse.swift in Sources */,
				EA8A7F351FB18ACB00088163 /* ApiHeader.swift in Sources */,
				EA8A7FC51FB18ACB00088163 /* RestService+BackgroundEvents.swift in Sources */,
				EA695B8820209D1D004662B1 /* ResourcePath.swift in Sources */,
				EA8A7F8D1FB18ACB00088163 /* HttpUploadRequest.swift in Sources */,
				EA8A7F951FB18ACB00088163 /* HttpResponse.swift in Sources */,
				EA8A7FA91FB18ACB00088163 /* RequestServiceConfiguration.swift in Sources */,
				EA8A7F891FB18ACB00088163 /* HttpRequest.swift in Sources */,
				EA8A7F6D1FB18ACB00088163 /* SuccessStatusCodeType.swift in Sources */,
				EA8A7F711FB18ACB00088163 /* UnknownStatusCodeType.swift in Sources */,
				EA8A7F611FB18ACB00088163 /* ServerErrorStatusCodeType.swift in Sources */,
			);
			runOnlyForDeploymentPostprocessing = 0;
		};
/* End PBXSourcesBuildPhase section */

/* Begin PBXTargetDependency section */
		EA93FE361E5EC42A00A82381 /* PBXTargetDependency */ = {
			isa = PBXTargetDependency;
			target = EAA0E1B41E5D9B8900A7AA3A /* SwiftAPI iOS */;
			targetProxy = EA93FE351E5EC42A00A82381 /* PBXContainerItemProxy */;
		};
		EA93FEAA1E5EC87500A82381 /* PBXTargetDependency */ = {
			isa = PBXTargetDependency;
			target = EAA0E1B41E5D9B8900A7AA3A /* SwiftAPI iOS */;
			targetProxy = EA93FEA91E5EC87500A82381 /* PBXContainerItemProxy */;
		};
/* End PBXTargetDependency section */

/* Begin XCBuildConfiguration section */
		EA0658231E03EBF000B46CEA /* Debug */ = {
			isa = XCBuildConfiguration;
			buildSettings = {
				ALWAYS_SEARCH_USER_PATHS = NO;
				CLANG_ANALYZER_NONNULL = YES;
				CLANG_CXX_LANGUAGE_STANDARD = "gnu++0x";
				CLANG_CXX_LIBRARY = "libc++";
				CLANG_ENABLE_MODULES = YES;
				CLANG_ENABLE_OBJC_ARC = YES;
				CLANG_WARN_BLOCK_CAPTURE_AUTORELEASING = YES;
				CLANG_WARN_BOOL_CONVERSION = YES;
				CLANG_WARN_COMMA = YES;
				CLANG_WARN_CONSTANT_CONVERSION = YES;
				CLANG_WARN_DIRECT_OBJC_ISA_USAGE = YES_ERROR;
				CLANG_WARN_DOCUMENTATION_COMMENTS = YES;
				CLANG_WARN_EMPTY_BODY = YES;
				CLANG_WARN_ENUM_CONVERSION = YES;
				CLANG_WARN_INFINITE_RECURSION = YES;
				CLANG_WARN_INT_CONVERSION = YES;
				CLANG_WARN_NON_LITERAL_NULL_CONVERSION = YES;
				CLANG_WARN_OBJC_LITERAL_CONVERSION = YES;
				CLANG_WARN_OBJC_ROOT_CLASS = YES_ERROR;
				CLANG_WARN_RANGE_LOOP_ANALYSIS = YES;
				CLANG_WARN_STRICT_PROTOTYPES = YES;
				CLANG_WARN_SUSPICIOUS_MOVE = YES;
				CLANG_WARN_SUSPICIOUS_MOVES = YES;
				CLANG_WARN_UNREACHABLE_CODE = YES;
				CLANG_WARN__DUPLICATE_METHOD_MATCH = YES;
				"CODE_SIGN_IDENTITY[sdk=iphoneos*]" = "iPhone Developer";
				COPY_PHASE_STRIP = NO;
				CURRENT_PROJECT_VERSION = 1;
				DEBUG_INFORMATION_FORMAT = dwarf;
				ENABLE_STRICT_OBJC_MSGSEND = YES;
				ENABLE_TESTABILITY = YES;
				GCC_C_LANGUAGE_STANDARD = gnu99;
				GCC_DYNAMIC_NO_PIC = NO;
				GCC_NO_COMMON_BLOCKS = YES;
				GCC_OPTIMIZATION_LEVEL = 0;
				GCC_PREPROCESSOR_DEFINITIONS = (
					"DEBUG=1",
					"$(inherited)",
				);
				GCC_WARN_64_TO_32_BIT_CONVERSION = YES;
				GCC_WARN_ABOUT_RETURN_TYPE = YES_ERROR;
				GCC_WARN_UNDECLARED_SELECTOR = YES;
				GCC_WARN_UNINITIALIZED_AUTOS = YES_AGGRESSIVE;
				GCC_WARN_UNUSED_FUNCTION = YES;
				GCC_WARN_UNUSED_VARIABLE = YES;
				IPHONEOS_DEPLOYMENT_TARGET = 8.0;
				MTL_ENABLE_DEBUG_INFO = YES;
				ONLY_ACTIVE_ARCH = YES;
				SDKROOT = iphoneos;
				SWIFT_ACTIVE_COMPILATION_CONDITIONS = DEBUG;
				SWIFT_OPTIMIZATION_LEVEL = "-Onone";
				TARGETED_DEVICE_FAMILY = "1,2";
				VERSIONING_SYSTEM = "apple-generic";
				VERSION_INFO_PREFIX = "";
			};
			name = Debug;
		};
		EA0658241E03EBF000B46CEA /* Release */ = {
			isa = XCBuildConfiguration;
			buildSettings = {
				ALWAYS_SEARCH_USER_PATHS = NO;
				CLANG_ANALYZER_NONNULL = YES;
				CLANG_CXX_LANGUAGE_STANDARD = "gnu++0x";
				CLANG_CXX_LIBRARY = "libc++";
				CLANG_ENABLE_MODULES = YES;
				CLANG_ENABLE_OBJC_ARC = YES;
				CLANG_WARN_BLOCK_CAPTURE_AUTORELEASING = YES;
				CLANG_WARN_BOOL_CONVERSION = YES;
				CLANG_WARN_COMMA = YES;
				CLANG_WARN_CONSTANT_CONVERSION = YES;
				CLANG_WARN_DIRECT_OBJC_ISA_USAGE = YES_ERROR;
				CLANG_WARN_DOCUMENTATION_COMMENTS = YES;
				CLANG_WARN_EMPTY_BODY = YES;
				CLANG_WARN_ENUM_CONVERSION = YES;
				CLANG_WARN_INFINITE_RECURSION = YES;
				CLANG_WARN_INT_CONVERSION = YES;
				CLANG_WARN_NON_LITERAL_NULL_CONVERSION = YES;
				CLANG_WARN_OBJC_LITERAL_CONVERSION = YES;
				CLANG_WARN_OBJC_ROOT_CLASS = YES_ERROR;
				CLANG_WARN_RANGE_LOOP_ANALYSIS = YES;
				CLANG_WARN_STRICT_PROTOTYPES = YES;
				CLANG_WARN_SUSPICIOUS_MOVE = YES;
				CLANG_WARN_SUSPICIOUS_MOVES = YES;
				CLANG_WARN_UNREACHABLE_CODE = YES;
				CLANG_WARN__DUPLICATE_METHOD_MATCH = YES;
				"CODE_SIGN_IDENTITY[sdk=iphoneos*]" = "iPhone Developer";
				COPY_PHASE_STRIP = NO;
				CURRENT_PROJECT_VERSION = 1;
				DEBUG_INFORMATION_FORMAT = "dwarf-with-dsym";
				ENABLE_NS_ASSERTIONS = NO;
				ENABLE_STRICT_OBJC_MSGSEND = YES;
				GCC_C_LANGUAGE_STANDARD = gnu99;
				GCC_NO_COMMON_BLOCKS = YES;
				GCC_WARN_64_TO_32_BIT_CONVERSION = YES;
				GCC_WARN_ABOUT_RETURN_TYPE = YES_ERROR;
				GCC_WARN_UNDECLARED_SELECTOR = YES;
				GCC_WARN_UNINITIALIZED_AUTOS = YES_AGGRESSIVE;
				GCC_WARN_UNUSED_FUNCTION = YES;
				GCC_WARN_UNUSED_VARIABLE = YES;
				IPHONEOS_DEPLOYMENT_TARGET = 8.0;
				MTL_ENABLE_DEBUG_INFO = NO;
				SDKROOT = iphoneos;
				SWIFT_OPTIMIZATION_LEVEL = "-Owholemodule";
				TARGETED_DEVICE_FAMILY = "1,2";
				VALIDATE_PRODUCT = YES;
				VERSIONING_SYSTEM = "apple-generic";
				VERSION_INFO_PREFIX = "";
			};
			name = Release;
		};
		EA93FE381E5EC42A00A82381 /* Debug */ = {
			isa = XCBuildConfiguration;
			buildSettings = {
				DEVELOPMENT_TEAM = MHNNR8L946;
				INFOPLIST_FILE = Tests/Unit/Info.plist;
				IPHONEOS_DEPLOYMENT_TARGET = 10.2;
				LD_RUNPATH_SEARCH_PATHS = "$(inherited) @executable_path/Frameworks @loader_path/Frameworks";
				PRODUCT_BUNDLE_IDENTIFIER = "pl.xsolve.UnitTests-iOS";
				PRODUCT_NAME = "$(TARGET_NAME)";
				SWIFT_VERSION = 4.0;
			};
			name = Debug;
		};
		EA93FE391E5EC42A00A82381 /* Release */ = {
			isa = XCBuildConfiguration;
			buildSettings = {
				DEVELOPMENT_TEAM = MHNNR8L946;
				INFOPLIST_FILE = Tests/Unit/Info.plist;
				IPHONEOS_DEPLOYMENT_TARGET = 10.2;
				LD_RUNPATH_SEARCH_PATHS = "$(inherited) @executable_path/Frameworks @loader_path/Frameworks";
				PRODUCT_BUNDLE_IDENTIFIER = "pl.xsolve.UnitTests-iOS";
				PRODUCT_NAME = "$(TARGET_NAME)";
				SWIFT_VERSION = 4.0;
			};
			name = Release;
		};
		EA93FEAC1E5EC87500A82381 /* Debug */ = {
			isa = XCBuildConfiguration;
			buildSettings = {
				DEVELOPMENT_TEAM = MHNNR8L946;
				INFOPLIST_FILE = Tests/Functional/Info.plist;
				IPHONEOS_DEPLOYMENT_TARGET = 10.2;
				LD_RUNPATH_SEARCH_PATHS = "$(inherited) @executable_path/Frameworks @loader_path/Frameworks";
				PRODUCT_BUNDLE_IDENTIFIER = "pl.xsolve.FunctionalTests-iOS";
				PRODUCT_NAME = "$(TARGET_NAME)";
				SWIFT_VERSION = 4.0;
			};
			name = Debug;
		};
		EA93FEAD1E5EC87500A82381 /* Release */ = {
			isa = XCBuildConfiguration;
			buildSettings = {
				DEVELOPMENT_TEAM = MHNNR8L946;
				INFOPLIST_FILE = Tests/Functional/Info.plist;
				IPHONEOS_DEPLOYMENT_TARGET = 10.2;
				LD_RUNPATH_SEARCH_PATHS = "$(inherited) @executable_path/Frameworks @loader_path/Frameworks";
				PRODUCT_BUNDLE_IDENTIFIER = "pl.xsolve.FunctionalTests-iOS";
				PRODUCT_NAME = "$(TARGET_NAME)";
				SWIFT_VERSION = 4.0;
			};
			name = Release;
		};
		EAA0E1941E5D9A7400A7AA3A /* Debug */ = {
			isa = XCBuildConfiguration;
			buildSettings = {
				APPLICATION_EXTENSION_API_ONLY = YES;
				CODE_SIGN_IDENTITY = "-";
				COMBINE_HIDPI_IMAGES = YES;
				DEFINES_MODULE = YES;
				DEVELOPMENT_TEAM = MHNNR8L946;
				DYLIB_COMPATIBILITY_VERSION = 1;
				DYLIB_CURRENT_VERSION = 1;
				DYLIB_INSTALL_NAME_BASE = "@rpath";
				FRAMEWORK_VERSION = A;
				INFOPLIST_FILE = "Sources/SupportingFiles/Info-macOS.plist";
				INSTALL_PATH = "$(LOCAL_LIBRARY_DIR)/Frameworks";
				LD_RUNPATH_SEARCH_PATHS = "$(inherited) @executable_path/../Frameworks @loader_path/Frameworks";
				MACOSX_DEPLOYMENT_TARGET = 10.10;
				PRODUCT_BUNDLE_IDENTIFIER = "pl.xsolve.SwiftAPI-macOS";
				PRODUCT_NAME = SwiftAPI;
				SDKROOT = macosx;
				SKIP_INSTALL = YES;
				SWIFT_VERSION = 4.0;
			};
			name = Debug;
		};
		EAA0E1951E5D9A7400A7AA3A /* Release */ = {
			isa = XCBuildConfiguration;
			buildSettings = {
				APPLICATION_EXTENSION_API_ONLY = YES;
				CODE_SIGN_IDENTITY = "-";
				COMBINE_HIDPI_IMAGES = YES;
				DEFINES_MODULE = YES;
				DEVELOPMENT_TEAM = MHNNR8L946;
				DYLIB_COMPATIBILITY_VERSION = 1;
				DYLIB_CURRENT_VERSION = 1;
				DYLIB_INSTALL_NAME_BASE = "@rpath";
				FRAMEWORK_VERSION = A;
				INFOPLIST_FILE = "Sources/SupportingFiles/Info-macOS.plist";
				INSTALL_PATH = "$(LOCAL_LIBRARY_DIR)/Frameworks";
				LD_RUNPATH_SEARCH_PATHS = "$(inherited) @executable_path/../Frameworks @loader_path/Frameworks";
				MACOSX_DEPLOYMENT_TARGET = 10.10;
				PRODUCT_BUNDLE_IDENTIFIER = "pl.xsolve.SwiftAPI-macOS";
				PRODUCT_NAME = SwiftAPI;
				SDKROOT = macosx;
				SKIP_INSTALL = YES;
				SWIFT_VERSION = 4.0;
			};
			name = Release;
		};
		EAA0E1A11E5D9B0700A7AA3A /* Debug */ = {
			isa = XCBuildConfiguration;
			buildSettings = {
				APPLICATION_EXTENSION_API_ONLY = YES;
				CODE_SIGN_IDENTITY = "";
				DEFINES_MODULE = YES;
				DEVELOPMENT_TEAM = MHNNR8L946;
				DYLIB_COMPATIBILITY_VERSION = 1;
				DYLIB_CURRENT_VERSION = 1;
				DYLIB_INSTALL_NAME_BASE = "@rpath";
				INFOPLIST_FILE = "Sources/SupportingFiles/Info-tvOS.plist";
				INSTALL_PATH = "$(LOCAL_LIBRARY_DIR)/Frameworks";
				LD_RUNPATH_SEARCH_PATHS = "$(inherited) @executable_path/Frameworks @loader_path/Frameworks";
				PRODUCT_BUNDLE_IDENTIFIER = "pl.xsolve.SwiftAPI-tvOS";
				PRODUCT_NAME = SwiftAPI;
				SDKROOT = appletvos;
				SKIP_INSTALL = YES;
				SWIFT_VERSION = 4.0;
				TARGETED_DEVICE_FAMILY = 3;
				TVOS_DEPLOYMENT_TARGET = 9.0;
			};
			name = Debug;
		};
		EAA0E1A21E5D9B0700A7AA3A /* Release */ = {
			isa = XCBuildConfiguration;
			buildSettings = {
				APPLICATION_EXTENSION_API_ONLY = YES;
				CODE_SIGN_IDENTITY = "";
				DEFINES_MODULE = YES;
				DEVELOPMENT_TEAM = MHNNR8L946;
				DYLIB_COMPATIBILITY_VERSION = 1;
				DYLIB_CURRENT_VERSION = 1;
				DYLIB_INSTALL_NAME_BASE = "@rpath";
				INFOPLIST_FILE = "Sources/SupportingFiles/Info-tvOS.plist";
				INSTALL_PATH = "$(LOCAL_LIBRARY_DIR)/Frameworks";
				LD_RUNPATH_SEARCH_PATHS = "$(inherited) @executable_path/Frameworks @loader_path/Frameworks";
				PRODUCT_BUNDLE_IDENTIFIER = "pl.xsolve.SwiftAPI-tvOS";
				PRODUCT_NAME = SwiftAPI;
				SDKROOT = appletvos;
				SKIP_INSTALL = YES;
				SWIFT_VERSION = 4.0;
				TARGETED_DEVICE_FAMILY = 3;
				TVOS_DEPLOYMENT_TARGET = 9.0;
			};
			name = Release;
		};
		EAA0E1AE1E5D9B6B00A7AA3A /* Debug */ = {
			isa = XCBuildConfiguration;
			buildSettings = {
				APPLICATION_EXTENSION_API_ONLY = YES;
				CODE_SIGN_IDENTITY = "";
				DEFINES_MODULE = YES;
				DEVELOPMENT_TEAM = MHNNR8L946;
				DYLIB_COMPATIBILITY_VERSION = 1;
				DYLIB_CURRENT_VERSION = 1;
				DYLIB_INSTALL_NAME_BASE = "@rpath";
				INFOPLIST_FILE = "Sources/SupportingFiles/Info-watchOS.plist";
				INSTALL_PATH = "$(LOCAL_LIBRARY_DIR)/Frameworks";
				LD_RUNPATH_SEARCH_PATHS = "$(inherited) @executable_path/Frameworks @loader_path/Frameworks";
				PRODUCT_BUNDLE_IDENTIFIER = "pl.xsolve.SwiftAPI-watchOS";
				PRODUCT_NAME = SwiftAPI;
				SDKROOT = watchos;
				SKIP_INSTALL = YES;
				SWIFT_VERSION = 4.0;
				TARGETED_DEVICE_FAMILY = 4;
				WATCHOS_DEPLOYMENT_TARGET = 2.0;
			};
			name = Debug;
		};
		EAA0E1AF1E5D9B6B00A7AA3A /* Release */ = {
			isa = XCBuildConfiguration;
			buildSettings = {
				APPLICATION_EXTENSION_API_ONLY = YES;
				CODE_SIGN_IDENTITY = "";
				DEFINES_MODULE = YES;
				DEVELOPMENT_TEAM = MHNNR8L946;
				DYLIB_COMPATIBILITY_VERSION = 1;
				DYLIB_CURRENT_VERSION = 1;
				DYLIB_INSTALL_NAME_BASE = "@rpath";
				INFOPLIST_FILE = "Sources/SupportingFiles/Info-watchOS.plist";
				INSTALL_PATH = "$(LOCAL_LIBRARY_DIR)/Frameworks";
				LD_RUNPATH_SEARCH_PATHS = "$(inherited) @executable_path/Frameworks @loader_path/Frameworks";
				PRODUCT_BUNDLE_IDENTIFIER = "pl.xsolve.SwiftAPI-watchOS";
				PRODUCT_NAME = SwiftAPI;
				SDKROOT = watchos;
				SKIP_INSTALL = YES;
				SWIFT_VERSION = 4.0;
				TARGETED_DEVICE_FAMILY = 4;
				WATCHOS_DEPLOYMENT_TARGET = 2.0;
			};
			name = Release;
		};
		EAA0E1BB1E5D9B8900A7AA3A /* Debug */ = {
			isa = XCBuildConfiguration;
			buildSettings = {
				APPLICATION_EXTENSION_API_ONLY = YES;
				CODE_SIGN_IDENTITY = "";
				DEFINES_MODULE = YES;
				DEVELOPMENT_TEAM = MHNNR8L946;
				DYLIB_COMPATIBILITY_VERSION = 1;
				DYLIB_CURRENT_VERSION = 1;
				DYLIB_INSTALL_NAME_BASE = "@rpath";
				INFOPLIST_FILE = "Sources/SupportingFiles/Info-iOS.plist";
				INSTALL_PATH = "$(LOCAL_LIBRARY_DIR)/Frameworks";
				IPHONEOS_DEPLOYMENT_TARGET = 8.0;
				LD_RUNPATH_SEARCH_PATHS = "$(inherited) @executable_path/Frameworks @loader_path/Frameworks";
				PRODUCT_BUNDLE_IDENTIFIER = "pl.xsolve.SwiftAPI-iOS";
				PRODUCT_NAME = SwiftAPI;
				SKIP_INSTALL = YES;
				SWIFT_VERSION = 4.0;
			};
			name = Debug;
		};
		EAA0E1BC1E5D9B8900A7AA3A /* Release */ = {
			isa = XCBuildConfiguration;
			buildSettings = {
				APPLICATION_EXTENSION_API_ONLY = YES;
				CODE_SIGN_IDENTITY = "";
				DEFINES_MODULE = YES;
				DEVELOPMENT_TEAM = MHNNR8L946;
				DYLIB_COMPATIBILITY_VERSION = 1;
				DYLIB_CURRENT_VERSION = 1;
				DYLIB_INSTALL_NAME_BASE = "@rpath";
				INFOPLIST_FILE = "Sources/SupportingFiles/Info-iOS.plist";
				INSTALL_PATH = "$(LOCAL_LIBRARY_DIR)/Frameworks";
				IPHONEOS_DEPLOYMENT_TARGET = 8.0;
				LD_RUNPATH_SEARCH_PATHS = "$(inherited) @executable_path/Frameworks @loader_path/Frameworks";
				PRODUCT_BUNDLE_IDENTIFIER = "pl.xsolve.SwiftAPI-iOS";
				PRODUCT_NAME = SwiftAPI;
				SKIP_INSTALL = YES;
				SWIFT_VERSION = 4.0;
			};
			name = Release;
		};
/* End XCBuildConfiguration section */

/* Begin XCConfigurationList section */
		EA06580B1E03EBF000B46CEA /* Build configuration list for PBXProject "SwiftAPI" */ = {
			isa = XCConfigurationList;
			buildConfigurations = (
				EA0658231E03EBF000B46CEA /* Debug */,
				EA0658241E03EBF000B46CEA /* Release */,
			);
			defaultConfigurationIsVisible = 0;
			defaultConfigurationName = Release;
		};
		EA93FE371E5EC42A00A82381 /* Build configuration list for PBXNativeTarget "UnitTests iOS" */ = {
			isa = XCConfigurationList;
			buildConfigurations = (
				EA93FE381E5EC42A00A82381 /* Debug */,
				EA93FE391E5EC42A00A82381 /* Release */,
			);
			defaultConfigurationIsVisible = 0;
			defaultConfigurationName = Release;
		};
		EA93FEAB1E5EC87500A82381 /* Build configuration list for PBXNativeTarget "FunctionalTests iOS" */ = {
			isa = XCConfigurationList;
			buildConfigurations = (
				EA93FEAC1E5EC87500A82381 /* Debug */,
				EA93FEAD1E5EC87500A82381 /* Release */,
			);
			defaultConfigurationIsVisible = 0;
			defaultConfigurationName = Release;
		};
		EAA0E1931E5D9A7400A7AA3A /* Build configuration list for PBXNativeTarget "SwiftAPI macOS" */ = {
			isa = XCConfigurationList;
			buildConfigurations = (
				EAA0E1941E5D9A7400A7AA3A /* Debug */,
				EAA0E1951E5D9A7400A7AA3A /* Release */,
			);
			defaultConfigurationIsVisible = 0;
			defaultConfigurationName = Release;
		};
		EAA0E1A01E5D9B0700A7AA3A /* Build configuration list for PBXNativeTarget "SwiftAPI tvOS" */ = {
			isa = XCConfigurationList;
			buildConfigurations = (
				EAA0E1A11E5D9B0700A7AA3A /* Debug */,
				EAA0E1A21E5D9B0700A7AA3A /* Release */,
			);
			defaultConfigurationIsVisible = 0;
			defaultConfigurationName = Release;
		};
		EAA0E1AD1E5D9B6B00A7AA3A /* Build configuration list for PBXNativeTarget "SwiftAPI watchOS" */ = {
			isa = XCConfigurationList;
			buildConfigurations = (
				EAA0E1AE1E5D9B6B00A7AA3A /* Debug */,
				EAA0E1AF1E5D9B6B00A7AA3A /* Release */,
			);
			defaultConfigurationIsVisible = 0;
			defaultConfigurationName = Release;
		};
		EAA0E1BA1E5D9B8900A7AA3A /* Build configuration list for PBXNativeTarget "SwiftAPI iOS" */ = {
			isa = XCConfigurationList;
			buildConfigurations = (
				EAA0E1BB1E5D9B8900A7AA3A /* Debug */,
				EAA0E1BC1E5D9B8900A7AA3A /* Release */,
			);
			defaultConfigurationIsVisible = 0;
			defaultConfigurationName = Release;
		};
/* End XCConfigurationList section */
	};
	rootObject = EA0658081E03EBF000B46CEA /* Project object */;
}
