// !$*UTF8*$!
{
	archiveVersion = 1;
	classes = {
	};
	objectVersion = 46;
	objects = {

/* Begin PBXBuildFile section */
		18A0171347DE8DA635E9B81B /* Pods_SwiftAPITests.framework in Frameworks */ = {isa = PBXBuildFile; fileRef = 67A68FE868B6B6DEA0948996 /* Pods_SwiftAPITests.framework */; };
		218F2E7DDE1350E1CB4C3C37 /* Pods_SwiftAPI.framework in Frameworks */ = {isa = PBXBuildFile; fileRef = 522C7B30532EDABC0A225123 /* Pods_SwiftAPI.framework */; };
		EA06581B1E03EBF000B46CEA /* SwiftAPI.framework in Frameworks */ = {isa = PBXBuildFile; fileRef = EA0658111E03EBF000B46CEA /* SwiftAPI.framework */; };
		EA0658221E03EBF000B46CEA /* SwiftAPI.h in Headers */ = {isa = PBXBuildFile; fileRef = EA0658141E03EBF000B46CEA /* SwiftAPI.h */; settings = {ATTRIBUTES = (Public, ); }; };
		EA06E7221E3743E9006F7D0C /* HttpHeaderTests.swift in Sources */ = {isa = PBXBuildFile; fileRef = EA06E7211E3743E9006F7D0C /* HttpHeaderTests.swift */; };
		EA2E2BEF1E3F2F6600556CC1 /* ApiErrorTests.swift in Sources */ = {isa = PBXBuildFile; fileRef = EA2E2BE31E3F2F6600556CC1 /* ApiErrorTests.swift */; };
		EA2E2BF01E3F2F6600556CC1 /* ApiServiceTests.swift in Sources */ = {isa = PBXBuildFile; fileRef = EA2E2BE51E3F2F6600556CC1 /* ApiServiceTests.swift */; };
		EA2E2BF21E3F2F6600556CC1 /* ClientErrorStatusCodeTypeTests.swift in Sources */ = {isa = PBXBuildFile; fileRef = EA2E2BE81E3F2F6600556CC1 /* ClientErrorStatusCodeTypeTests.swift */; };
		EA2E2BF31E3F2F6600556CC1 /* InfoStatusCodeTypeTests.swift in Sources */ = {isa = PBXBuildFile; fileRef = EA2E2BE91E3F2F6600556CC1 /* InfoStatusCodeTypeTests.swift */; };
		EA2E2BF41E3F2F6600556CC1 /* RedirectionStatusCodeTypeTests.swift in Sources */ = {isa = PBXBuildFile; fileRef = EA2E2BEA1E3F2F6600556CC1 /* RedirectionStatusCodeTypeTests.swift */; };
		EA2E2BF51E3F2F6600556CC1 /* ServerErrorStatusCodeTypeTests.swift in Sources */ = {isa = PBXBuildFile; fileRef = EA2E2BEB1E3F2F6600556CC1 /* ServerErrorStatusCodeTypeTests.swift */; };
		EA2E2BF61E3F2F6600556CC1 /* StatusCodeTests.swift in Sources */ = {isa = PBXBuildFile; fileRef = EA2E2BEC1E3F2F6600556CC1 /* StatusCodeTests.swift */; };
		EA2E2BF71E3F2F6600556CC1 /* SuccessStatusCodeTypeTests.swift in Sources */ = {isa = PBXBuildFile; fileRef = EA2E2BED1E3F2F6600556CC1 /* SuccessStatusCodeTypeTests.swift */; };
		EA2E2BF81E3F2F6600556CC1 /* UnknownStatusCodeTypeTests.swift in Sources */ = {isa = PBXBuildFile; fileRef = EA2E2BEE1E3F2F6600556CC1 /* UnknownStatusCodeTypeTests.swift */; };
		EA2E2BFA1E3F396000556CC1 /* ApiHeaderTests.swift in Sources */ = {isa = PBXBuildFile; fileRef = EA2E2BF91E3F396000556CC1 /* ApiHeaderTests.swift */; };
		EA2E2BFD1E3F3DB100556CC1 /* ApiResponseTests.swift in Sources */ = {isa = PBXBuildFile; fileRef = EA2E2BFC1E3F3DB100556CC1 /* ApiResponseTests.swift */; };
		EA47B7641E44798100F03900 /* RestService.swift in Sources */ = {isa = PBXBuildFile; fileRef = EA47B7631E44798100F03900 /* RestService.swift */; };
		EA527F631E2CCBC00038F095 /* FileManagerProtocol.swift in Sources */ = {isa = PBXBuildFile; fileRef = EA527F621E2CCBC00038F095 /* FileManagerProtocol.swift */; };
		EA527F671E2CCC420038F095 /* FileCommander.swift in Sources */ = {isa = PBXBuildFile; fileRef = EA527F661E2CCC420038F095 /* FileCommander.swift */; };
		EA6E58361E1BD8B70060769F /* HttpDataRequest.swift in Sources */ = {isa = PBXBuildFile; fileRef = EA6E58321E1BD8B70060769F /* HttpDataRequest.swift */; };
		EA6E58371E1BD8B70060769F /* HttpDownloadRequest.swift in Sources */ = {isa = PBXBuildFile; fileRef = EA6E58331E1BD8B70060769F /* HttpDownloadRequest.swift */; };
		EA6E58381E1BD8B70060769F /* HttpRequest.swift in Sources */ = {isa = PBXBuildFile; fileRef = EA6E58341E1BD8B70060769F /* HttpRequest.swift */; };
		EA6E58391E1BD8B70060769F /* HttpUploadRequest.swift in Sources */ = {isa = PBXBuildFile; fileRef = EA6E58351E1BD8B70060769F /* HttpUploadRequest.swift */; };
		EA6E583C1E1BD8E10060769F /* HttpResponse.swift in Sources */ = {isa = PBXBuildFile; fileRef = EA6E583A1E1BD8E10060769F /* HttpResponse.swift */; };
		EA6E583D1E1BD8E10060769F /* ResponseAction.swift in Sources */ = {isa = PBXBuildFile; fileRef = EA6E583B1E1BD8E10060769F /* ResponseAction.swift */; };
		EA6E58411E1BD9150060769F /* HttpMethod.swift in Sources */ = {isa = PBXBuildFile; fileRef = EA6E583E1E1BD9150060769F /* HttpMethod.swift */; };
		EA6E58421E1BD9150060769F /* RequestService.swift in Sources */ = {isa = PBXBuildFile; fileRef = EA6E583F1E1BD9150060769F /* RequestService.swift */; };
		EA6E58431E1BD9150060769F /* RequestServiceConfiguration.swift in Sources */ = {isa = PBXBuildFile; fileRef = EA6E58401E1BD9150060769F /* RequestServiceConfiguration.swift */; };
		EA716DC41E51AD98009EBA97 /* RestDataResource.swift in Sources */ = {isa = PBXBuildFile; fileRef = EA716DC31E51AD98009EBA97 /* RestDataResource.swift */; };
		EA8A48C61E4B16E50081817B /* RestErrorResponseTests.swift in Sources */ = {isa = PBXBuildFile; fileRef = EA8A48C51E4B16E50081817B /* RestErrorResponseTests.swift */; };
		EA8A48C91E4B2C8E0081817B /* RestFileResource.swift in Sources */ = {isa = PBXBuildFile; fileRef = EA8A48C81E4B2C8E0081817B /* RestFileResource.swift */; };
		EA8A48CC1E4B2CB90081817B /* RestResource.swift in Sources */ = {isa = PBXBuildFile; fileRef = EA8A48CB1E4B2CB90081817B /* RestResource.swift */; };
		EA8A48CE1E4B31F40081817B /* RestResponseCompletion.swift in Sources */ = {isa = PBXBuildFile; fileRef = EA8A48CD1E4B31F40081817B /* RestResponseCompletion.swift */; };
		EA8AD2F21E1E303F001BA522 /* ResponseActionTests.swift in Sources */ = {isa = PBXBuildFile; fileRef = EA8AD2F11E1E303F001BA522 /* ResponseActionTests.swift */; };
		EA992AAA1E56FB4D007E7222 /* script.sh in Resources */ = {isa = PBXBuildFile; fileRef = EA992AA81E56FB4D007E7222 /* script.sh */; };
		EA9AB5121E36121200261C33 /* HttpHeader.swift in Sources */ = {isa = PBXBuildFile; fileRef = EA9AB5111E36121200261C33 /* HttpHeader.swift */; };
		EAA8BB871E309ECF00C60238 /* FileCommanderTests.swift in Sources */ = {isa = PBXBuildFile; fileRef = EAA8BB861E309ECF00C60238 /* FileCommanderTests.swift */; };
		EAA8BB8B1E30A1F700C60238 /* RequestServiceConfigurationTests.swift in Sources */ = {isa = PBXBuildFile; fileRef = EAA8BB8A1E30A1F700C60238 /* RequestServiceConfigurationTests.swift */; };
		EAAA3CD41E23BC5D00CA4A84 /* testImage.png in Resources */ = {isa = PBXBuildFile; fileRef = EAAA3CD31E23BC5D00CA4A84 /* testImage.png */; };
		EAAAC5231E49D11600C55808 /* RestServiceTests.swift in Sources */ = {isa = PBXBuildFile; fileRef = EAAAC5221E49D11600C55808 /* RestServiceTests.swift */; };
		EAB0D3CC1E3B6E8E00921990 /* ApiRequest.swift in Sources */ = {isa = PBXBuildFile; fileRef = EAB0D3BB1E3B6E8E00921990 /* ApiRequest.swift */; };
		EAB0D3CD1E3B6E8E00921990 /* ApiError.swift in Sources */ = {isa = PBXBuildFile; fileRef = EAB0D3BD1E3B6E8E00921990 /* ApiError.swift */; };
		EAB0D3CE1E3B6E8E00921990 /* ApiResponse.swift in Sources */ = {isa = PBXBuildFile; fileRef = EAB0D3BE1E3B6E8E00921990 /* ApiResponse.swift */; };
		EAB0D3CF1E3B6E8E00921990 /* ApiResponseCompletionHandler.swift in Sources */ = {isa = PBXBuildFile; fileRef = EAB0D3BF1E3B6E8E00921990 /* ApiResponseCompletionHandler.swift */; };
		EAB0D3D11E3B6E8E00921990 /* ApiService.swift in Sources */ = {isa = PBXBuildFile; fileRef = EAB0D3C21E3B6E8E00921990 /* ApiService.swift */; };
		EAB0D3D21E3B6E8E00921990 /* ClientErrorStatusCodeType.swift in Sources */ = {isa = PBXBuildFile; fileRef = EAB0D3C41E3B6E8E00921990 /* ClientErrorStatusCodeType.swift */; };
		EAB0D3D31E3B6E8E00921990 /* InfoStatusCodeType.swift in Sources */ = {isa = PBXBuildFile; fileRef = EAB0D3C51E3B6E8E00921990 /* InfoStatusCodeType.swift */; };
		EAB0D3D41E3B6E8E00921990 /* RedirectionStatusCodeType.swift in Sources */ = {isa = PBXBuildFile; fileRef = EAB0D3C61E3B6E8E00921990 /* RedirectionStatusCodeType.swift */; };
		EAB0D3D51E3B6E8E00921990 /* ServerErrorStatusCodeType.swift in Sources */ = {isa = PBXBuildFile; fileRef = EAB0D3C71E3B6E8E00921990 /* ServerErrorStatusCodeType.swift */; };
		EAB0D3D61E3B6E8E00921990 /* StatusCode.swift in Sources */ = {isa = PBXBuildFile; fileRef = EAB0D3C81E3B6E8E00921990 /* StatusCode.swift */; };
		EAB0D3D71E3B6E8E00921990 /* StatusCodeType.swift in Sources */ = {isa = PBXBuildFile; fileRef = EAB0D3C91E3B6E8E00921990 /* StatusCodeType.swift */; };
		EAB0D3D81E3B6E8E00921990 /* SuccessStatusCodeType.swift in Sources */ = {isa = PBXBuildFile; fileRef = EAB0D3CA1E3B6E8E00921990 /* SuccessStatusCodeType.swift */; };
		EAB0D3D91E3B6E8E00921990 /* UnknownStatusCodeType.swift in Sources */ = {isa = PBXBuildFile; fileRef = EAB0D3CB1E3B6E8E00921990 /* UnknownStatusCodeType.swift */; };
		EAB0D3DB1E3B8DAF00921990 /* ApiHeader.swift in Sources */ = {isa = PBXBuildFile; fileRef = EAB0D3DA1E3B8DAF00921990 /* ApiHeader.swift */; };
		EAB93F981E27943400ADFCA9 /* HttpFailureResponse.swift in Sources */ = {isa = PBXBuildFile; fileRef = EAB93F971E27943400ADFCA9 /* HttpFailureResponse.swift */; };
		EADB795C1E1D120F00C7C801 /* HttpRequestTests.swift in Sources */ = {isa = PBXBuildFile; fileRef = EADB795B1E1D120F00C7C801 /* HttpRequestTests.swift */; };
		EADB795E1E1D1FF500C7C801 /* RequestServiceTests.swift in Sources */ = {isa = PBXBuildFile; fileRef = EADB795D1E1D1FF500C7C801 /* RequestServiceTests.swift */; };
		EAE038EA1E2F968B00ACD01B /* HttpDataRequestTests.swift in Sources */ = {isa = PBXBuildFile; fileRef = EAE038E71E2F968B00ACD01B /* HttpDataRequestTests.swift */; };
		EAE038EB1E2F968B00ACD01B /* HttpDownloadRequestTests.swift in Sources */ = {isa = PBXBuildFile; fileRef = EAE038E81E2F968B00ACD01B /* HttpDownloadRequestTests.swift */; };
		EAE038EC1E2F968B00ACD01B /* HttpUploadRequestTests.swift in Sources */ = {isa = PBXBuildFile; fileRef = EAE038E91E2F968B00ACD01B /* HttpUploadRequestTests.swift */; };
		EAE038EE1E2FBF2900ACD01B /* HttpFailureResponseTests.swift in Sources */ = {isa = PBXBuildFile; fileRef = EAE038ED1E2FBF2900ACD01B /* HttpFailureResponseTests.swift */; };
		EAE038F01E2FCFCC00ACD01B /* HttpResponseTests.swift in Sources */ = {isa = PBXBuildFile; fileRef = EAE038EF1E2FCFCC00ACD01B /* HttpResponseTests.swift */; };
		EAEAC3F31E48A3EF00C1CBC4 /* RestErrorResponse.swift in Sources */ = {isa = PBXBuildFile; fileRef = EAEAC3F21E48A3EF00C1CBC4 /* RestErrorResponse.swift */; };
		EAEAC3F61E48A52A00C1CBC4 /* RestResponseHeader.swift in Sources */ = {isa = PBXBuildFile; fileRef = EAEAC3F51E48A52A00C1CBC4 /* RestResponseHeader.swift */; };
		EAED55881E5495D4007272F7 /* RestResponseHeaderTests.swift in Sources */ = {isa = PBXBuildFile; fileRef = EAED55871E5495D4007272F7 /* RestResponseHeaderTests.swift */; };
/* End PBXBuildFile section */

/* Begin PBXContainerItemProxy section */
		EA06581C1E03EBF000B46CEA /* PBXContainerItemProxy */ = {
			isa = PBXContainerItemProxy;
			containerPortal = EA0658081E03EBF000B46CEA /* Project object */;
			proxyType = 1;
			remoteGlobalIDString = EA0658101E03EBF000B46CEA;
			remoteInfo = SwiftAPI;
		};
/* End PBXContainerItemProxy section */

/* Begin PBXFileReference section */
		17F31C7E5B0185FA7DC540E1 /* Pods-SwiftAPITests.debug.xcconfig */ = {isa = PBXFileReference; includeInIndex = 1; lastKnownFileType = text.xcconfig; name = "Pods-SwiftAPITests.debug.xcconfig"; path = "Pods/Target Support Files/Pods-SwiftAPITests/Pods-SwiftAPITests.debug.xcconfig"; sourceTree = "<group>"; };
		522C7B30532EDABC0A225123 /* Pods_SwiftAPI.framework */ = {isa = PBXFileReference; explicitFileType = wrapper.framework; includeInIndex = 0; path = Pods_SwiftAPI.framework; sourceTree = BUILT_PRODUCTS_DIR; };
		67A68FE868B6B6DEA0948996 /* Pods_SwiftAPITests.framework */ = {isa = PBXFileReference; explicitFileType = wrapper.framework; includeInIndex = 0; path = Pods_SwiftAPITests.framework; sourceTree = BUILT_PRODUCTS_DIR; };
		91F758214662673A40D981E2 /* Pods-SwiftAPITests.release.xcconfig */ = {isa = PBXFileReference; includeInIndex = 1; lastKnownFileType = text.xcconfig; name = "Pods-SwiftAPITests.release.xcconfig"; path = "Pods/Target Support Files/Pods-SwiftAPITests/Pods-SwiftAPITests.release.xcconfig"; sourceTree = "<group>"; };
		9E7D820679C817FD6EF3F97F /* Pods-SwiftAPI.release.xcconfig */ = {isa = PBXFileReference; includeInIndex = 1; lastKnownFileType = text.xcconfig; name = "Pods-SwiftAPI.release.xcconfig"; path = "Pods/Target Support Files/Pods-SwiftAPI/Pods-SwiftAPI.release.xcconfig"; sourceTree = "<group>"; };
		EA0658111E03EBF000B46CEA /* SwiftAPI.framework */ = {isa = PBXFileReference; explicitFileType = wrapper.framework; includeInIndex = 0; path = SwiftAPI.framework; sourceTree = BUILT_PRODUCTS_DIR; };
		EA0658141E03EBF000B46CEA /* SwiftAPI.h */ = {isa = PBXFileReference; lastKnownFileType = sourcecode.c.h; path = SwiftAPI.h; sourceTree = "<group>"; };
		EA0658151E03EBF000B46CEA /* Info.plist */ = {isa = PBXFileReference; lastKnownFileType = text.plist.xml; path = Info.plist; sourceTree = "<group>"; };
		EA06581A1E03EBF000B46CEA /* SwiftAPITests.xctest */ = {isa = PBXFileReference; explicitFileType = wrapper.cfbundle; includeInIndex = 0; path = SwiftAPITests.xctest; sourceTree = BUILT_PRODUCTS_DIR; };
		EA0658211E03EBF000B46CEA /* Info.plist */ = {isa = PBXFileReference; lastKnownFileType = text.plist.xml; name = Info.plist; path = ../Info.plist; sourceTree = "<group>"; };
		EA06E7211E3743E9006F7D0C /* HttpHeaderTests.swift */ = {isa = PBXFileReference; fileEncoding = 4; lastKnownFileType = sourcecode.swift; name = HttpHeaderTests.swift; path = HTTPLayer/Request/HttpHeaderTests.swift; sourceTree = "<group>"; };
		EA2E2BE31E3F2F6600556CC1 /* ApiErrorTests.swift */ = {isa = PBXFileReference; fileEncoding = 4; lastKnownFileType = sourcecode.swift; path = ApiErrorTests.swift; sourceTree = "<group>"; };
		EA2E2BE51E3F2F6600556CC1 /* ApiServiceTests.swift */ = {isa = PBXFileReference; fileEncoding = 4; lastKnownFileType = sourcecode.swift; path = ApiServiceTests.swift; sourceTree = "<group>"; };
		EA2E2BE81E3F2F6600556CC1 /* ClientErrorStatusCodeTypeTests.swift */ = {isa = PBXFileReference; fileEncoding = 4; lastKnownFileType = sourcecode.swift; path = ClientErrorStatusCodeTypeTests.swift; sourceTree = "<group>"; };
		EA2E2BE91E3F2F6600556CC1 /* InfoStatusCodeTypeTests.swift */ = {isa = PBXFileReference; fileEncoding = 4; lastKnownFileType = sourcecode.swift; path = InfoStatusCodeTypeTests.swift; sourceTree = "<group>"; };
		EA2E2BEA1E3F2F6600556CC1 /* RedirectionStatusCodeTypeTests.swift */ = {isa = PBXFileReference; fileEncoding = 4; lastKnownFileType = sourcecode.swift; path = RedirectionStatusCodeTypeTests.swift; sourceTree = "<group>"; };
		EA2E2BEB1E3F2F6600556CC1 /* ServerErrorStatusCodeTypeTests.swift */ = {isa = PBXFileReference; fileEncoding = 4; lastKnownFileType = sourcecode.swift; path = ServerErrorStatusCodeTypeTests.swift; sourceTree = "<group>"; };
		EA2E2BEC1E3F2F6600556CC1 /* StatusCodeTests.swift */ = {isa = PBXFileReference; fileEncoding = 4; lastKnownFileType = sourcecode.swift; path = StatusCodeTests.swift; sourceTree = "<group>"; };
		EA2E2BED1E3F2F6600556CC1 /* SuccessStatusCodeTypeTests.swift */ = {isa = PBXFileReference; fileEncoding = 4; lastKnownFileType = sourcecode.swift; path = SuccessStatusCodeTypeTests.swift; sourceTree = "<group>"; };
		EA2E2BEE1E3F2F6600556CC1 /* UnknownStatusCodeTypeTests.swift */ = {isa = PBXFileReference; fileEncoding = 4; lastKnownFileType = sourcecode.swift; path = UnknownStatusCodeTypeTests.swift; sourceTree = "<group>"; };
		EA2E2BF91E3F396000556CC1 /* ApiHeaderTests.swift */ = {isa = PBXFileReference; fileEncoding = 4; lastKnownFileType = sourcecode.swift; name = ApiHeaderTests.swift; path = Request/ApiHeaderTests.swift; sourceTree = "<group>"; };
		EA2E2BFC1E3F3DB100556CC1 /* ApiResponseTests.swift */ = {isa = PBXFileReference; fileEncoding = 4; lastKnownFileType = sourcecode.swift; path = ApiResponseTests.swift; sourceTree = "<group>"; };
		EA47B7631E44798100F03900 /* RestService.swift */ = {isa = PBXFileReference; fileEncoding = 4; lastKnownFileType = sourcecode.swift; name = RestService.swift; path = RESTLayer/Service/RestService.swift; sourceTree = "<group>"; };
		EA527F621E2CCBC00038F095 /* FileManagerProtocol.swift */ = {isa = PBXFileReference; fileEncoding = 4; lastKnownFileType = sourcecode.swift; name = FileManagerProtocol.swift; path = Dependencies/FileManager/FileManagerProtocol.swift; sourceTree = "<group>"; };
		EA527F661E2CCC420038F095 /* FileCommander.swift */ = {isa = PBXFileReference; fileEncoding = 4; lastKnownFileType = sourcecode.swift; name = FileCommander.swift; path = Dependencies/FileManager/FileCommander.swift; sourceTree = "<group>"; };
		EA6E58321E1BD8B70060769F /* HttpDataRequest.swift */ = {isa = PBXFileReference; fileEncoding = 4; lastKnownFileType = sourcecode.swift; name = HttpDataRequest.swift; path = HTTPLayer/Request/HttpDataRequest.swift; sourceTree = "<group>"; };
		EA6E58331E1BD8B70060769F /* HttpDownloadRequest.swift */ = {isa = PBXFileReference; fileEncoding = 4; lastKnownFileType = sourcecode.swift; name = HttpDownloadRequest.swift; path = HTTPLayer/Request/HttpDownloadRequest.swift; sourceTree = "<group>"; };
		EA6E58341E1BD8B70060769F /* HttpRequest.swift */ = {isa = PBXFileReference; fileEncoding = 4; lastKnownFileType = sourcecode.swift; name = HttpRequest.swift; path = HTTPLayer/Request/HttpRequest.swift; sourceTree = "<group>"; };
		EA6E58351E1BD8B70060769F /* HttpUploadRequest.swift */ = {isa = PBXFileReference; fileEncoding = 4; lastKnownFileType = sourcecode.swift; name = HttpUploadRequest.swift; path = HTTPLayer/Request/HttpUploadRequest.swift; sourceTree = "<group>"; };
		EA6E583A1E1BD8E10060769F /* HttpResponse.swift */ = {isa = PBXFileReference; fileEncoding = 4; lastKnownFileType = sourcecode.swift; name = HttpResponse.swift; path = HTTPLayer/Response/HttpResponse.swift; sourceTree = "<group>"; };
		EA6E583B1E1BD8E10060769F /* ResponseAction.swift */ = {isa = PBXFileReference; fileEncoding = 4; lastKnownFileType = sourcecode.swift; name = ResponseAction.swift; path = HTTPLayer/Response/ResponseAction.swift; sourceTree = "<group>"; };
		EA6E583E1E1BD9150060769F /* HttpMethod.swift */ = {isa = PBXFileReference; fileEncoding = 4; lastKnownFileType = sourcecode.swift; name = HttpMethod.swift; path = HTTPLayer/Service/HttpMethod.swift; sourceTree = "<group>"; };
		EA6E583F1E1BD9150060769F /* RequestService.swift */ = {isa = PBXFileReference; fileEncoding = 4; lastKnownFileType = sourcecode.swift; name = RequestService.swift; path = HTTPLayer/Service/RequestService.swift; sourceTree = "<group>"; };
		EA6E58401E1BD9150060769F /* RequestServiceConfiguration.swift */ = {isa = PBXFileReference; fileEncoding = 4; lastKnownFileType = sourcecode.swift; name = RequestServiceConfiguration.swift; path = HTTPLayer/Service/RequestServiceConfiguration.swift; sourceTree = "<group>"; };
		EA716DC31E51AD98009EBA97 /* RestDataResource.swift */ = {isa = PBXFileReference; fileEncoding = 4; lastKnownFileType = sourcecode.swift; path = RestDataResource.swift; sourceTree = "<group>"; };
		EA8A48C51E4B16E50081817B /* RestErrorResponseTests.swift */ = {isa = PBXFileReference; fileEncoding = 4; lastKnownFileType = sourcecode.swift; name = RestErrorResponseTests.swift; path = RESTLayer/Response/RestErrorResponseTests.swift; sourceTree = "<group>"; };
		EA8A48C81E4B2C8E0081817B /* RestFileResource.swift */ = {isa = PBXFileReference; fileEncoding = 4; lastKnownFileType = sourcecode.swift; name = RestFileResource.swift; path = RESTLayer/Service/Resource/RestFileResource.swift; sourceTree = "<group>"; };
		EA8A48CB1E4B2CB90081817B /* RestResource.swift */ = {isa = PBXFileReference; fileEncoding = 4; lastKnownFileType = sourcecode.swift; name = RestResource.swift; path = RESTLayer/Service/Resource/RestResource.swift; sourceTree = "<group>"; };
		EA8A48CD1E4B31F40081817B /* RestResponseCompletion.swift */ = {isa = PBXFileReference; fileEncoding = 4; lastKnownFileType = sourcecode.swift; name = RestResponseCompletion.swift; path = RESTLayer/Response/RestResponseCompletion.swift; sourceTree = "<group>"; };
		EA8AD2F11E1E303F001BA522 /* ResponseActionTests.swift */ = {isa = PBXFileReference; fileEncoding = 4; lastKnownFileType = sourcecode.swift; name = ResponseActionTests.swift; path = HTTPLayer/Response/ResponseActionTests.swift; sourceTree = "<group>"; };
		EA992AA31E56FA2F007E7222 /* CHANGELOG.md */ = {isa = PBXFileReference; fileEncoding = 4; lastKnownFileType = net.daringfireball.markdown; path = CHANGELOG.md; sourceTree = SOURCE_ROOT; };
		EA992AA71E56FB4D007E7222 /* README.md */ = {isa = PBXFileReference; fileEncoding = 4; lastKnownFileType = net.daringfireball.markdown; path = README.md; sourceTree = SOURCE_ROOT; };
		EA992AA81E56FB4D007E7222 /* script.sh */ = {isa = PBXFileReference; fileEncoding = 4; lastKnownFileType = text.script.sh; path = script.sh; sourceTree = SOURCE_ROOT; };
		EA9AB5111E36121200261C33 /* HttpHeader.swift */ = {isa = PBXFileReference; fileEncoding = 4; lastKnownFileType = sourcecode.swift; name = HttpHeader.swift; path = HTTPLayer/Request/HttpHeader.swift; sourceTree = "<group>"; };
		EAA8BB861E309ECF00C60238 /* FileCommanderTests.swift */ = {isa = PBXFileReference; fileEncoding = 4; lastKnownFileType = sourcecode.swift; name = FileCommanderTests.swift; path = Dependencies/FileManager/FileCommanderTests.swift; sourceTree = "<group>"; };
		EAA8BB8A1E30A1F700C60238 /* RequestServiceConfigurationTests.swift */ = {isa = PBXFileReference; fileEncoding = 4; lastKnownFileType = sourcecode.swift; name = RequestServiceConfigurationTests.swift; path = HTTPLayer/Service/RequestServiceConfigurationTests.swift; sourceTree = "<group>"; };
		EAAA3CD31E23BC5D00CA4A84 /* testImage.png */ = {isa = PBXFileReference; lastKnownFileType = image.png; path = testImage.png; sourceTree = "<group>"; };
		EAAAC5221E49D11600C55808 /* RestServiceTests.swift */ = {isa = PBXFileReference; fileEncoding = 4; lastKnownFileType = sourcecode.swift; name = RestServiceTests.swift; path = RESTLayer/Service/RestServiceTests.swift; sourceTree = "<group>"; };
		EAB0D3BB1E3B6E8E00921990 /* ApiRequest.swift */ = {isa = PBXFileReference; fileEncoding = 4; lastKnownFileType = sourcecode.swift; path = ApiRequest.swift; sourceTree = "<group>"; };
		EAB0D3BD1E3B6E8E00921990 /* ApiError.swift */ = {isa = PBXFileReference; fileEncoding = 4; lastKnownFileType = sourcecode.swift; path = ApiError.swift; sourceTree = "<group>"; };
		EAB0D3BE1E3B6E8E00921990 /* ApiResponse.swift */ = {isa = PBXFileReference; fileEncoding = 4; lastKnownFileType = sourcecode.swift; path = ApiResponse.swift; sourceTree = "<group>"; };
		EAB0D3BF1E3B6E8E00921990 /* ApiResponseCompletionHandler.swift */ = {isa = PBXFileReference; fileEncoding = 4; lastKnownFileType = sourcecode.swift; path = ApiResponseCompletionHandler.swift; sourceTree = "<group>"; };
		EAB0D3C21E3B6E8E00921990 /* ApiService.swift */ = {isa = PBXFileReference; fileEncoding = 4; lastKnownFileType = sourcecode.swift; path = ApiService.swift; sourceTree = "<group>"; };
		EAB0D3C41E3B6E8E00921990 /* ClientErrorStatusCodeType.swift */ = {isa = PBXFileReference; fileEncoding = 4; lastKnownFileType = sourcecode.swift; path = ClientErrorStatusCodeType.swift; sourceTree = "<group>"; };
		EAB0D3C51E3B6E8E00921990 /* InfoStatusCodeType.swift */ = {isa = PBXFileReference; fileEncoding = 4; lastKnownFileType = sourcecode.swift; path = InfoStatusCodeType.swift; sourceTree = "<group>"; };
		EAB0D3C61E3B6E8E00921990 /* RedirectionStatusCodeType.swift */ = {isa = PBXFileReference; fileEncoding = 4; lastKnownFileType = sourcecode.swift; path = RedirectionStatusCodeType.swift; sourceTree = "<group>"; };
		EAB0D3C71E3B6E8E00921990 /* ServerErrorStatusCodeType.swift */ = {isa = PBXFileReference; fileEncoding = 4; lastKnownFileType = sourcecode.swift; path = ServerErrorStatusCodeType.swift; sourceTree = "<group>"; };
		EAB0D3C81E3B6E8E00921990 /* StatusCode.swift */ = {isa = PBXFileReference; fileEncoding = 4; lastKnownFileType = sourcecode.swift; path = StatusCode.swift; sourceTree = "<group>"; };
		EAB0D3C91E3B6E8E00921990 /* StatusCodeType.swift */ = {isa = PBXFileReference; fileEncoding = 4; lastKnownFileType = sourcecode.swift; path = StatusCodeType.swift; sourceTree = "<group>"; };
		EAB0D3CA1E3B6E8E00921990 /* SuccessStatusCodeType.swift */ = {isa = PBXFileReference; fileEncoding = 4; lastKnownFileType = sourcecode.swift; path = SuccessStatusCodeType.swift; sourceTree = "<group>"; };
		EAB0D3CB1E3B6E8E00921990 /* UnknownStatusCodeType.swift */ = {isa = PBXFileReference; fileEncoding = 4; lastKnownFileType = sourcecode.swift; path = UnknownStatusCodeType.swift; sourceTree = "<group>"; };
		EAB0D3DA1E3B8DAF00921990 /* ApiHeader.swift */ = {isa = PBXFileReference; fileEncoding = 4; lastKnownFileType = sourcecode.swift; path = ApiHeader.swift; sourceTree = "<group>"; };
		EAB93F971E27943400ADFCA9 /* HttpFailureResponse.swift */ = {isa = PBXFileReference; fileEncoding = 4; lastKnownFileType = sourcecode.swift; name = HttpFailureResponse.swift; path = HTTPLayer/Response/HttpFailureResponse.swift; sourceTree = "<group>"; };
		EADB795B1E1D120F00C7C801 /* HttpRequestTests.swift */ = {isa = PBXFileReference; fileEncoding = 4; lastKnownFileType = sourcecode.swift; name = HttpRequestTests.swift; path = HTTPLayer/Request/HttpRequestTests.swift; sourceTree = "<group>"; };
		EADB795D1E1D1FF500C7C801 /* RequestServiceTests.swift */ = {isa = PBXFileReference; fileEncoding = 4; lastKnownFileType = sourcecode.swift; name = RequestServiceTests.swift; path = HTTPLayer/Service/RequestServiceTests.swift; sourceTree = "<group>"; };
		EAE038E71E2F968B00ACD01B /* HttpDataRequestTests.swift */ = {isa = PBXFileReference; fileEncoding = 4; lastKnownFileType = sourcecode.swift; name = HttpDataRequestTests.swift; path = HTTPLayer/Request/HttpDataRequestTests.swift; sourceTree = "<group>"; };
		EAE038E81E2F968B00ACD01B /* HttpDownloadRequestTests.swift */ = {isa = PBXFileReference; fileEncoding = 4; lastKnownFileType = sourcecode.swift; name = HttpDownloadRequestTests.swift; path = HTTPLayer/Request/HttpDownloadRequestTests.swift; sourceTree = "<group>"; };
		EAE038E91E2F968B00ACD01B /* HttpUploadRequestTests.swift */ = {isa = PBXFileReference; fileEncoding = 4; lastKnownFileType = sourcecode.swift; name = HttpUploadRequestTests.swift; path = HTTPLayer/Request/HttpUploadRequestTests.swift; sourceTree = "<group>"; };
		EAE038ED1E2FBF2900ACD01B /* HttpFailureResponseTests.swift */ = {isa = PBXFileReference; fileEncoding = 4; lastKnownFileType = sourcecode.swift; name = HttpFailureResponseTests.swift; path = HTTPLayer/Response/HttpFailureResponseTests.swift; sourceTree = "<group>"; };
		EAE038EF1E2FCFCC00ACD01B /* HttpResponseTests.swift */ = {isa = PBXFileReference; fileEncoding = 4; lastKnownFileType = sourcecode.swift; name = HttpResponseTests.swift; path = HTTPLayer/Response/HttpResponseTests.swift; sourceTree = "<group>"; };
		EAEAC3F21E48A3EF00C1CBC4 /* RestErrorResponse.swift */ = {isa = PBXFileReference; fileEncoding = 4; lastKnownFileType = sourcecode.swift; name = RestErrorResponse.swift; path = RESTLayer/Response/RestErrorResponse.swift; sourceTree = "<group>"; };
		EAEAC3F51E48A52A00C1CBC4 /* RestResponseHeader.swift */ = {isa = PBXFileReference; fileEncoding = 4; lastKnownFileType = sourcecode.swift; name = RestResponseHeader.swift; path = RESTLayer/Response/RestResponseHeader.swift; sourceTree = "<group>"; };
		EAED55871E5495D4007272F7 /* RestResponseHeaderTests.swift */ = {isa = PBXFileReference; fileEncoding = 4; lastKnownFileType = sourcecode.swift; name = RestResponseHeaderTests.swift; path = RESTLayer/Response/RestResponseHeaderTests.swift; sourceTree = "<group>"; };
		FBAA4505EBDB06395103B642 /* Pods-SwiftAPI.debug.xcconfig */ = {isa = PBXFileReference; includeInIndex = 1; lastKnownFileType = text.xcconfig; name = "Pods-SwiftAPI.debug.xcconfig"; path = "Pods/Target Support Files/Pods-SwiftAPI/Pods-SwiftAPI.debug.xcconfig"; sourceTree = "<group>"; };
/* End PBXFileReference section */

/* Begin PBXFrameworksBuildPhase section */
		EA06580D1E03EBF000B46CEA /* Frameworks */ = {
			isa = PBXFrameworksBuildPhase;
			buildActionMask = 2147483647;
			files = (
				218F2E7DDE1350E1CB4C3C37 /* Pods_SwiftAPI.framework in Frameworks */,
			);
			runOnlyForDeploymentPostprocessing = 0;
		};
		EA0658171E03EBF000B46CEA /* Frameworks */ = {
			isa = PBXFrameworksBuildPhase;
			buildActionMask = 2147483647;
			files = (
				EA06581B1E03EBF000B46CEA /* SwiftAPI.framework in Frameworks */,
				18A0171347DE8DA635E9B81B /* Pods_SwiftAPITests.framework in Frameworks */,
			);
			runOnlyForDeploymentPostprocessing = 0;
		};
/* End PBXFrameworksBuildPhase section */

/* Begin PBXGroup section */
		5B3BBE1B5574504503C6F539 /* Frameworks */ = {
			isa = PBXGroup;
			children = (
				522C7B30532EDABC0A225123 /* Pods_SwiftAPI.framework */,
				67A68FE868B6B6DEA0948996 /* Pods_SwiftAPITests.framework */,
			);
			name = Frameworks;
			sourceTree = "<group>";
		};
		C283B9D8C8F9E1CFFD6672D8 /* Pods */ = {
			isa = PBXGroup;
			children = (
				FBAA4505EBDB06395103B642 /* Pods-SwiftAPI.debug.xcconfig */,
				9E7D820679C817FD6EF3F97F /* Pods-SwiftAPI.release.xcconfig */,
				17F31C7E5B0185FA7DC540E1 /* Pods-SwiftAPITests.debug.xcconfig */,
				91F758214662673A40D981E2 /* Pods-SwiftAPITests.release.xcconfig */,
			);
			name = Pods;
			sourceTree = "<group>";
		};
		EA0658071E03EBF000B46CEA = {
			isa = PBXGroup;
			children = (
				EA0658131E03EBF000B46CEA /* SwiftAPI */,
				EA06581E1E03EBF000B46CEA /* SwiftAPITests */,
				EA0658121E03EBF000B46CEA /* Products */,
				C283B9D8C8F9E1CFFD6672D8 /* Pods */,
				5B3BBE1B5574504503C6F539 /* Frameworks */,
			);
			sourceTree = "<group>";
		};
		EA0658121E03EBF000B46CEA /* Products */ = {
			isa = PBXGroup;
			children = (
				EA0658111E03EBF000B46CEA /* SwiftAPI.framework */,
				EA06581A1E03EBF000B46CEA /* SwiftAPITests.xctest */,
			);
			name = Products;
			sourceTree = "<group>";
		};
		EA0658131E03EBF000B46CEA /* SwiftAPI */ = {
			isa = PBXGroup;
			children = (
				EA47B7651E44798600F03900 /* RESTLayer */,
				EA96B8411E28C94800172AE5 /* APILayer */,
				EA06583A1E03EDF600B46CEA /* HTTPLayer */,
				EA527F641E2CCBC50038F095 /* Dependencies */,
				EA06583B1E04051F00B46CEA /* SupportingFiles */,
			);
			path = SwiftAPI;
			sourceTree = "<group>";
		};
		EA06581E1E03EBF000B46CEA /* SwiftAPITests */ = {
			isa = PBXGroup;
			children = (
				EAAAC5241E49D11B00C55808 /* RESTLayer */,
				EA2E2BE11E3F2F6600556CC1 /* APILayer */,
				EADB79571E1D112700C7C801 /* HTTPLayer */,
				EAA8BB881E309EE700C60238 /* Dependencies */,
				EAAA3CD21E23BC5D00CA4A84 /* SupportingFiles */,
			);
			path = SwiftAPITests;
			sourceTree = "<group>";
		};
		EA06583A1E03EDF600B46CEA /* HTTPLayer */ = {
			isa = PBXGroup;
			children = (
				EAAD437F1E1A850700781852 /* Request */,
				EAAD43801E1A851500781852 /* Response */,
				EAAD43811E1A853600781852 /* Service */,
			);
			name = HTTPLayer;
			sourceTree = "<group>";
		};
		EA06583B1E04051F00B46CEA /* SupportingFiles */ = {
			isa = PBXGroup;
			children = (
				EA0658141E03EBF000B46CEA /* SwiftAPI.h */,
				EA0658151E03EBF000B46CEA /* Info.plist */,
				EA992AA81E56FB4D007E7222 /* script.sh */,
				EA992AA71E56FB4D007E7222 /* README.md */,
				EA992AA31E56FA2F007E7222 /* CHANGELOG.md */,
			);
			name = SupportingFiles;
			sourceTree = "<group>";
		};
		EA2E2BE11E3F2F6600556CC1 /* APILayer */ = {
			isa = PBXGroup;
			children = (
				EA2E2BE71E3F2F6600556CC1 /* StatusCode */,
				EA2E2BFB1E3F396300556CC1 /* Request */,
				EA2E2BE21E3F2F6600556CC1 /* Response */,
				EA2E2BE41E3F2F6600556CC1 /* Service */,
			);
			path = APILayer;
			sourceTree = "<group>";
		};
		EA2E2BE21E3F2F6600556CC1 /* Response */ = {
			isa = PBXGroup;
			children = (
				EA2E2BE31E3F2F6600556CC1 /* ApiErrorTests.swift */,
				EA2E2BFC1E3F3DB100556CC1 /* ApiResponseTests.swift */,
			);
			path = Response;
			sourceTree = "<group>";
		};
		EA2E2BE41E3F2F6600556CC1 /* Service */ = {
			isa = PBXGroup;
			children = (
				EA2E2BE51E3F2F6600556CC1 /* ApiServiceTests.swift */,
			);
			path = Service;
			sourceTree = "<group>";
		};
		EA2E2BE71E3F2F6600556CC1 /* StatusCode */ = {
			isa = PBXGroup;
			children = (
				EA2E2BE91E3F2F6600556CC1 /* InfoStatusCodeTypeTests.swift */,
				EA2E2BED1E3F2F6600556CC1 /* SuccessStatusCodeTypeTests.swift */,
				EA2E2BEA1E3F2F6600556CC1 /* RedirectionStatusCodeTypeTests.swift */,
				EA2E2BE81E3F2F6600556CC1 /* ClientErrorStatusCodeTypeTests.swift */,
				EA2E2BEB1E3F2F6600556CC1 /* ServerErrorStatusCodeTypeTests.swift */,
				EA2E2BEE1E3F2F6600556CC1 /* UnknownStatusCodeTypeTests.swift */,
				EA2E2BEC1E3F2F6600556CC1 /* StatusCodeTests.swift */,
			);
			path = StatusCode;
			sourceTree = "<group>";
		};
		EA2E2BFB1E3F396300556CC1 /* Request */ = {
			isa = PBXGroup;
			children = (
				EA2E2BF91E3F396000556CC1 /* ApiHeaderTests.swift */,
			);
			name = Request;
			sourceTree = "<group>";
		};
		EA47B7651E44798600F03900 /* RESTLayer */ = {
			isa = PBXGroup;
			children = (
				EAEAC3F41E48A3F200C1CBC4 /* Response */,
				EA47B7661E44799100F03900 /* Service */,
			);
			name = RESTLayer;
			sourceTree = "<group>";
		};
		EA47B7661E44799100F03900 /* Service */ = {
			isa = PBXGroup;
			children = (
				EA8A48CA1E4B2C920081817B /* Resource */,
				EA47B7631E44798100F03900 /* RestService.swift */,
			);
			name = Service;
			sourceTree = "<group>";
		};
		EA527F641E2CCBC50038F095 /* Dependencies */ = {
			isa = PBXGroup;
			children = (
				EA527F651E2CCBD30038F095 /* FileManager */,
			);
			name = Dependencies;
			sourceTree = "<group>";
		};
		EA527F651E2CCBD30038F095 /* FileManager */ = {
			isa = PBXGroup;
			children = (
				EA527F621E2CCBC00038F095 /* FileManagerProtocol.swift */,
				EA527F661E2CCC420038F095 /* FileCommander.swift */,
			);
			name = FileManager;
			sourceTree = "<group>";
		};
		EA8A48C71E4B16E90081817B /* Response */ = {
			isa = PBXGroup;
			children = (
				EA8A48C51E4B16E50081817B /* RestErrorResponseTests.swift */,
				EAED55871E5495D4007272F7 /* RestResponseHeaderTests.swift */,
			);
			name = Response;
			sourceTree = "<group>";
		};
		EA8A48CA1E4B2C920081817B /* Resource */ = {
			isa = PBXGroup;
			children = (
				EA8A48CB1E4B2CB90081817B /* RestResource.swift */,
				EA716DC31E51AD98009EBA97 /* RestDataResource.swift */,
				EA8A48C81E4B2C8E0081817B /* RestFileResource.swift */,
			);
			name = Resource;
			sourceTree = "<group>";
		};
		EA96B8411E28C94800172AE5 /* APILayer */ = {
			isa = PBXGroup;
			children = (
				EAB0D3C31E3B6E8E00921990 /* StatusCode */,
				EAB0D3BA1E3B6E8E00921990 /* Request */,
				EAB0D3BC1E3B6E8E00921990 /* Response */,
				EAB0D3C01E3B6E8E00921990 /* Service */,
			);
			name = APILayer;
			sourceTree = "<group>";
		};
		EAA8BB881E309EE700C60238 /* Dependencies */ = {
			isa = PBXGroup;
			children = (
				EAA8BB891E309F1300C60238 /* FileManager */,
			);
			name = Dependencies;
			sourceTree = "<group>";
		};
		EAA8BB891E309F1300C60238 /* FileManager */ = {
			isa = PBXGroup;
			children = (
				EAA8BB861E309ECF00C60238 /* FileCommanderTests.swift */,
			);
			name = FileManager;
			sourceTree = "<group>";
		};
		EAAA3CD21E23BC5D00CA4A84 /* SupportingFiles */ = {
			isa = PBXGroup;
			children = (
				EA0658211E03EBF000B46CEA /* Info.plist */,
				EAAA3CD31E23BC5D00CA4A84 /* testImage.png */,
			);
			path = SupportingFiles;
			sourceTree = "<group>";
		};
		EAAAC5241E49D11B00C55808 /* RESTLayer */ = {
			isa = PBXGroup;
			children = (
				EA8A48C71E4B16E90081817B /* Response */,
				EAAAC5251E49D12800C55808 /* Service */,
			);
			name = RESTLayer;
			sourceTree = "<group>";
		};
		EAAAC5251E49D12800C55808 /* Service */ = {
			isa = PBXGroup;
			children = (
				EAAAC5221E49D11600C55808 /* RestServiceTests.swift */,
			);
			name = Service;
			sourceTree = "<group>";
		};
		EAAD437F1E1A850700781852 /* Request */ = {
			isa = PBXGroup;
			children = (
				EA9AB5111E36121200261C33 /* HttpHeader.swift */,
				EA6E58341E1BD8B70060769F /* HttpRequest.swift */,
				EA6E58321E1BD8B70060769F /* HttpDataRequest.swift */,
				EA6E58351E1BD8B70060769F /* HttpUploadRequest.swift */,
				EA6E58331E1BD8B70060769F /* HttpDownloadRequest.swift */,
			);
			name = Request;
			sourceTree = "<group>";
		};
		EAAD43801E1A851500781852 /* Response */ = {
			isa = PBXGroup;
			children = (
				EA6E583B1E1BD8E10060769F /* ResponseAction.swift */,
				EA6E583A1E1BD8E10060769F /* HttpResponse.swift */,
				EAB93F971E27943400ADFCA9 /* HttpFailureResponse.swift */,
			);
			name = Response;
			sourceTree = "<group>";
		};
		EAAD43811E1A853600781852 /* Service */ = {
			isa = PBXGroup;
			children = (
				EA6E583E1E1BD9150060769F /* HttpMethod.swift */,
				EA6E58401E1BD9150060769F /* RequestServiceConfiguration.swift */,
				EA6E583F1E1BD9150060769F /* RequestService.swift */,
			);
			name = Service;
			sourceTree = "<group>";
		};
		EAB0D3BA1E3B6E8E00921990 /* Request */ = {
			isa = PBXGroup;
			children = (
				EAB0D3BB1E3B6E8E00921990 /* ApiRequest.swift */,
				EAB0D3DA1E3B8DAF00921990 /* ApiHeader.swift */,
			);
			name = Request;
			path = APILayer/Request;
			sourceTree = "<group>";
		};
		EAB0D3BC1E3B6E8E00921990 /* Response */ = {
			isa = PBXGroup;
			children = (
				EAB0D3BD1E3B6E8E00921990 /* ApiError.swift */,
				EAB0D3BF1E3B6E8E00921990 /* ApiResponseCompletionHandler.swift */,
				EAB0D3BE1E3B6E8E00921990 /* ApiResponse.swift */,
			);
			name = Response;
			path = APILayer/Response;
			sourceTree = "<group>";
		};
		EAB0D3C01E3B6E8E00921990 /* Service */ = {
			isa = PBXGroup;
			children = (
				EAB0D3C21E3B6E8E00921990 /* ApiService.swift */,
			);
			name = Service;
			path = APILayer/Service;
			sourceTree = "<group>";
		};
		EAB0D3C31E3B6E8E00921990 /* StatusCode */ = {
			isa = PBXGroup;
			children = (
				EAB0D3C91E3B6E8E00921990 /* StatusCodeType.swift */,
				EAB0D3C51E3B6E8E00921990 /* InfoStatusCodeType.swift */,
				EAB0D3CA1E3B6E8E00921990 /* SuccessStatusCodeType.swift */,
				EAB0D3C61E3B6E8E00921990 /* RedirectionStatusCodeType.swift */,
				EAB0D3C41E3B6E8E00921990 /* ClientErrorStatusCodeType.swift */,
				EAB0D3C71E3B6E8E00921990 /* ServerErrorStatusCodeType.swift */,
				EAB0D3CB1E3B6E8E00921990 /* UnknownStatusCodeType.swift */,
				EAB0D3C81E3B6E8E00921990 /* StatusCode.swift */,
			);
			name = StatusCode;
			path = APILayer/StatusCode;
			sourceTree = "<group>";
		};
		EADB79571E1D112700C7C801 /* HTTPLayer */ = {
			isa = PBXGroup;
			children = (
				EADB79591E1D11B000C7C801 /* Request */,
				EADB795A1E1D11B800C7C801 /* Response */,
				EADB79581E1D113100C7C801 /* Service */,
			);
			name = HTTPLayer;
			sourceTree = "<group>";
		};
		EADB79581E1D113100C7C801 /* Service */ = {
			isa = PBXGroup;
			children = (
				EADB795D1E1D1FF500C7C801 /* RequestServiceTests.swift */,
				EAA8BB8A1E30A1F700C60238 /* RequestServiceConfigurationTests.swift */,
			);
			name = Service;
			sourceTree = "<group>";
		};
		EADB79591E1D11B000C7C801 /* Request */ = {
			isa = PBXGroup;
			children = (
				EA06E7211E3743E9006F7D0C /* HttpHeaderTests.swift */,
				EADB795B1E1D120F00C7C801 /* HttpRequestTests.swift */,
				EAE038E71E2F968B00ACD01B /* HttpDataRequestTests.swift */,
				EAE038E91E2F968B00ACD01B /* HttpUploadRequestTests.swift */,
				EAE038E81E2F968B00ACD01B /* HttpDownloadRequestTests.swift */,
			);
			name = Request;
			sourceTree = "<group>";
		};
		EADB795A1E1D11B800C7C801 /* Response */ = {
			isa = PBXGroup;
			children = (
				EAE038EF1E2FCFCC00ACD01B /* HttpResponseTests.swift */,
				EAE038ED1E2FBF2900ACD01B /* HttpFailureResponseTests.swift */,
				EA8AD2F11E1E303F001BA522 /* ResponseActionTests.swift */,
			);
			name = Response;
			sourceTree = "<group>";
		};
		EAEAC3F41E48A3F200C1CBC4 /* Response */ = {
			isa = PBXGroup;
			children = (
				EAEAC3F51E48A52A00C1CBC4 /* RestResponseHeader.swift */,
				EAEAC3F21E48A3EF00C1CBC4 /* RestErrorResponse.swift */,
				EA8A48CD1E4B31F40081817B /* RestResponseCompletion.swift */,
			);
			name = Response;
			sourceTree = "<group>";
		};
/* End PBXGroup section */

/* Begin PBXHeadersBuildPhase section */
		EA06580E1E03EBF000B46CEA /* Headers */ = {
			isa = PBXHeadersBuildPhase;
			buildActionMask = 2147483647;
			files = (
				EA0658221E03EBF000B46CEA /* SwiftAPI.h in Headers */,
			);
			runOnlyForDeploymentPostprocessing = 0;
		};
/* End PBXHeadersBuildPhase section */

/* Begin PBXNativeTarget section */
		EA0658101E03EBF000B46CEA /* SwiftAPI */ = {
			isa = PBXNativeTarget;
			buildConfigurationList = EA0658251E03EBF000B46CEA /* Build configuration list for PBXNativeTarget "SwiftAPI" */;
			buildPhases = (
				5FF8931A91D461877000F0A8 /* [CP] Check Pods Manifest.lock */,
				EA06580C1E03EBF000B46CEA /* Sources */,
				EA06580D1E03EBF000B46CEA /* Frameworks */,
				EA06580E1E03EBF000B46CEA /* Headers */,
				EA06580F1E03EBF000B46CEA /* Resources */,
				3CF49E9BC445D01FCCED3A55 /* [CP] Copy Pods Resources */,
			);
			buildRules = (
			);
			dependencies = (
			);
			name = SwiftAPI;
			productName = SwiftAPI;
			productReference = EA0658111E03EBF000B46CEA /* SwiftAPI.framework */;
			productType = "com.apple.product-type.framework";
		};
		EA0658191E03EBF000B46CEA /* SwiftAPITests */ = {
			isa = PBXNativeTarget;
			buildConfigurationList = EA0658281E03EBF000B46CEA /* Build configuration list for PBXNativeTarget "SwiftAPITests" */;
			buildPhases = (
				08A6BA2645E36B76E0B824A4 /* [CP] Check Pods Manifest.lock */,
				EA0658161E03EBF000B46CEA /* Sources */,
				EA0658171E03EBF000B46CEA /* Frameworks */,
				EA0658181E03EBF000B46CEA /* Resources */,
				4F074C46FE7327B4B4B0420E /* [CP] Embed Pods Frameworks */,
				5C980166E95214D0E1C67B09 /* [CP] Copy Pods Resources */,
			);
			buildRules = (
			);
			dependencies = (
				EA06581D1E03EBF000B46CEA /* PBXTargetDependency */,
			);
			name = SwiftAPITests;
			productName = SwiftAPITests;
			productReference = EA06581A1E03EBF000B46CEA /* SwiftAPITests.xctest */;
			productType = "com.apple.product-type.bundle.unit-test";
		};
/* End PBXNativeTarget section */

/* Begin PBXProject section */
		EA0658081E03EBF000B46CEA /* Project object */ = {
			isa = PBXProject;
			attributes = {
				LastSwiftUpdateCheck = 0800;
				LastUpgradeCheck = 0800;
				ORGANIZATIONNAME = XSolve;
				TargetAttributes = {
					EA0658101E03EBF000B46CEA = {
						CreatedOnToolsVersion = 8.0;
						DevelopmentTeam = MHNNR8L946;
						LastSwiftMigration = 0800;
						ProvisioningStyle = Automatic;
					};
					EA0658191E03EBF000B46CEA = {
						CreatedOnToolsVersion = 8.0;
						DevelopmentTeam = MHNNR8L946;
						ProvisioningStyle = Automatic;
					};
				};
			};
			buildConfigurationList = EA06580B1E03EBF000B46CEA /* Build configuration list for PBXProject "SwiftAPI" */;
			compatibilityVersion = "Xcode 3.2";
			developmentRegion = English;
			hasScannedForEncodings = 0;
			knownRegions = (
				en,
			);
			mainGroup = EA0658071E03EBF000B46CEA;
			productRefGroup = EA0658121E03EBF000B46CEA /* Products */;
			projectDirPath = "";
			projectRoot = "";
			targets = (
				EA0658101E03EBF000B46CEA /* SwiftAPI */,
				EA0658191E03EBF000B46CEA /* SwiftAPITests */,
			);
		};
/* End PBXProject section */

/* Begin PBXResourcesBuildPhase section */
		EA06580F1E03EBF000B46CEA /* Resources */ = {
			isa = PBXResourcesBuildPhase;
			buildActionMask = 2147483647;
			files = (
				EA992AAA1E56FB4D007E7222 /* script.sh in Resources */,
			);
			runOnlyForDeploymentPostprocessing = 0;
		};
		EA0658181E03EBF000B46CEA /* Resources */ = {
			isa = PBXResourcesBuildPhase;
			buildActionMask = 2147483647;
			files = (
				EAAA3CD41E23BC5D00CA4A84 /* testImage.png in Resources */,
			);
			runOnlyForDeploymentPostprocessing = 0;
		};
/* End PBXResourcesBuildPhase section */

/* Begin PBXShellScriptBuildPhase section */
		08A6BA2645E36B76E0B824A4 /* [CP] Check Pods Manifest.lock */ = {
			isa = PBXShellScriptBuildPhase;
			buildActionMask = 2147483647;
			files = (
			);
			inputPaths = (
			);
			name = "[CP] Check Pods Manifest.lock";
			outputPaths = (
			);
			runOnlyForDeploymentPostprocessing = 0;
			shellPath = /bin/sh;
			shellScript = "diff \"${PODS_ROOT}/../Podfile.lock\" \"${PODS_ROOT}/Manifest.lock\" > /dev/null\nif [ $? != 0 ] ; then\n    # print error to STDERR\n    echo \"error: The sandbox is not in sync with the Podfile.lock. Run 'pod install' or update your CocoaPods installation.\" >&2\n    exit 1\nfi\n";
			showEnvVarsInLog = 0;
		};
		3CF49E9BC445D01FCCED3A55 /* [CP] Copy Pods Resources */ = {
			isa = PBXShellScriptBuildPhase;
			buildActionMask = 2147483647;
			files = (
			);
			inputPaths = (
			);
			name = "[CP] Copy Pods Resources";
			outputPaths = (
			);
			runOnlyForDeploymentPostprocessing = 0;
			shellPath = /bin/sh;
			shellScript = "\"${SRCROOT}/Pods/Target Support Files/Pods-SwiftAPI/Pods-SwiftAPI-resources.sh\"\n";
			showEnvVarsInLog = 0;
		};
		4F074C46FE7327B4B4B0420E /* [CP] Embed Pods Frameworks */ = {
			isa = PBXShellScriptBuildPhase;
			buildActionMask = 2147483647;
			files = (
			);
			inputPaths = (
			);
			name = "[CP] Embed Pods Frameworks";
			outputPaths = (
			);
			runOnlyForDeploymentPostprocessing = 0;
			shellPath = /bin/sh;
			shellScript = "\"${SRCROOT}/Pods/Target Support Files/Pods-SwiftAPITests/Pods-SwiftAPITests-frameworks.sh\"\n";
			showEnvVarsInLog = 0;
		};
		5C980166E95214D0E1C67B09 /* [CP] Copy Pods Resources */ = {
			isa = PBXShellScriptBuildPhase;
			buildActionMask = 2147483647;
			files = (
			);
			inputPaths = (
			);
			name = "[CP] Copy Pods Resources";
			outputPaths = (
			);
			runOnlyForDeploymentPostprocessing = 0;
			shellPath = /bin/sh;
			shellScript = "\"${SRCROOT}/Pods/Target Support Files/Pods-SwiftAPITests/Pods-SwiftAPITests-resources.sh\"\n";
			showEnvVarsInLog = 0;
		};
		5FF8931A91D461877000F0A8 /* [CP] Check Pods Manifest.lock */ = {
			isa = PBXShellScriptBuildPhase;
			buildActionMask = 2147483647;
			files = (
			);
			inputPaths = (
			);
			name = "[CP] Check Pods Manifest.lock";
			outputPaths = (
			);
			runOnlyForDeploymentPostprocessing = 0;
			shellPath = /bin/sh;
			shellScript = "diff \"${PODS_ROOT}/../Podfile.lock\" \"${PODS_ROOT}/Manifest.lock\" > /dev/null\nif [ $? != 0 ] ; then\n    # print error to STDERR\n    echo \"error: The sandbox is not in sync with the Podfile.lock. Run 'pod install' or update your CocoaPods installation.\" >&2\n    exit 1\nfi\n";
			showEnvVarsInLog = 0;
		};
/* End PBXShellScriptBuildPhase section */

/* Begin PBXSourcesBuildPhase section */
		EA06580C1E03EBF000B46CEA /* Sources */ = {
			isa = PBXSourcesBuildPhase;
			buildActionMask = 2147483647;
			files = (
				EAB0D3D51E3B6E8E00921990 /* ServerErrorStatusCodeType.swift in Sources */,
				EAEAC3F61E48A52A00C1CBC4 /* RestResponseHeader.swift in Sources */,
				EAB0D3DB1E3B8DAF00921990 /* ApiHeader.swift in Sources */,
				EA716DC41E51AD98009EBA97 /* RestDataResource.swift in Sources */,
				EAB0D3D91E3B6E8E00921990 /* UnknownStatusCodeType.swift in Sources */,
				EAB0D3D71E3B6E8E00921990 /* StatusCodeType.swift in Sources */,
				EAB0D3CC1E3B6E8E00921990 /* ApiRequest.swift in Sources */,
				EAB0D3D41E3B6E8E00921990 /* RedirectionStatusCodeType.swift in Sources */,
				EA527F671E2CCC420038F095 /* FileCommander.swift in Sources */,
				EA6E58381E1BD8B70060769F /* HttpRequest.swift in Sources */,
				EAB0D3D81E3B6E8E00921990 /* SuccessStatusCodeType.swift in Sources */,
				EA9AB5121E36121200261C33 /* HttpHeader.swift in Sources */,
				EA6E58421E1BD9150060769F /* RequestService.swift in Sources */,
				EAB0D3CD1E3B6E8E00921990 /* ApiError.swift in Sources */,
				EAB0D3D31E3B6E8E00921990 /* InfoStatusCodeType.swift in Sources */,
				EAB93F981E27943400ADFCA9 /* HttpFailureResponse.swift in Sources */,
				EA6E58371E1BD8B70060769F /* HttpDownloadRequest.swift in Sources */,
				EA47B7641E44798100F03900 /* RestService.swift in Sources */,
				EA6E58411E1BD9150060769F /* HttpMethod.swift in Sources */,
				EAB0D3CF1E3B6E8E00921990 /* ApiResponseCompletionHandler.swift in Sources */,
				EA8A48CC1E4B2CB90081817B /* RestResource.swift in Sources */,
				EAEAC3F31E48A3EF00C1CBC4 /* RestErrorResponse.swift in Sources */,
				EAB0D3D11E3B6E8E00921990 /* ApiService.swift in Sources */,
				EAB0D3D61E3B6E8E00921990 /* StatusCode.swift in Sources */,
				EA8A48C91E4B2C8E0081817B /* RestFileResource.swift in Sources */,
				EA6E58361E1BD8B70060769F /* HttpDataRequest.swift in Sources */,
				EA8A48CE1E4B31F40081817B /* RestResponseCompletion.swift in Sources */,
				EAB0D3CE1E3B6E8E00921990 /* ApiResponse.swift in Sources */,
				EA6E583D1E1BD8E10060769F /* ResponseAction.swift in Sources */,
				EA527F631E2CCBC00038F095 /* FileManagerProtocol.swift in Sources */,
				EA6E583C1E1BD8E10060769F /* HttpResponse.swift in Sources */,
				EAB0D3D21E3B6E8E00921990 /* ClientErrorStatusCodeType.swift in Sources */,
				EA6E58431E1BD9150060769F /* RequestServiceConfiguration.swift in Sources */,
				EA6E58391E1BD8B70060769F /* HttpUploadRequest.swift in Sources */,
			);
			runOnlyForDeploymentPostprocessing = 0;
		};
		EA0658161E03EBF000B46CEA /* Sources */ = {
			isa = PBXSourcesBuildPhase;
			buildActionMask = 2147483647;
			files = (
				EA2E2BF71E3F2F6600556CC1 /* SuccessStatusCodeTypeTests.swift in Sources */,
				EA2E2BFD1E3F3DB100556CC1 /* ApiResponseTests.swift in Sources */,
				EA8AD2F21E1E303F001BA522 /* ResponseActionTests.swift in Sources */,
				EAE038EC1E2F968B00ACD01B /* HttpUploadRequestTests.swift in Sources */,
				EAE038F01E2FCFCC00ACD01B /* HttpResponseTests.swift in Sources */,
				EAAAC5231E49D11600C55808 /* RestServiceTests.swift in Sources */,
				EA2E2BF51E3F2F6600556CC1 /* ServerErrorStatusCodeTypeTests.swift in Sources */,
				EA06E7221E3743E9006F7D0C /* HttpHeaderTests.swift in Sources */,
				EAE038EE1E2FBF2900ACD01B /* HttpFailureResponseTests.swift in Sources */,
				EA8A48C61E4B16E50081817B /* RestErrorResponseTests.swift in Sources */,
				EADB795C1E1D120F00C7C801 /* HttpRequestTests.swift in Sources */,
				EAA8BB871E309ECF00C60238 /* FileCommanderTests.swift in Sources */,
				EA2E2BF61E3F2F6600556CC1 /* StatusCodeTests.swift in Sources */,
				EA2E2BF31E3F2F6600556CC1 /* InfoStatusCodeTypeTests.swift in Sources */,
				EA2E2BFA1E3F396000556CC1 /* ApiHeaderTests.swift in Sources */,
				EA2E2BF21E3F2F6600556CC1 /* ClientErrorStatusCodeTypeTests.swift in Sources */,
				EA2E2BF01E3F2F6600556CC1 /* ApiServiceTests.swift in Sources */,
				EAE038EB1E2F968B00ACD01B /* HttpDownloadRequestTests.swift in Sources */,
				EADB795E1E1D1FF500C7C801 /* RequestServiceTests.swift in Sources */,
				EA2E2BF41E3F2F6600556CC1 /* RedirectionStatusCodeTypeTests.swift in Sources */,
				EA2E2BEF1E3F2F6600556CC1 /* ApiErrorTests.swift in Sources */,
				EAE038EA1E2F968B00ACD01B /* HttpDataRequestTests.swift in Sources */,
				EA2E2BF81E3F2F6600556CC1 /* UnknownStatusCodeTypeTests.swift in Sources */,
				EAED55881E5495D4007272F7 /* RestResponseHeaderTests.swift in Sources */,
				EAA8BB8B1E30A1F700C60238 /* RequestServiceConfigurationTests.swift in Sources */,
			);
			runOnlyForDeploymentPostprocessing = 0;
		};
/* End PBXSourcesBuildPhase section */

/* Begin PBXTargetDependency section */
		EA06581D1E03EBF000B46CEA /* PBXTargetDependency */ = {
			isa = PBXTargetDependency;
			target = EA0658101E03EBF000B46CEA /* SwiftAPI */;
			targetProxy = EA06581C1E03EBF000B46CEA /* PBXContainerItemProxy */;
		};
/* End PBXTargetDependency section */

/* Begin XCBuildConfiguration section */
		EA0658231E03EBF000B46CEA /* Debug */ = {
			isa = XCBuildConfiguration;
			buildSettings = {
				ALWAYS_SEARCH_USER_PATHS = NO;
				CLANG_ANALYZER_NONNULL = YES;
				CLANG_CXX_LANGUAGE_STANDARD = "gnu++0x";
				CLANG_CXX_LIBRARY = "libc++";
				CLANG_ENABLE_MODULES = YES;
				CLANG_ENABLE_OBJC_ARC = YES;
				CLANG_WARN_BOOL_CONVERSION = YES;
				CLANG_WARN_CONSTANT_CONVERSION = YES;
				CLANG_WARN_DIRECT_OBJC_ISA_USAGE = YES_ERROR;
				CLANG_WARN_DOCUMENTATION_COMMENTS = YES;
				CLANG_WARN_EMPTY_BODY = YES;
				CLANG_WARN_ENUM_CONVERSION = YES;
				CLANG_WARN_INFINITE_RECURSION = YES;
				CLANG_WARN_INT_CONVERSION = YES;
				CLANG_WARN_OBJC_ROOT_CLASS = YES_ERROR;
				CLANG_WARN_SUSPICIOUS_MOVE = YES;
				CLANG_WARN_SUSPICIOUS_MOVES = YES;
				CLANG_WARN_UNREACHABLE_CODE = YES;
				CLANG_WARN__DUPLICATE_METHOD_MATCH = YES;
				"CODE_SIGN_IDENTITY[sdk=iphoneos*]" = "iPhone Developer";
				COPY_PHASE_STRIP = NO;
				CURRENT_PROJECT_VERSION = 1;
				DEBUG_INFORMATION_FORMAT = dwarf;
				ENABLE_STRICT_OBJC_MSGSEND = YES;
				ENABLE_TESTABILITY = YES;
				GCC_C_LANGUAGE_STANDARD = gnu99;
				GCC_DYNAMIC_NO_PIC = NO;
				GCC_NO_COMMON_BLOCKS = YES;
				GCC_OPTIMIZATION_LEVEL = 0;
				GCC_PREPROCESSOR_DEFINITIONS = (
					"DEBUG=1",
					"$(inherited)",
				);
				GCC_WARN_64_TO_32_BIT_CONVERSION = YES;
				GCC_WARN_ABOUT_RETURN_TYPE = YES_ERROR;
				GCC_WARN_UNDECLARED_SELECTOR = YES;
				GCC_WARN_UNINITIALIZED_AUTOS = YES_AGGRESSIVE;
				GCC_WARN_UNUSED_FUNCTION = YES;
				GCC_WARN_UNUSED_VARIABLE = YES;
				IPHONEOS_DEPLOYMENT_TARGET = 10.0;
				MTL_ENABLE_DEBUG_INFO = YES;
				ONLY_ACTIVE_ARCH = YES;
				SDKROOT = iphoneos;
				SWIFT_ACTIVE_COMPILATION_CONDITIONS = DEBUG;
				SWIFT_OPTIMIZATION_LEVEL = "-Onone";
				TARGETED_DEVICE_FAMILY = "1,2";
				VERSIONING_SYSTEM = "apple-generic";
				VERSION_INFO_PREFIX = "";
			};
			name = Debug;
		};
		EA0658241E03EBF000B46CEA /* Release */ = {
			isa = XCBuildConfiguration;
			buildSettings = {
				ALWAYS_SEARCH_USER_PATHS = NO;
				CLANG_ANALYZER_NONNULL = YES;
				CLANG_CXX_LANGUAGE_STANDARD = "gnu++0x";
				CLANG_CXX_LIBRARY = "libc++";
				CLANG_ENABLE_MODULES = YES;
				CLANG_ENABLE_OBJC_ARC = YES;
				CLANG_WARN_BOOL_CONVERSION = YES;
				CLANG_WARN_CONSTANT_CONVERSION = YES;
				CLANG_WARN_DIRECT_OBJC_ISA_USAGE = YES_ERROR;
				CLANG_WARN_DOCUMENTATION_COMMENTS = YES;
				CLANG_WARN_EMPTY_BODY = YES;
				CLANG_WARN_ENUM_CONVERSION = YES;
				CLANG_WARN_INFINITE_RECURSION = YES;
				CLANG_WARN_INT_CONVERSION = YES;
				CLANG_WARN_OBJC_ROOT_CLASS = YES_ERROR;
				CLANG_WARN_SUSPICIOUS_MOVE = YES;
				CLANG_WARN_SUSPICIOUS_MOVES = YES;
				CLANG_WARN_UNREACHABLE_CODE = YES;
				CLANG_WARN__DUPLICATE_METHOD_MATCH = YES;
				"CODE_SIGN_IDENTITY[sdk=iphoneos*]" = "iPhone Developer";
				COPY_PHASE_STRIP = NO;
				CURRENT_PROJECT_VERSION = 1;
				DEBUG_INFORMATION_FORMAT = "dwarf-with-dsym";
				ENABLE_NS_ASSERTIONS = NO;
				ENABLE_STRICT_OBJC_MSGSEND = YES;
				GCC_C_LANGUAGE_STANDARD = gnu99;
				GCC_NO_COMMON_BLOCKS = YES;
				GCC_WARN_64_TO_32_BIT_CONVERSION = YES;
				GCC_WARN_ABOUT_RETURN_TYPE = YES_ERROR;
				GCC_WARN_UNDECLARED_SELECTOR = YES;
				GCC_WARN_UNINITIALIZED_AUTOS = YES_AGGRESSIVE;
				GCC_WARN_UNUSED_FUNCTION = YES;
				GCC_WARN_UNUSED_VARIABLE = YES;
				IPHONEOS_DEPLOYMENT_TARGET = 10.0;
				MTL_ENABLE_DEBUG_INFO = NO;
				SDKROOT = iphoneos;
				SWIFT_OPTIMIZATION_LEVEL = "-Owholemodule";
				TARGETED_DEVICE_FAMILY = "1,2";
				VALIDATE_PRODUCT = YES;
				VERSIONING_SYSTEM = "apple-generic";
				VERSION_INFO_PREFIX = "";
			};
			name = Release;
		};
		EA0658261E03EBF000B46CEA /* Debug */ = {
			isa = XCBuildConfiguration;
			baseConfigurationReference = FBAA4505EBDB06395103B642 /* Pods-SwiftAPI.debug.xcconfig */;
			buildSettings = {
				CLANG_ENABLE_MODULES = YES;
				CODE_SIGN_IDENTITY = "";
				DEFINES_MODULE = YES;
				DEVELOPMENT_TEAM = MHNNR8L946;
				DYLIB_COMPATIBILITY_VERSION = 1;
				DYLIB_CURRENT_VERSION = 1;
				DYLIB_INSTALL_NAME_BASE = "@rpath";
				INFOPLIST_FILE = SwiftAPI/Info.plist;
				INSTALL_PATH = "$(LOCAL_LIBRARY_DIR)/Frameworks";
				LD_RUNPATH_SEARCH_PATHS = "$(inherited) @executable_path/Frameworks @loader_path/Frameworks";
				PRODUCT_BUNDLE_IDENTIFIER = pl.xsolve.SwiftAPI;
				PRODUCT_NAME = "$(TARGET_NAME)";
				SKIP_INSTALL = YES;
				SWIFT_OPTIMIZATION_LEVEL = "-Onone";
				SWIFT_VERSION = 3.0;
			};
			name = Debug;
		};
		EA0658271E03EBF000B46CEA /* Release */ = {
			isa = XCBuildConfiguration;
			baseConfigurationReference = 9E7D820679C817FD6EF3F97F /* Pods-SwiftAPI.release.xcconfig */;
			buildSettings = {
				CLANG_ENABLE_MODULES = YES;
				CODE_SIGN_IDENTITY = "";
				DEFINES_MODULE = YES;
				DEVELOPMENT_TEAM = MHNNR8L946;
				DYLIB_COMPATIBILITY_VERSION = 1;
				DYLIB_CURRENT_VERSION = 1;
				DYLIB_INSTALL_NAME_BASE = "@rpath";
				INFOPLIST_FILE = SwiftAPI/Info.plist;
				INSTALL_PATH = "$(LOCAL_LIBRARY_DIR)/Frameworks";
				LD_RUNPATH_SEARCH_PATHS = "$(inherited) @executable_path/Frameworks @loader_path/Frameworks";
				PRODUCT_BUNDLE_IDENTIFIER = pl.xsolve.SwiftAPI;
				PRODUCT_NAME = "$(TARGET_NAME)";
				SKIP_INSTALL = YES;
				SWIFT_VERSION = 3.0;
			};
			name = Release;
		};
		EA0658291E03EBF000B46CEA /* Debug */ = {
			isa = XCBuildConfiguration;
			baseConfigurationReference = 17F31C7E5B0185FA7DC540E1 /* Pods-SwiftAPITests.debug.xcconfig */;
			buildSettings = {
				DEVELOPMENT_TEAM = MHNNR8L946;
				INFOPLIST_FILE = SwiftAPITests/Info.plist;
				LD_RUNPATH_SEARCH_PATHS = "$(inherited) @executable_path/Frameworks @loader_path/Frameworks";
				PRODUCT_BUNDLE_IDENTIFIER = pl.xsolve.SwiftAPITests;
				PRODUCT_NAME = "$(TARGET_NAME)";
				SWIFT_VERSION = 3.0;
			};
			name = Debug;
		};
		EA06582A1E03EBF000B46CEA /* Release */ = {
			isa = XCBuildConfiguration;
			baseConfigurationReference = 91F758214662673A40D981E2 /* Pods-SwiftAPITests.release.xcconfig */;
			buildSettings = {
				DEVELOPMENT_TEAM = MHNNR8L946;
				INFOPLIST_FILE = SwiftAPITests/Info.plist;
				LD_RUNPATH_SEARCH_PATHS = "$(inherited) @executable_path/Frameworks @loader_path/Frameworks";
				PRODUCT_BUNDLE_IDENTIFIER = pl.xsolve.SwiftAPITests;
				PRODUCT_NAME = "$(TARGET_NAME)";
				SWIFT_VERSION = 3.0;
			};
			name = Release;
		};
/* End XCBuildConfiguration section */

/* Begin XCConfigurationList section */
		EA06580B1E03EBF000B46CEA /* Build configuration list for PBXProject "SwiftAPI" */ = {
			isa = XCConfigurationList;
			buildConfigurations = (
				EA0658231E03EBF000B46CEA /* Debug */,
				EA0658241E03EBF000B46CEA /* Release */,
			);
			defaultConfigurationIsVisible = 0;
			defaultConfigurationName = Release;
		};
		EA0658251E03EBF000B46CEA /* Build configuration list for PBXNativeTarget "SwiftAPI" */ = {
			isa = XCConfigurationList;
			buildConfigurations = (
				EA0658261E03EBF000B46CEA /* Debug */,
				EA0658271E03EBF000B46CEA /* Release */,
			);
			defaultConfigurationIsVisible = 0;
			defaultConfigurationName = Release;
		};
		EA0658281E03EBF000B46CEA /* Build configuration list for PBXNativeTarget "SwiftAPITests" */ = {
			isa = XCConfigurationList;
			buildConfigurations = (
				EA0658291E03EBF000B46CEA /* Debug */,
				EA06582A1E03EBF000B46CEA /* Release */,
			);
			defaultConfigurationIsVisible = 0;
			defaultConfigurationName = Release;
		};
/* End XCConfigurationList section */
	};
	rootObject = EA0658081E03EBF000B46CEA /* Project object */;
}
